// !$*UTF8*$!
{
	archiveVersion = 1;
	classes = {
	};
	objectVersion = 46;
	objects = {

/* Begin PBXBuildFile section */
		1A9A00C2A54782CE35955BE3 /* back_down@2x.png in Resources */ = {isa = PBXBuildFile; fileRef = 1A9A042A0DD59DAA56116AD8 /* back_down@2x.png */; };
		1A9A0132241BE0A3D2E901D9 /* Tiles.atlas in Resources */ = {isa = PBXBuildFile; fileRef = 1A9A03FECFC0BCCCBE9A42F6 /* Tiles.atlas */; };
		1A9A016CEAF98572B39B837C /* button_play@2x.png in Resources */ = {isa = PBXBuildFile; fileRef = 1A9A0C08F0868B5701886F63 /* button_play@2x.png */; };
		1A9A01853A0BB677BFCCFB05 /* buttonTap.mp3 in Resources */ = {isa = PBXBuildFile; fileRef = 1A9A04B0FAB94FABEBB139C9 /* buttonTap.mp3 */; };
		1A9A023191F3135F269FC87B /* Default.png in Resources */ = {isa = PBXBuildFile; fileRef = 1A9A07EFC895E277B2610D84 /* Default.png */; };
		1A9A025D7218E57009C00B32 /* BGUISwitch.m in Sources */ = {isa = PBXBuildFile; fileRef = 1A9A06E1C8C18EE3BCA24FA8 /* BGUISwitch.m */; };
		1A9A02DCC2837700B6A191CF /* BGGameViewController.m in Sources */ = {isa = PBXBuildFile; fileRef = 1A9A0673C2D94B6C826B69A4 /* BGGameViewController.m */; };
		1A9A02E36FF23270FEC10CC8 /* BGResourcePreloader.m in Sources */ = {isa = PBXBuildFile; fileRef = 1A9A0D8241BD943D88289715 /* BGResourcePreloader.m */; };
		1A9A031D3D0EFEBC84A17D6C /* BGNavigationViewController.m in Sources */ = {isa = PBXBuildFile; fileRef = 1A9A0BAAF5CD8C67041CF99B /* BGNavigationViewController.m */; };
		1A9A04436954BBD988CC47E5 /* switchON.mp3 in Resources */ = {isa = PBXBuildFile; fileRef = 1A9A089200A1C5BB1D879138 /* switchON.mp3 */; };
		1A9A063AD699AF425AB759A0 /* button_play_down@2x.png in Resources */ = {isa = PBXBuildFile; fileRef = 1A9A0F424BF4EC50A100C684 /* button_play_down@2x.png */; };
		1A9A079893D5A5C357AFB970 /* BGViewController.m in Sources */ = {isa = PBXBuildFile; fileRef = 1A9A00AC67B68FA11C11D15D /* BGViewController.m */; };
		1A9A07A0A3CEE8B910E8AED3 /* button_options_down@2x.png in Resources */ = {isa = PBXBuildFile; fileRef = 1A9A0C37B949EC97ED5DD45D /* button_options_down@2x.png */; };
		1A9A08208EDE7592A2AA0F1F /* button_options@2x.png in Resources */ = {isa = PBXBuildFile; fileRef = 1A9A087A8D650693ADC54D88 /* button_options@2x.png */; };
		1A9A0892D9C74B1BA9F50D08 /* BGSKView.m in Sources */ = {isa = PBXBuildFile; fileRef = 1A9A09FF2A24D2606048A0EB /* BGSKView.m */; };
		1A9A0916B0E1C88C738D3F90 /* back@2x.png in Resources */ = {isa = PBXBuildFile; fileRef = 1A9A01AEE5D5DFAF737913FC /* back@2x.png */; };
		1A9A09748B0A70C911ED13DF /* field_deafult@2x.png in Resources */ = {isa = PBXBuildFile; fileRef = 1A9A09916B7E031897442087 /* field_deafult@2x.png */; };
		1A9A0A75560204CC10EECF0A /* Digital.ttf in Resources */ = {isa = PBXBuildFile; fileRef = 1A9A0A168097146E939877B5 /* Digital.ttf */; };
		1A9A0AD41CA2FC52A5F76BDA /* switchOFF.mp3 in Resources */ = {isa = PBXBuildFile; fileRef = 1A9A0A46F498E9336A24C1C5 /* switchOFF.mp3 */; };
		1A9A0B20D4071CB2202FFA28 /* switch_1@2x.png in Resources */ = {isa = PBXBuildFile; fileRef = 1A9A02DAD3A958DDAC4B6C96 /* switch_1@2x.png */; };
		1A9A0B3A7FC3792835FEF20B /* flagTapOn.mp3 in Resources */ = {isa = PBXBuildFile; fileRef = 1A9A0128D8497BDF547C9A5A /* flagTapOn.mp3 */; };
		1A9A0BB44D8EA23D73D40AE5 /* button_down_1510@2x.png in Resources */ = {isa = PBXBuildFile; fileRef = 1A9A01E59C54A1F3321A2D52 /* button_down_1510@2x.png */; };
		1A9A0C0B49ABB18F7C86E95D /* grassTap.mp3 in Resources */ = {isa = PBXBuildFile; fileRef = 1A9A0CEE80CA0004C30D4556 /* grassTap.mp3 */; };
		1A9A0C4B10D0CD2C660885AC /* miner_main@2x.png in Resources */ = {isa = PBXBuildFile; fileRef = 1A9A04AF85E94FF2B47EED1E /* miner_main@2x.png */; };
		1A9A0C7DB92D41F3E33BA756 /* button_down_128@2x.png in Resources */ = {isa = PBXBuildFile; fileRef = 1A9A02CFAD11E1C9B932566A /* button_down_128@2x.png */; };
		1A9A0CD35A743473318BC6F2 /* switch_0@2x.png in Resources */ = {isa = PBXBuildFile; fileRef = 1A9A03091AAD6EF5472C48A7 /* switch_0@2x.png */; };
		1A9A0CE89ACB0852F8FACA35 /* top_game@2x.png in Resources */ = {isa = PBXBuildFile; fileRef = 1A9A04A6BC5099264AC84ACB /* top_game@2x.png */; };
		1A9A0D3576852EF36505139A /* button_down_2416@2x.png in Resources */ = {isa = PBXBuildFile; fileRef = 1A9A024EA34A338A74569C56 /* button_down_2416@2x.png */; };
		1A9A0DEEE879D61BB8D19973 /* BGSettingsManager.m in Sources */ = {isa = PBXBuildFile; fileRef = 1A9A05FC9BD951BD7EE5B84F /* BGSettingsManager.m */; };
		1A9A0E83283237D53CB75F15 /* BGMinerField.m in Sources */ = {isa = PBXBuildFile; fileRef = 1A9A0D5426C089C702BADF62 /* BGMinerField.m */; };
		1A9A0EA088C8E17583C96EF1 /* game_button_on@2x.png in Resources */ = {isa = PBXBuildFile; fileRef = 1A9A00DCCF3C22F4C56F50D7 /* game_button_on@2x.png */; };
		1A9A0EDB0E0C80000B12855D /* BGUISegmentedControl.m in Sources */ = {isa = PBXBuildFile; fileRef = 1A9A0E8269320A2D346AC4CC /* BGUISegmentedControl.m */; };
		D50D896118F3D69E00617442 /* ads@2x.png in Resources */ = {isa = PBXBuildFile; fileRef = D50D896318F3D69E00617442 /* ads@2x.png */; };
		D50D896618F3D6B000617442 /* difficulty@2x.png in Resources */ = {isa = PBXBuildFile; fileRef = D50D896818F3D6B000617442 /* difficulty@2x.png */; };
		D50D897318F3D83400617442 /* field_size@2x.png in Resources */ = {isa = PBXBuildFile; fileRef = D50D897518F3D83400617442 /* field_size@2x.png */; };
		D50D897818F3D89600617442 /* sounds@2x.png in Resources */ = {isa = PBXBuildFile; fileRef = D50D897A18F3D89600617442 /* sounds@2x.png */; };
		D521600418F3DBD0003247DF /* button_down_easy@2x.png in Resources */ = {isa = PBXBuildFile; fileRef = D521600618F3DBD0003247DF /* button_down_easy@2x.png */; };
		D521600918F3DC36003247DF /* button_down_hard@2x.png in Resources */ = {isa = PBXBuildFile; fileRef = D521600B18F3DC36003247DF /* button_down_hard@2x.png */; };
		D521600E18F3DCB5003247DF /* button_down_norm@2x.png in Resources */ = {isa = PBXBuildFile; fileRef = D521601018F3DCB5003247DF /* button_down_norm@2x.png */; };
		D521601318F3DDD9003247DF /* difficult_default@2x.png in Resources */ = {isa = PBXBuildFile; fileRef = D521601518F3DDD9003247DF /* difficult_default@2x.png */; };
		D521FEF618E8C2B3000D52C8 /* iAd.framework in Frameworks */ = {isa = PBXBuildFile; fileRef = D521FEF518E8C2B3000D52C8 /* iAd.framework */; };
		D52B956C1901153D002B5316 /* Explosion.atlas in Resources */ = {isa = PBXBuildFile; fileRef = D52B956B1901153D002B5316 /* Explosion.atlas */; };
		D538BCFC18F83EA30006FD00 /* BGOptionsViewController.m in Sources */ = {isa = PBXBuildFile; fileRef = D538BCFB18F83EA30006FD00 /* BGOptionsViewController.m */; };
		D538BD0C18F9430D0006FD00 /* miner_config@2x.png in Resources */ = {isa = PBXBuildFile; fileRef = D538BD0B18F9430D0006FD00 /* miner_config@2x.png */; };
		D55DDA9D1901CFBD00C505A7 /* explosion.wav in Resources */ = {isa = PBXBuildFile; fileRef = D55DDA9C1901CFBD00C505A7 /* explosion.wav */; };
		D569E04018FEEDFC001A1739 /* failed@2x.png in Resources */ = {isa = PBXBuildFile; fileRef = D569E04218FEEDFC001A1739 /* failed@2x.png */; };
		D569E04518FEEE50001A1739 /* goodjob@2x.png in Resources */ = {isa = PBXBuildFile; fileRef = D569E04718FEEE50001A1739 /* goodjob@2x.png */; };
		D595434C18F9C28E00E67E6C /* GrassAnimation.atlas in Resources */ = {isa = PBXBuildFile; fileRef = D595434B18F9C28E00E67E6C /* GrassAnimation.atlas */; };
		D595434E18F9C2A000E67E6C /* MineAnimation.atlas in Resources */ = {isa = PBXBuildFile; fileRef = D595434D18F9C2A000E67E6C /* MineAnimation.atlas */; };
		D5B7A88318FD0E21004B2348 /* flagTapOff.mp3 in Resources */ = {isa = PBXBuildFile; fileRef = D5B7A88218FD0E21004B2348 /* flagTapOff.mp3 */; };
		D5CB454619028833008F59F3 /* game_button_off@2x.png in Resources */ = {isa = PBXBuildFile; fileRef = D5CB454519028833008F59F3 /* game_button_off@2x.png */; };
		D5D6494218D46B5100854518 /* Foundation.framework in Frameworks */ = {isa = PBXBuildFile; fileRef = D5D6494118D46B5100854518 /* Foundation.framework */; };
		D5D6494418D46B5100854518 /* CoreGraphics.framework in Frameworks */ = {isa = PBXBuildFile; fileRef = D5D6494318D46B5100854518 /* CoreGraphics.framework */; };
		D5D6494618D46B5100854518 /* UIKit.framework in Frameworks */ = {isa = PBXBuildFile; fileRef = D5D6494518D46B5100854518 /* UIKit.framework */; };
		D5D6494C18D46B5100854518 /* InfoPlist.strings in Resources */ = {isa = PBXBuildFile; fileRef = D5D6494A18D46B5100854518 /* InfoPlist.strings */; };
		D5D6494E18D46B5100854518 /* main.m in Sources */ = {isa = PBXBuildFile; fileRef = D5D6494D18D46B5100854518 /* main.m */; };
		D5D6495218D46B5100854518 /* BGAppDelegate.m in Sources */ = {isa = PBXBuildFile; fileRef = D5D6495118D46B5100854518 /* BGAppDelegate.m */; };
		D5D6495A18D46B5100854518 /* Images.xcassets in Resources */ = {isa = PBXBuildFile; fileRef = D5D6495918D46B5100854518 /* Images.xcassets */; };
		D5D6496118D46B5100854518 /* XCTest.framework in Frameworks */ = {isa = PBXBuildFile; fileRef = D5D6496018D46B5100854518 /* XCTest.framework */; };
		D5D6496218D46B5100854518 /* Foundation.framework in Frameworks */ = {isa = PBXBuildFile; fileRef = D5D6494118D46B5100854518 /* Foundation.framework */; };
		D5D6496318D46B5100854518 /* UIKit.framework in Frameworks */ = {isa = PBXBuildFile; fileRef = D5D6494518D46B5100854518 /* UIKit.framework */; };
		D5D6498318D47A2C00854518 /* SpriteKit.framework in Frameworks */ = {isa = PBXBuildFile; fileRef = D5D6498218D47A2C00854518 /* SpriteKit.framework */; };
		D5E39CBB18E7EDB300F25012 /* Main.storyboard in Resources */ = {isa = PBXBuildFile; fileRef = D5E39CBD18E7EDB300F25012 /* Main.storyboard */; };
		D5E39CDF18E7F87A00F25012 /* Localizable.strings in Resources */ = {isa = PBXBuildFile; fileRef = D5E39CE118E7F87A00F25012 /* Localizable.strings */; };
/* End PBXBuildFile section */

/* Begin PBXContainerItemProxy section */
		D5D6496418D46B5100854518 /* PBXContainerItemProxy */ = {
			isa = PBXContainerItemProxy;
			containerPortal = D5D6493618D46B5100854518 /* Project object */;
			proxyType = 1;
			remoteGlobalIDString = D5D6493D18D46B5100854518;
			remoteInfo = Miner;
		};
/* End PBXContainerItemProxy section */

/* Begin PBXFileReference section */
		1A9A00AC67B68FA11C11D15D /* BGViewController.m */ = {isa = PBXFileReference; fileEncoding = 4; lastKnownFileType = sourcecode.c.objc; path = BGViewController.m; sourceTree = "<group>"; };
		1A9A00DCCF3C22F4C56F50D7 /* game_button_on@2x.png */ = {isa = PBXFileReference; lastKnownFileType = image.png; path = "game_button_on@2x.png"; sourceTree = "<group>"; };
		1A9A0128D8497BDF547C9A5A /* flagTapOn.mp3 */ = {isa = PBXFileReference; lastKnownFileType = audio.mp3; path = flagTapOn.mp3; sourceTree = "<group>"; };
		1A9A01AEE5D5DFAF737913FC /* back@2x.png */ = {isa = PBXFileReference; lastKnownFileType = image.png; path = "back@2x.png"; sourceTree = "<group>"; };
		1A9A01E59C54A1F3321A2D52 /* button_down_1510@2x.png */ = {isa = PBXFileReference; lastKnownFileType = image.png; path = "button_down_1510@2x.png"; sourceTree = "<group>"; };
		1A9A024EA34A338A74569C56 /* button_down_2416@2x.png */ = {isa = PBXFileReference; lastKnownFileType = image.png; path = "button_down_2416@2x.png"; sourceTree = "<group>"; };
		1A9A02B204C3068D230AF4B4 /* BGResourcePreloader.h */ = {isa = PBXFileReference; fileEncoding = 4; lastKnownFileType = sourcecode.c.h; path = BGResourcePreloader.h; sourceTree = "<group>"; };
		1A9A02CFAD11E1C9B932566A /* button_down_128@2x.png */ = {isa = PBXFileReference; lastKnownFileType = image.png; path = "button_down_128@2x.png"; sourceTree = "<group>"; };
		1A9A02DAD3A958DDAC4B6C96 /* switch_1@2x.png */ = {isa = PBXFileReference; lastKnownFileType = image.png; path = "switch_1@2x.png"; sourceTree = "<group>"; };
		1A9A03091AAD6EF5472C48A7 /* switch_0@2x.png */ = {isa = PBXFileReference; lastKnownFileType = image.png; path = "switch_0@2x.png"; sourceTree = "<group>"; };
		1A9A0324C9534F54860A89C0 /* Base */ = {isa = PBXFileReference; lastKnownFileType = image.png; name = Base; path = "Miner/Resources/Images/Buttons/Base.lproj/button_options_down@2x.png"; sourceTree = SOURCE_ROOT; };
		1A9A03FECFC0BCCCBE9A42F6 /* Tiles.atlas */ = {isa = PBXFileReference; lastKnownFileType = folder.skatlas; path = Tiles.atlas; sourceTree = "<group>"; };
		1A9A042A0DD59DAA56116AD8 /* back_down@2x.png */ = {isa = PBXFileReference; lastKnownFileType = image.png; path = "back_down@2x.png"; sourceTree = "<group>"; };
		1A9A04A6BC5099264AC84ACB /* top_game@2x.png */ = {isa = PBXFileReference; lastKnownFileType = image.png; path = "top_game@2x.png"; sourceTree = "<group>"; };
		1A9A04AF85E94FF2B47EED1E /* miner_main@2x.png */ = {isa = PBXFileReference; lastKnownFileType = image.png; path = "miner_main@2x.png"; sourceTree = "<group>"; };
		1A9A04B0FAB94FABEBB139C9 /* buttonTap.mp3 */ = {isa = PBXFileReference; lastKnownFileType = audio.mp3; path = buttonTap.mp3; sourceTree = "<group>"; };
		1A9A0535D639111F86ACEEF1 /* BGUISwitch.h */ = {isa = PBXFileReference; fileEncoding = 4; lastKnownFileType = sourcecode.c.h; path = BGUISwitch.h; sourceTree = "<group>"; };
		1A9A05FC9BD951BD7EE5B84F /* BGSettingsManager.m */ = {isa = PBXFileReference; fileEncoding = 4; lastKnownFileType = sourcecode.c.objc; path = BGSettingsManager.m; sourceTree = "<group>"; };
		1A9A0673C2D94B6C826B69A4 /* BGGameViewController.m */ = {isa = PBXFileReference; fileEncoding = 4; lastKnownFileType = sourcecode.c.objc; path = BGGameViewController.m; sourceTree = "<group>"; };
		1A9A06E1C8C18EE3BCA24FA8 /* BGUISwitch.m */ = {isa = PBXFileReference; fileEncoding = 4; lastKnownFileType = sourcecode.c.objc; path = BGUISwitch.m; sourceTree = "<group>"; };
		1A9A06FC52931E41A20A4053 /* BGNavigationViewController.h */ = {isa = PBXFileReference; fileEncoding = 4; lastKnownFileType = sourcecode.c.h; path = BGNavigationViewController.h; sourceTree = "<group>"; };
		1A9A07AA52C65A1D9067D1D3 /* BGMinerField.h */ = {isa = PBXFileReference; fileEncoding = 4; lastKnownFileType = sourcecode.c.h; path = BGMinerField.h; sourceTree = "<group>"; };
		1A9A07EFC895E277B2610D84 /* Default.png */ = {isa = PBXFileReference; lastKnownFileType = image.png; path = Default.png; sourceTree = "<group>"; };
		1A9A08836ECA898D60095E44 /* ru */ = {isa = PBXFileReference; lastKnownFileType = image.png; name = ru; path = "Miner/Resources/Images/Buttons/ru.lproj/button_options@2x.png"; sourceTree = SOURCE_ROOT; };
		1A9A089200A1C5BB1D879138 /* switchON.mp3 */ = {isa = PBXFileReference; lastKnownFileType = audio.mp3; path = switchON.mp3; sourceTree = "<group>"; };
		1A9A08B1B606DF3F4CB5D23D /* BGViewController.h */ = {isa = PBXFileReference; fileEncoding = 4; lastKnownFileType = sourcecode.c.h; path = BGViewController.h; sourceTree = "<group>"; };
		1A9A09916B7E031897442087 /* field_deafult@2x.png */ = {isa = PBXFileReference; lastKnownFileType = image.png; path = "field_deafult@2x.png"; sourceTree = "<group>"; };
		1A9A09FF2A24D2606048A0EB /* BGSKView.m */ = {isa = PBXFileReference; fileEncoding = 4; lastKnownFileType = sourcecode.c.objc; path = BGSKView.m; sourceTree = "<group>"; };
		1A9A0A168097146E939877B5 /* Digital.ttf */ = {isa = PBXFileReference; lastKnownFileType = file.ttf; path = Digital.ttf; sourceTree = "<group>"; };
		1A9A0A46F498E9336A24C1C5 /* switchOFF.mp3 */ = {isa = PBXFileReference; lastKnownFileType = audio.mp3; path = switchOFF.mp3; sourceTree = "<group>"; };
		1A9A0AE117A4A76D2111CC65 /* BGSettingsManager.h */ = {isa = PBXFileReference; fileEncoding = 4; lastKnownFileType = sourcecode.c.h; path = BGSettingsManager.h; sourceTree = "<group>"; };
		1A9A0B11B5D0819DBD1ECD8A /* BGUISegmentedControl.h */ = {isa = PBXFileReference; fileEncoding = 4; lastKnownFileType = sourcecode.c.h; path = BGUISegmentedControl.h; sourceTree = "<group>"; };
		1A9A0B6F52422ABC7674658E /* BGSKView.h */ = {isa = PBXFileReference; fileEncoding = 4; lastKnownFileType = sourcecode.c.h; path = BGSKView.h; sourceTree = "<group>"; };
		1A9A0BAAF5CD8C67041CF99B /* BGNavigationViewController.m */ = {isa = PBXFileReference; fileEncoding = 4; lastKnownFileType = sourcecode.c.objc; path = BGNavigationViewController.m; sourceTree = "<group>"; };
		1A9A0BCD8A9200728D794515 /* BGGameViewController.h */ = {isa = PBXFileReference; fileEncoding = 4; lastKnownFileType = sourcecode.c.h; path = BGGameViewController.h; sourceTree = "<group>"; };
		1A9A0CDAD8EB581A3C640A26 /* Base */ = {isa = PBXFileReference; lastKnownFileType = image.png; name = Base; path = "Miner/Resources/Images/Buttons/Base.lproj/button_options@2x.png"; sourceTree = SOURCE_ROOT; };
		1A9A0CEE80CA0004C30D4556 /* grassTap.mp3 */ = {isa = PBXFileReference; lastKnownFileType = audio.mp3; path = grassTap.mp3; sourceTree = "<group>"; };
		1A9A0D4D726D2E98B003B766 /* Base */ = {isa = PBXFileReference; lastKnownFileType = image.png; name = Base; path = "Miner/Resources/Images/Buttons/Base.lproj/button_play_down@2x.png"; sourceTree = SOURCE_ROOT; };
		1A9A0D5426C089C702BADF62 /* BGMinerField.m */ = {isa = PBXFileReference; fileEncoding = 4; lastKnownFileType = sourcecode.c.objc; path = BGMinerField.m; sourceTree = "<group>"; };
		1A9A0D8241BD943D88289715 /* BGResourcePreloader.m */ = {isa = PBXFileReference; fileEncoding = 4; lastKnownFileType = sourcecode.c.objc; path = BGResourcePreloader.m; sourceTree = "<group>"; };
		1A9A0E5A1747D614129957D1 /* ru */ = {isa = PBXFileReference; lastKnownFileType = image.png; name = ru; path = "Miner/Resources/Images/Buttons/ru.lproj/button_play_down@2x.png"; sourceTree = SOURCE_ROOT; };
		1A9A0E5C82AA5741A8753008 /* ru */ = {isa = PBXFileReference; lastKnownFileType = image.png; name = ru; path = "Miner/Resources/Images/Buttons/ru.lproj/button_play@2x.png"; sourceTree = SOURCE_ROOT; };
		1A9A0E6B843CFBEFD0404516 /* Base */ = {isa = PBXFileReference; lastKnownFileType = image.png; name = Base; path = "Miner/Resources/Images/Buttons/Base.lproj/button_play@2x.png"; sourceTree = SOURCE_ROOT; };
		1A9A0E8269320A2D346AC4CC /* BGUISegmentedControl.m */ = {isa = PBXFileReference; fileEncoding = 4; lastKnownFileType = sourcecode.c.objc; path = BGUISegmentedControl.m; sourceTree = "<group>"; };
		1A9A0F1BABFA2C52CD749584 /* BGLog.h */ = {isa = PBXFileReference; fileEncoding = 4; lastKnownFileType = sourcecode.c.h; path = BGLog.h; sourceTree = "<group>"; };
		1A9A0F21405D83136B92F606 /* ru */ = {isa = PBXFileReference; lastKnownFileType = image.png; name = ru; path = "Miner/Resources/Images/Buttons/ru.lproj/button_options_down@2x.png"; sourceTree = SOURCE_ROOT; };
		D50D896218F3D69E00617442 /* Base */ = {isa = PBXFileReference; lastKnownFileType = image.png; name = Base; path = "Base.lproj/ads@2x.png"; sourceTree = "<group>"; };
		D50D896418F3D6A400617442 /* ru */ = {isa = PBXFileReference; lastKnownFileType = image.png; name = ru; path = "ru.lproj/ads@2x.png"; sourceTree = "<group>"; };
		D50D896718F3D6B000617442 /* ru */ = {isa = PBXFileReference; lastKnownFileType = image.png; name = ru; path = "ru.lproj/difficulty@2x.png"; sourceTree = "<group>"; };
		D50D897118F3D7D600617442 /* Base */ = {isa = PBXFileReference; lastKnownFileType = image.png; name = Base; path = "Base.lproj/difficulty@2x.png"; sourceTree = "<group>"; };
		D50D897418F3D83400617442 /* ru */ = {isa = PBXFileReference; lastKnownFileType = image.png; name = ru; path = "ru.lproj/field_size@2x.png"; sourceTree = "<group>"; };
		D50D897618F3D83900617442 /* Base */ = {isa = PBXFileReference; lastKnownFileType = image.png; name = Base; path = "Base.lproj/field_size@2x.png"; sourceTree = "<group>"; };
		D50D897918F3D89600617442 /* ru */ = {isa = PBXFileReference; lastKnownFileType = image.png; name = ru; path = "ru.lproj/sounds@2x.png"; sourceTree = "<group>"; };
		D50D897B18F3D89B00617442 /* Base */ = {isa = PBXFileReference; lastKnownFileType = image.png; name = Base; path = "Base.lproj/sounds@2x.png"; sourceTree = "<group>"; };
		D521600518F3DBD0003247DF /* ru */ = {isa = PBXFileReference; lastKnownFileType = image.png; name = ru; path = "ru.lproj/button_down_easy@2x.png"; sourceTree = "<group>"; };
		D521600718F3DBD6003247DF /* Base */ = {isa = PBXFileReference; lastKnownFileType = image.png; name = Base; path = "Base.lproj/button_down_easy@2x.png"; sourceTree = "<group>"; };
		D521600A18F3DC36003247DF /* ru */ = {isa = PBXFileReference; lastKnownFileType = image.png; name = ru; path = "ru.lproj/button_down_hard@2x.png"; sourceTree = "<group>"; };
		D521600C18F3DC3B003247DF /* Base */ = {isa = PBXFileReference; lastKnownFileType = image.png; name = Base; path = "Base.lproj/button_down_hard@2x.png"; sourceTree = "<group>"; };
		D521600F18F3DCB5003247DF /* ru */ = {isa = PBXFileReference; lastKnownFileType = image.png; name = ru; path = "ru.lproj/button_down_norm@2x.png"; sourceTree = "<group>"; };
		D521601118F3DCB8003247DF /* Base */ = {isa = PBXFileReference; lastKnownFileType = image.png; name = Base; path = "Base.lproj/button_down_norm@2x.png"; sourceTree = "<group>"; };
		D521601418F3DDD9003247DF /* ru */ = {isa = PBXFileReference; lastKnownFileType = image.png; name = ru; path = "ru.lproj/difficult_default@2x.png"; sourceTree = "<group>"; };
		D521601618F3DDDC003247DF /* Base */ = {isa = PBXFileReference; lastKnownFileType = image.png; name = Base; path = "Base.lproj/difficult_default@2x.png"; sourceTree = "<group>"; };
		D521FEF318E8B5AA000D52C8 /* Base */ = {isa = PBXFileReference; lastKnownFileType = file.storyboard; name = Base; path = Base.lproj/Main.storyboard; sourceTree = "<group>"; };
		D521FEF518E8C2B3000D52C8 /* iAd.framework */ = {isa = PBXFileReference; lastKnownFileType = wrapper.framework; name = iAd.framework; path = System/Library/Frameworks/iAd.framework; sourceTree = SDKROOT; };
		D52B956B1901153D002B5316 /* Explosion.atlas */ = {isa = PBXFileReference; lastKnownFileType = folder.skatlas; path = Explosion.atlas; sourceTree = "<group>"; };
		D52C74431905630F00C83D38 /* icon10241.png */ = {isa = PBXFileReference; lastKnownFileType = image.png; name = icon10241.png; path = ../../icon10241.png; sourceTree = "<group>"; };
		D538BCFA18F83EA30006FD00 /* BGOptionsViewController.h */ = {isa = PBXFileReference; fileEncoding = 4; lastKnownFileType = sourcecode.c.h; path = BGOptionsViewController.h; sourceTree = "<group>"; };
		D538BCFB18F83EA30006FD00 /* BGOptionsViewController.m */ = {isa = PBXFileReference; fileEncoding = 4; lastKnownFileType = sourcecode.c.objc; path = BGOptionsViewController.m; sourceTree = "<group>"; };
		D538BD0B18F9430D0006FD00 /* miner_config@2x.png */ = {isa = PBXFileReference; lastKnownFileType = image.png; path = "miner_config@2x.png"; sourceTree = "<group>"; };
		D55DDA9C1901CFBD00C505A7 /* explosion.wav */ = {isa = PBXFileReference; lastKnownFileType = audio.wav; path = explosion.wav; sourceTree = "<group>"; };
		D569E04118FEEDFC001A1739 /* ru */ = {isa = PBXFileReference; lastKnownFileType = image.png; name = ru; path = "ru.lproj/failed@2x.png"; sourceTree = "<group>"; };
		D569E04318FEEE06001A1739 /* Base */ = {isa = PBXFileReference; lastKnownFileType = image.png; name = Base; path = "Base.lproj/failed@2x.png"; sourceTree = "<group>"; };
		D569E04618FEEE50001A1739 /* ru */ = {isa = PBXFileReference; lastKnownFileType = image.png; name = ru; path = "ru.lproj/goodjob@2x.png"; sourceTree = "<group>"; };
		D569E04818FEEE53001A1739 /* Base */ = {isa = PBXFileReference; lastKnownFileType = image.png; name = Base; path = "Base.lproj/goodjob@2x.png"; sourceTree = "<group>"; };
		D595434B18F9C28E00E67E6C /* GrassAnimation.atlas */ = {isa = PBXFileReference; lastKnownFileType = folder.skatlas; path = GrassAnimation.atlas; sourceTree = "<group>"; };
		D595434D18F9C2A000E67E6C /* MineAnimation.atlas */ = {isa = PBXFileReference; lastKnownFileType = folder.skatlas; path = MineAnimation.atlas; sourceTree = "<group>"; };
		D5B7A88218FD0E21004B2348 /* flagTapOff.mp3 */ = {isa = PBXFileReference; lastKnownFileType = audio.mp3; path = flagTapOff.mp3; sourceTree = "<group>"; };
		D5CB454519028833008F59F3 /* game_button_off@2x.png */ = {isa = PBXFileReference; lastKnownFileType = image.png; path = "game_button_off@2x.png"; sourceTree = "<group>"; };
		D5D6493E18D46B5100854518 /* Miner.app */ = {isa = PBXFileReference; explicitFileType = wrapper.application; includeInIndex = 0; path = Miner.app; sourceTree = BUILT_PRODUCTS_DIR; };
		D5D6494118D46B5100854518 /* Foundation.framework */ = {isa = PBXFileReference; lastKnownFileType = wrapper.framework; name = Foundation.framework; path = System/Library/Frameworks/Foundation.framework; sourceTree = SDKROOT; };
		D5D6494318D46B5100854518 /* CoreGraphics.framework */ = {isa = PBXFileReference; lastKnownFileType = wrapper.framework; name = CoreGraphics.framework; path = System/Library/Frameworks/CoreGraphics.framework; sourceTree = SDKROOT; };
		D5D6494518D46B5100854518 /* UIKit.framework */ = {isa = PBXFileReference; lastKnownFileType = wrapper.framework; name = UIKit.framework; path = System/Library/Frameworks/UIKit.framework; sourceTree = SDKROOT; };
		D5D6494918D46B5100854518 /* Miner-Info.plist */ = {isa = PBXFileReference; lastKnownFileType = text.plist.xml; path = "Miner-Info.plist"; sourceTree = "<group>"; };
		D5D6494D18D46B5100854518 /* main.m */ = {isa = PBXFileReference; lastKnownFileType = sourcecode.c.objc; path = main.m; sourceTree = "<group>"; };
		D5D6494F18D46B5100854518 /* Miner-Prefix.pch */ = {isa = PBXFileReference; lastKnownFileType = sourcecode.c.h; path = "Miner-Prefix.pch"; sourceTree = "<group>"; };
		D5D6495018D46B5100854518 /* BGAppDelegate.h */ = {isa = PBXFileReference; lastKnownFileType = sourcecode.c.h; path = BGAppDelegate.h; sourceTree = "<group>"; };
		D5D6495118D46B5100854518 /* BGAppDelegate.m */ = {isa = PBXFileReference; lastKnownFileType = sourcecode.c.objc; path = BGAppDelegate.m; sourceTree = "<group>"; };
		D5D6495918D46B5100854518 /* Images.xcassets */ = {isa = PBXFileReference; lastKnownFileType = folder.assetcatalog; path = Images.xcassets; sourceTree = "<group>"; };
		D5D6495F18D46B5100854518 /* MinerTests.xctest */ = {isa = PBXFileReference; explicitFileType = wrapper.cfbundle; includeInIndex = 0; path = MinerTests.xctest; sourceTree = BUILT_PRODUCTS_DIR; };
		D5D6496018D46B5100854518 /* XCTest.framework */ = {isa = PBXFileReference; lastKnownFileType = wrapper.framework; name = XCTest.framework; path = Library/Frameworks/XCTest.framework; sourceTree = DEVELOPER_DIR; };
		D5D6498218D47A2C00854518 /* SpriteKit.framework */ = {isa = PBXFileReference; lastKnownFileType = wrapper.framework; name = SpriteKit.framework; path = System/Library/Frameworks/SpriteKit.framework; sourceTree = SDKROOT; };
		D5E39CD318E7F4F100F25012 /* ru */ = {isa = PBXFileReference; lastKnownFileType = text.plist.strings; name = ru; path = ru.lproj/InfoPlist.strings; sourceTree = "<group>"; };
		D5E39CDC18E7F62C00F25012 /* Base */ = {isa = PBXFileReference; lastKnownFileType = text.plist.strings; name = Base; path = Base.lproj/InfoPlist.strings; sourceTree = "<group>"; };
		D5E39CE018E7F87A00F25012 /* Base */ = {isa = PBXFileReference; lastKnownFileType = text.plist.strings; name = Base; path = Base.lproj/Localizable.strings; sourceTree = "<group>"; };
		D5E39CE318E7F88400F25012 /* ru */ = {isa = PBXFileReference; lastKnownFileType = text.plist.strings; name = ru; path = ru.lproj/Localizable.strings; sourceTree = "<group>"; };
/* End PBXFileReference section */

/* Begin PBXFrameworksBuildPhase section */
		D5D6493B18D46B5100854518 /* Frameworks */ = {
			isa = PBXFrameworksBuildPhase;
			buildActionMask = 2147483647;
			files = (
				D521FEF618E8C2B3000D52C8 /* iAd.framework in Frameworks */,
				D5D6498318D47A2C00854518 /* SpriteKit.framework in Frameworks */,
				D5D6494418D46B5100854518 /* CoreGraphics.framework in Frameworks */,
				D5D6494618D46B5100854518 /* UIKit.framework in Frameworks */,
				D5D6494218D46B5100854518 /* Foundation.framework in Frameworks */,
			);
			runOnlyForDeploymentPostprocessing = 0;
		};
		D5D6495C18D46B5100854518 /* Frameworks */ = {
			isa = PBXFrameworksBuildPhase;
			buildActionMask = 2147483647;
			files = (
				D5D6496118D46B5100854518 /* XCTest.framework in Frameworks */,
				D5D6496318D46B5100854518 /* UIKit.framework in Frameworks */,
				D5D6496218D46B5100854518 /* Foundation.framework in Frameworks */,
			);
			runOnlyForDeploymentPostprocessing = 0;
		};
/* End PBXFrameworksBuildPhase section */

/* Begin PBXGroup section */
		1A9A0107D436124DA0693232 /* Models */ = {
			isa = PBXGroup;
			children = (
			);
			path = Models;
			sourceTree = "<group>";
		};
		1A9A01FBC29E1D83ED899F11 /* BGAudioPreloader */ = {
			isa = PBXGroup;
			children = (
				1A9A02B204C3068D230AF4B4 /* BGResourcePreloader.h */,
				1A9A0D8241BD943D88289715 /* BGResourcePreloader.m */,
			);
			path = BGAudioPreloader;
			sourceTree = "<group>";
		};
		1A9A0464FCE9216D1855DD76 /* Resources */ = {
			isa = PBXGroup;
			children = (
				D52C74441905632000C83D38 /* AppIcons */,
				1A9A0E888346B2C11C55A914 /* Images */,
				1A9A09735B074E59EBAA4C7D /* Sounds */,
				1A9A05F0763ADA3E40DB4ABA /* Fonts */,
			);
			path = Resources;
			sourceTree = "<group>";
		};
		1A9A0480C35BE32FF2878EC3 /* Common */ = {
			isa = PBXGroup;
			children = (
				1A9A042A0DD59DAA56116AD8 /* back_down@2x.png */,
				1A9A01AEE5D5DFAF737913FC /* back@2x.png */,
			);
			path = Common;
			sourceTree = "<group>";
		};
		1A9A04A7024507BBA549AF28 /* GameViewController */ = {
			isa = PBXGroup;
			children = (
				D52B956B1901153D002B5316 /* Explosion.atlas */,
				D595434D18F9C2A000E67E6C /* MineAnimation.atlas */,
				D595434B18F9C28E00E67E6C /* GrassAnimation.atlas */,
				1A9A04A6BC5099264AC84ACB /* top_game@2x.png */,
				1A9A03FECFC0BCCCBE9A42F6 /* Tiles.atlas */,
				1A9A08182AAE973924900A9D /* StatusButton */,
			);
			path = GameViewController;
			sourceTree = "<group>";
		};
		1A9A04BE08F821907A92B72F /* BGSKView */ = {
			isa = PBXGroup;
			children = (
				1A9A0B6F52422ABC7674658E /* BGSKView.h */,
				1A9A09FF2A24D2606048A0EB /* BGSKView.m */,
			);
			path = BGSKView;
			sourceTree = "<group>";
		};
		1A9A04E35259A25C006C1586 /* MainViewController */ = {
			isa = PBXGroup;
			children = (
				1A9A0C37B949EC97ED5DD45D /* button_options_down@2x.png */,
				1A9A087A8D650693ADC54D88 /* button_options@2x.png */,
				1A9A0F424BF4EC50A100C684 /* button_play_down@2x.png */,
				1A9A0C08F0868B5701886F63 /* button_play@2x.png */,
				1A9A04AF85E94FF2B47EED1E /* miner_main@2x.png */,
			);
			path = MainViewController;
			sourceTree = "<group>";
		};
		1A9A05061C9490E879BF5574 /* Classes */ = {
			isa = PBXGroup;
			children = (
				1A9A072EE47C46A78078EAFE /* BGMinerField */,
				1A9A06FB0185D11E5684C224 /* BGSettingsManager */,
				1A9A0DE37730459B1F36E142 /* BGUISwitch */,
				1A9A01FBC29E1D83ED899F11 /* BGAudioPreloader */,
				1A9A0D91E86FE918ACBFAAB8 /* BGUISegmentedControl */,
				1A9A094AEBFF49A2C58101E2 /* BGLog */,
				1A9A04BE08F821907A92B72F /* BGSKView */,
			);
			path = Classes;
			sourceTree = "<group>";
		};
		1A9A05927CCE9B4DF9AF9CFF /* Views */ = {
			isa = PBXGroup;
			children = (
				D5E39CBD18E7EDB300F25012 /* Main.storyboard */,
			);
			path = Views;
			sourceTree = "<group>";
		};
		1A9A05F0763ADA3E40DB4ABA /* Fonts */ = {
			isa = PBXGroup;
			children = (
				1A9A0A168097146E939877B5 /* Digital.ttf */,
			);
			path = Fonts;
			sourceTree = "<group>";
		};
		1A9A067ADC5563A4AB5EDCD8 /* WinFailImages */ = {
			isa = PBXGroup;
			children = (
				D569E04218FEEDFC001A1739 /* failed@2x.png */,
				D569E04718FEEE50001A1739 /* goodjob@2x.png */,
			);
			path = WinFailImages;
			sourceTree = "<group>";
		};
		1A9A06FB0185D11E5684C224 /* BGSettingsManager */ = {
			isa = PBXGroup;
			children = (
				1A9A0AE117A4A76D2111CC65 /* BGSettingsManager.h */,
				1A9A05FC9BD951BD7EE5B84F /* BGSettingsManager.m */,
			);
			path = BGSettingsManager;
			sourceTree = "<group>";
		};
		1A9A072EE47C46A78078EAFE /* BGMinerField */ = {
			isa = PBXGroup;
			children = (
				1A9A07AA52C65A1D9067D1D3 /* BGMinerField.h */,
				1A9A0D5426C089C702BADF62 /* BGMinerField.m */,
			);
			path = BGMinerField;
			sourceTree = "<group>";
		};
		1A9A08182AAE973924900A9D /* StatusButton */ = {
			isa = PBXGroup;
			children = (
				D5CB454519028833008F59F3 /* game_button_off@2x.png */,
				1A9A00DCCF3C22F4C56F50D7 /* game_button_on@2x.png */,
			);
			path = StatusButton;
			sourceTree = "<group>";
		};
		1A9A081AC55B83B0B32AD572 /* Buttons */ = {
			isa = PBXGroup;
			children = (
				1A9A04A7024507BBA549AF28 /* GameViewController */,
				1A9A04E35259A25C006C1586 /* MainViewController */,
				1A9A0480C35BE32FF2878EC3 /* Common */,
				1A9A0F5BB1525A748246513D /* Options */,
			);
			path = Buttons;
			sourceTree = "<group>";
		};
		1A9A094AEBFF49A2C58101E2 /* BGLog */ = {
			isa = PBXGroup;
			children = (
				1A9A0F1BABFA2C52CD749584 /* BGLog.h */,
			);
			path = BGLog;
			sourceTree = "<group>";
		};
		1A9A09735B074E59EBAA4C7D /* Sounds */ = {
			isa = PBXGroup;
			children = (
				D55DDA9C1901CFBD00C505A7 /* explosion.wav */,
				D5B7A88218FD0E21004B2348 /* flagTapOff.mp3 */,
				1A9A0A46F498E9336A24C1C5 /* switchOFF.mp3 */,
				1A9A089200A1C5BB1D879138 /* switchON.mp3 */,
				1A9A04B0FAB94FABEBB139C9 /* buttonTap.mp3 */,
				1A9A0128D8497BDF547C9A5A /* flagTapOn.mp3 */,
				1A9A0CEE80CA0004C30D4556 /* grassTap.mp3 */,
			);
			path = Sounds;
			sourceTree = "<group>";
		};
		1A9A0AD344ED19A600B38EED /* Controllers */ = {
			isa = PBXGroup;
			children = (
				D538BCFA18F83EA30006FD00 /* BGOptionsViewController.h */,
				D538BCFB18F83EA30006FD00 /* BGOptionsViewController.m */,
				1A9A00AC67B68FA11C11D15D /* BGViewController.m */,
				1A9A08B1B606DF3F4CB5D23D /* BGViewController.h */,
				1A9A0BAAF5CD8C67041CF99B /* BGNavigationViewController.m */,
				1A9A06FC52931E41A20A4053 /* BGNavigationViewController.h */,
				1A9A0673C2D94B6C826B69A4 /* BGGameViewController.m */,
				1A9A0BCD8A9200728D794515 /* BGGameViewController.h */,
			);
			path = Controllers;
			sourceTree = "<group>";
		};
		1A9A0B31675DDC6D285E0CF1 /* Labels */ = {
			isa = PBXGroup;
			children = (
				D50D896318F3D69E00617442 /* ads@2x.png */,
				D50D896818F3D6B000617442 /* difficulty@2x.png */,
				D50D897518F3D83400617442 /* field_size@2x.png */,
				D50D897A18F3D89600617442 /* sounds@2x.png */,
			);
			path = Labels;
			sourceTree = "<group>";
		};
		1A9A0D91E86FE918ACBFAAB8 /* BGUISegmentedControl */ = {
			isa = PBXGroup;
			children = (
				1A9A0E8269320A2D346AC4CC /* BGUISegmentedControl.m */,
				1A9A0B11B5D0819DBD1ECD8A /* BGUISegmentedControl.h */,
			);
			path = BGUISegmentedControl;
			sourceTree = "<group>";
		};
		1A9A0D9DA7ABFB6172A52850 /* FieldSizePanel */ = {
			isa = PBXGroup;
			children = (
				1A9A02CFAD11E1C9B932566A /* button_down_128@2x.png */,
				1A9A01E59C54A1F3321A2D52 /* button_down_1510@2x.png */,
				1A9A024EA34A338A74569C56 /* button_down_2416@2x.png */,
				1A9A09916B7E031897442087 /* field_deafult@2x.png */,
			);
			path = FieldSizePanel;
			sourceTree = "<group>";
		};
		1A9A0DE37730459B1F36E142 /* BGUISwitch */ = {
			isa = PBXGroup;
			children = (
				1A9A0535D639111F86ACEEF1 /* BGUISwitch.h */,
				1A9A06E1C8C18EE3BCA24FA8 /* BGUISwitch.m */,
			);
			path = BGUISwitch;
			sourceTree = "<group>";
		};
		1A9A0E888346B2C11C55A914 /* Images */ = {
			isa = PBXGroup;
			children = (
				1A9A081AC55B83B0B32AD572 /* Buttons */,
				1A9A0B31675DDC6D285E0CF1 /* Labels */,
				1A9A0F91BAD517F99CA391C7 /* DifficultyPanel */,
				1A9A0D9DA7ABFB6172A52850 /* FieldSizePanel */,
				1A9A067ADC5563A4AB5EDCD8 /* WinFailImages */,
				1A9A07EFC895E277B2610D84 /* Default.png */,
			);
			path = Images;
			sourceTree = "<group>";
		};
		1A9A0F5BB1525A748246513D /* Options */ = {
			isa = PBXGroup;
			children = (
				D538BD0B18F9430D0006FD00 /* miner_config@2x.png */,
				1A9A03091AAD6EF5472C48A7 /* switch_0@2x.png */,
				1A9A02DAD3A958DDAC4B6C96 /* switch_1@2x.png */,
			);
			path = Options;
			sourceTree = "<group>";
		};
		1A9A0F91BAD517F99CA391C7 /* DifficultyPanel */ = {
			isa = PBXGroup;
			children = (
				D521600618F3DBD0003247DF /* button_down_easy@2x.png */,
				D521600B18F3DC36003247DF /* button_down_hard@2x.png */,
				D521601018F3DCB5003247DF /* button_down_norm@2x.png */,
				D521601518F3DDD9003247DF /* difficult_default@2x.png */,
			);
			path = DifficultyPanel;
			sourceTree = "<group>";
		};
		D52C74441905632000C83D38 /* AppIcons */ = {
			isa = PBXGroup;
			children = (
				D52C74431905630F00C83D38 /* icon10241.png */,
			);
			name = AppIcons;
			sourceTree = "<group>";
		};
		D5D6493518D46B5100854518 = {
			isa = PBXGroup;
			children = (
				D5D6494718D46B5100854518 /* Sapper */,
				D5D6494018D46B5100854518 /* Frameworks */,
				D5D6493F18D46B5100854518 /* Products */,
			);
			sourceTree = "<group>";
		};
		D5D6493F18D46B5100854518 /* Products */ = {
			isa = PBXGroup;
			children = (
				D5D6493E18D46B5100854518 /* Miner.app */,
				D5D6495F18D46B5100854518 /* MinerTests.xctest */,
			);
			name = Products;
			sourceTree = "<group>";
		};
		D5D6494018D46B5100854518 /* Frameworks */ = {
			isa = PBXGroup;
			children = (
				D521FEF518E8C2B3000D52C8 /* iAd.framework */,
				D5D6498218D47A2C00854518 /* SpriteKit.framework */,
				D5D6494118D46B5100854518 /* Foundation.framework */,
				D5D6494318D46B5100854518 /* CoreGraphics.framework */,
				D5D6494518D46B5100854518 /* UIKit.framework */,
				D5D6496018D46B5100854518 /* XCTest.framework */,
			);
			name = Frameworks;
			sourceTree = "<group>";
		};
		D5D6494718D46B5100854518 /* Sapper */ = {
			isa = PBXGroup;
			children = (
				D5D6495018D46B5100854518 /* BGAppDelegate.h */,
				D5D6495118D46B5100854518 /* BGAppDelegate.m */,
				D5D6495918D46B5100854518 /* Images.xcassets */,
				D5D6494818D46B5100854518 /* Supporting Files */,
				1A9A0AD344ED19A600B38EED /* Controllers */,
				1A9A05061C9490E879BF5574 /* Classes */,
				1A9A05927CCE9B4DF9AF9CFF /* Views */,
				1A9A0107D436124DA0693232 /* Models */,
				1A9A0464FCE9216D1855DD76 /* Resources */,
			);
			name = Sapper;
			path = Miner;
			sourceTree = "<group>";
		};
		D5D6494818D46B5100854518 /* Supporting Files */ = {
			isa = PBXGroup;
			children = (
				D5D6494918D46B5100854518 /* Miner-Info.plist */,
				D5D6494A18D46B5100854518 /* InfoPlist.strings */,
				D5D6494D18D46B5100854518 /* main.m */,
				D5D6494F18D46B5100854518 /* Miner-Prefix.pch */,
				D5E39CE118E7F87A00F25012 /* Localizable.strings */,
			);
			name = "Supporting Files";
			sourceTree = "<group>";
		};
/* End PBXGroup section */

/* Begin PBXNativeTarget section */
		D5D6493D18D46B5100854518 /* Miner */ = {
			isa = PBXNativeTarget;
			buildConfigurationList = D5D6497018D46B5100854518 /* Build configuration list for PBXNativeTarget "Miner" */;
			buildPhases = (
				D5D6493A18D46B5100854518 /* Sources */,
				D5D6493B18D46B5100854518 /* Frameworks */,
				D5D6493C18D46B5100854518 /* Resources */,
			);
			buildRules = (
			);
			dependencies = (
			);
			name = Miner;
			productName = Miner;
			productReference = D5D6493E18D46B5100854518 /* Miner.app */;
			productType = "com.apple.product-type.application";
		};
		D5D6495E18D46B5100854518 /* MinerTests */ = {
			isa = PBXNativeTarget;
			buildConfigurationList = D5D6497318D46B5100854518 /* Build configuration list for PBXNativeTarget "MinerTests" */;
			buildPhases = (
				D5D6495B18D46B5100854518 /* Sources */,
				D5D6495C18D46B5100854518 /* Frameworks */,
				D5D6495D18D46B5100854518 /* Resources */,
			);
			buildRules = (
			);
			dependencies = (
				D5D6496518D46B5100854518 /* PBXTargetDependency */,
			);
			name = MinerTests;
			productName = MinerTests;
			productReference = D5D6495F18D46B5100854518 /* MinerTests.xctest */;
			productType = "com.apple.product-type.bundle.unit-test";
		};
/* End PBXNativeTarget section */

/* Begin PBXProject section */
		D5D6493618D46B5100854518 /* Project object */ = {
			isa = PBXProject;
			attributes = {
				CLASSPREFIX = BG;
				LastUpgradeCheck = 0510;
				ORGANIZATIONNAME = "Russian Bleeding Games";
				TargetAttributes = {
					D5D6493D18D46B5100854518 = {
						DevelopmentTeam = 2N548588CC;
						SystemCapabilities = {
							com.apple.BackgroundModes = {
								enabled = 0;
							};
							com.apple.GameCenter = {
								enabled = 0;
							};
						};
					};
					D5D6495E18D46B5100854518 = {
						TestTargetID = D5D6493D18D46B5100854518;
					};
				};
			};
			buildConfigurationList = D5D6493918D46B5100854518 /* Build configuration list for PBXProject "Miner" */;
			compatibilityVersion = "Xcode 3.2";
			developmentRegion = English;
			hasScannedForEncodings = 0;
			knownRegions = (
				en,
				Base,
				ru,
				de,
				fr,
				es,
			);
			mainGroup = D5D6493518D46B5100854518;
			productRefGroup = D5D6493F18D46B5100854518 /* Products */;
			projectDirPath = "";
			projectRoot = "";
			targets = (
				D5D6493D18D46B5100854518 /* Miner */,
				D5D6495E18D46B5100854518 /* MinerTests */,
			);
		};
/* End PBXProject section */

/* Begin PBXResourcesBuildPhase section */
		D5D6493C18D46B5100854518 /* Resources */ = {
			isa = PBXResourcesBuildPhase;
			buildActionMask = 2147483647;
			files = (
				D5B7A88318FD0E21004B2348 /* flagTapOff.mp3 in Resources */,
				D5D6495A18D46B5100854518 /* Images.xcassets in Resources */,
				D5E39CDF18E7F87A00F25012 /* Localizable.strings in Resources */,
				D5D6494C18D46B5100854518 /* InfoPlist.strings in Resources */,
				D5E39CBB18E7EDB300F25012 /* Main.storyboard in Resources */,
				1A9A0AD41CA2FC52A5F76BDA /* switchOFF.mp3 in Resources */,
				1A9A04436954BBD988CC47E5 /* switchON.mp3 in Resources */,
				D50D896118F3D69E00617442 /* ads@2x.png in Resources */,
				D50D896618F3D6B000617442 /* difficulty@2x.png in Resources */,
				D50D897318F3D83400617442 /* field_size@2x.png in Resources */,
				D5CB454619028833008F59F3 /* game_button_off@2x.png in Resources */,
				D50D897818F3D89600617442 /* sounds@2x.png in Resources */,
				D521600418F3DBD0003247DF /* button_down_easy@2x.png in Resources */,
				D521600918F3DC36003247DF /* button_down_hard@2x.png in Resources */,
				D521600E18F3DCB5003247DF /* button_down_norm@2x.png in Resources */,
				D55DDA9D1901CFBD00C505A7 /* explosion.wav in Resources */,
				D521601318F3DDD9003247DF /* difficult_default@2x.png in Resources */,
				1A9A0C7DB92D41F3E33BA756 /* button_down_128@2x.png in Resources */,
				1A9A0BB44D8EA23D73D40AE5 /* button_down_1510@2x.png in Resources */,
				1A9A0D3576852EF36505139A /* button_down_2416@2x.png in Resources */,
				1A9A09748B0A70C911ED13DF /* field_deafult@2x.png in Resources */,
				1A9A0A75560204CC10EECF0A /* Digital.ttf in Resources */,
				D595434E18F9C2A000E67E6C /* MineAnimation.atlas in Resources */,
				1A9A00C2A54782CE35955BE3 /* back_down@2x.png in Resources */,
				1A9A0916B0E1C88C738D3F90 /* back@2x.png in Resources */,
				1A9A07A0A3CEE8B910E8AED3 /* button_options_down@2x.png in Resources */,
				D538BD0C18F9430D0006FD00 /* miner_config@2x.png in Resources */,
				1A9A08208EDE7592A2AA0F1F /* button_options@2x.png in Resources */,
				1A9A063AD699AF425AB759A0 /* button_play_down@2x.png in Resources */,
				D595434C18F9C28E00E67E6C /* GrassAnimation.atlas in Resources */,
				1A9A016CEAF98572B39B837C /* button_play@2x.png in Resources */,
				1A9A0CD35A743473318BC6F2 /* switch_0@2x.png in Resources */,
				1A9A0B20D4071CB2202FFA28 /* switch_1@2x.png in Resources */,
				1A9A0CE89ACB0852F8FACA35 /* top_game@2x.png in Resources */,
				1A9A0132241BE0A3D2E901D9 /* Tiles.atlas in Resources */,
				1A9A0C4B10D0CD2C660885AC /* miner_main@2x.png in Resources */,
				1A9A01853A0BB677BFCCFB05 /* buttonTap.mp3 in Resources */,
				1A9A0B3A7FC3792835FEF20B /* flagTapOn.mp3 in Resources */,
				1A9A0C0B49ABB18F7C86E95D /* grassTap.mp3 in Resources */,
				1A9A0EA088C8E17583C96EF1 /* game_button_on@2x.png in Resources */,
				D569E04018FEEDFC001A1739 /* failed@2x.png in Resources */,
				D52B956C1901153D002B5316 /* Explosion.atlas in Resources */,
				D569E04518FEEE50001A1739 /* goodjob@2x.png in Resources */,
				1A9A023191F3135F269FC87B /* Default.png in Resources */,
			);
			runOnlyForDeploymentPostprocessing = 0;
		};
		D5D6495D18D46B5100854518 /* Resources */ = {
			isa = PBXResourcesBuildPhase;
			buildActionMask = 2147483647;
			files = (
			);
			runOnlyForDeploymentPostprocessing = 0;
		};
/* End PBXResourcesBuildPhase section */

/* Begin PBXSourcesBuildPhase section */
		D5D6493A18D46B5100854518 /* Sources */ = {
			isa = PBXSourcesBuildPhase;
			buildActionMask = 2147483647;
			files = (
				D5D6494E18D46B5100854518 /* main.m in Sources */,
				D5D6495218D46B5100854518 /* BGAppDelegate.m in Sources */,
				1A9A079893D5A5C357AFB970 /* BGViewController.m in Sources */,
				1A9A031D3D0EFEBC84A17D6C /* BGNavigationViewController.m in Sources */,
				1A9A02DCC2837700B6A191CF /* BGGameViewController.m in Sources */,
				1A9A0E83283237D53CB75F15 /* BGMinerField.m in Sources */,
				D538BCFC18F83EA30006FD00 /* BGOptionsViewController.m in Sources */,
				1A9A0DEEE879D61BB8D19973 /* BGSettingsManager.m in Sources */,
				1A9A025D7218E57009C00B32 /* BGUISwitch.m in Sources */,
				1A9A02E36FF23270FEC10CC8 /* BGResourcePreloader.m in Sources */,
				1A9A0EDB0E0C80000B12855D /* BGUISegmentedControl.m in Sources */,
				1A9A0892D9C74B1BA9F50D08 /* BGSKView.m in Sources */,
			);
			runOnlyForDeploymentPostprocessing = 0;
		};
		D5D6495B18D46B5100854518 /* Sources */ = {
			isa = PBXSourcesBuildPhase;
			buildActionMask = 2147483647;
			files = (
			);
			runOnlyForDeploymentPostprocessing = 0;
		};
/* End PBXSourcesBuildPhase section */

/* Begin PBXTargetDependency section */
		D5D6496518D46B5100854518 /* PBXTargetDependency */ = {
			isa = PBXTargetDependency;
			target = D5D6493D18D46B5100854518 /* Miner */;
			targetProxy = D5D6496418D46B5100854518 /* PBXContainerItemProxy */;
		};
/* End PBXTargetDependency section */

/* Begin PBXVariantGroup section */
		1A9A087A8D650693ADC54D88 /* button_options@2x.png */ = {
			isa = PBXVariantGroup;
			children = (
				1A9A08836ECA898D60095E44 /* ru */,
				1A9A0CDAD8EB581A3C640A26 /* Base */,
			);
			name = "button_options@2x.png";
			sourceTree = "<group>";
		};
		1A9A0C08F0868B5701886F63 /* button_play@2x.png */ = {
			isa = PBXVariantGroup;
			children = (
				1A9A0E5C82AA5741A8753008 /* ru */,
				1A9A0E6B843CFBEFD0404516 /* Base */,
			);
			name = "button_play@2x.png";
			sourceTree = "<group>";
		};
		1A9A0C37B949EC97ED5DD45D /* button_options_down@2x.png */ = {
			isa = PBXVariantGroup;
			children = (
				1A9A0F21405D83136B92F606 /* ru */,
				1A9A0324C9534F54860A89C0 /* Base */,
			);
			name = "button_options_down@2x.png";
			sourceTree = "<group>";
		};
		1A9A0F424BF4EC50A100C684 /* button_play_down@2x.png */ = {
			isa = PBXVariantGroup;
			children = (
				1A9A0E5A1747D614129957D1 /* ru */,
				1A9A0D4D726D2E98B003B766 /* Base */,
			);
			name = "button_play_down@2x.png";
			sourceTree = "<group>";
		};
		D50D896318F3D69E00617442 /* ads@2x.png */ = {
			isa = PBXVariantGroup;
			children = (
				D50D896218F3D69E00617442 /* Base */,
				D50D896418F3D6A400617442 /* ru */,
			);
			name = "ads@2x.png";
			sourceTree = "<group>";
		};
		D50D896818F3D6B000617442 /* difficulty@2x.png */ = {
			isa = PBXVariantGroup;
			children = (
				D50D896718F3D6B000617442 /* ru */,
				D50D897118F3D7D600617442 /* Base */,
			);
			name = "difficulty@2x.png";
			sourceTree = "<group>";
		};
		D50D897518F3D83400617442 /* field_size@2x.png */ = {
			isa = PBXVariantGroup;
			children = (
				D50D897418F3D83400617442 /* ru */,
				D50D897618F3D83900617442 /* Base */,
			);
			name = "field_size@2x.png";
			sourceTree = "<group>";
		};
		D50D897A18F3D89600617442 /* sounds@2x.png */ = {
			isa = PBXVariantGroup;
			children = (
				D50D897918F3D89600617442 /* ru */,
				D50D897B18F3D89B00617442 /* Base */,
			);
			name = "sounds@2x.png";
			sourceTree = "<group>";
		};
		D521600618F3DBD0003247DF /* button_down_easy@2x.png */ = {
			isa = PBXVariantGroup;
			children = (
				D521600518F3DBD0003247DF /* ru */,
				D521600718F3DBD6003247DF /* Base */,
			);
			name = "button_down_easy@2x.png";
			sourceTree = "<group>";
		};
		D521600B18F3DC36003247DF /* button_down_hard@2x.png */ = {
			isa = PBXVariantGroup;
			children = (
				D521600A18F3DC36003247DF /* ru */,
				D521600C18F3DC3B003247DF /* Base */,
			);
			name = "button_down_hard@2x.png";
			sourceTree = "<group>";
		};
		D521601018F3DCB5003247DF /* button_down_norm@2x.png */ = {
			isa = PBXVariantGroup;
			children = (
				D521600F18F3DCB5003247DF /* ru */,
				D521601118F3DCB8003247DF /* Base */,
			);
			name = "button_down_norm@2x.png";
			sourceTree = "<group>";
		};
		D521601518F3DDD9003247DF /* difficult_default@2x.png */ = {
			isa = PBXVariantGroup;
			children = (
				D521601418F3DDD9003247DF /* ru */,
				D521601618F3DDDC003247DF /* Base */,
			);
			name = "difficult_default@2x.png";
			sourceTree = "<group>";
		};
		D569E04218FEEDFC001A1739 /* failed@2x.png */ = {
			isa = PBXVariantGroup;
			children = (
				D569E04118FEEDFC001A1739 /* ru */,
				D569E04318FEEE06001A1739 /* Base */,
			);
			name = "failed@2x.png";
			sourceTree = "<group>";
		};
		D569E04718FEEE50001A1739 /* goodjob@2x.png */ = {
			isa = PBXVariantGroup;
			children = (
				D569E04618FEEE50001A1739 /* ru */,
				D569E04818FEEE53001A1739 /* Base */,
			);
			name = "goodjob@2x.png";
			sourceTree = "<group>";
		};
		D5D6494A18D46B5100854518 /* InfoPlist.strings */ = {
			isa = PBXVariantGroup;
			children = (
				D5E39CD318E7F4F100F25012 /* ru */,
				D5E39CDC18E7F62C00F25012 /* Base */,
			);
			name = InfoPlist.strings;
			sourceTree = "<group>";
		};
		D5E39CBD18E7EDB300F25012 /* Main.storyboard */ = {
			isa = PBXVariantGroup;
			children = (
				D521FEF318E8B5AA000D52C8 /* Base */,
			);
			name = Main.storyboard;
			sourceTree = "<group>";
		};
		D5E39CE118E7F87A00F25012 /* Localizable.strings */ = {
			isa = PBXVariantGroup;
			children = (
				D5E39CE018E7F87A00F25012 /* Base */,
				D5E39CE318E7F88400F25012 /* ru */,
			);
			name = Localizable.strings;
			sourceTree = "<group>";
		};
/* End PBXVariantGroup section */

/* Begin XCBuildConfiguration section */
		D5D6496E18D46B5100854518 /* Debug */ = {
			isa = XCBuildConfiguration;
			buildSettings = {
				ALWAYS_SEARCH_USER_PATHS = NO;
				CLANG_CXX_LANGUAGE_STANDARD = "gnu++0x";
				CLANG_CXX_LIBRARY = "libc++";
				CLANG_ENABLE_MODULES = YES;
				CLANG_ENABLE_OBJC_ARC = YES;
				CLANG_WARN_BOOL_CONVERSION = YES;
				CLANG_WARN_CONSTANT_CONVERSION = YES;
				CLANG_WARN_DIRECT_OBJC_ISA_USAGE = YES_ERROR;
				CLANG_WARN_EMPTY_BODY = YES;
				CLANG_WARN_ENUM_CONVERSION = YES;
				CLANG_WARN_INT_CONVERSION = YES;
				CLANG_WARN_OBJC_IMPLICIT_RETAIN_SELF = YES;
				CLANG_WARN_OBJC_ROOT_CLASS = YES_ERROR;
				CLANG_WARN__DUPLICATE_METHOD_MATCH = YES;
				CODE_SIGN_IDENTITY = "";
				"CODE_SIGN_IDENTITY[sdk=iphoneos*]" = "";
				COPY_PHASE_STRIP = NO;
				GCC_C_LANGUAGE_STANDARD = gnu99;
				GCC_DYNAMIC_NO_PIC = NO;
				GCC_OPTIMIZATION_LEVEL = 0;
				GCC_PREPROCESSOR_DEFINITIONS = (
					"DEBUG=1",
					"$(inherited)",
				);
				GCC_SYMBOLS_PRIVATE_EXTERN = NO;
				GCC_WARN_64_TO_32_BIT_CONVERSION = YES;
				GCC_WARN_ABOUT_RETURN_TYPE = YES_ERROR;
				GCC_WARN_UNDECLARED_SELECTOR = YES;
				GCC_WARN_UNINITIALIZED_AUTOS = YES_AGGRESSIVE;
				GCC_WARN_UNUSED_FUNCTION = YES;
				GCC_WARN_UNUSED_PARAMETER = NO;
				GCC_WARN_UNUSED_VARIABLE = YES;
				IPHONEOS_DEPLOYMENT_TARGET = 7.1;
				ONLY_ACTIVE_ARCH = YES;
				SDKROOT = iphoneos;
				SPRITEKIT_TEXTURE_ATLAS_OUTPUT = YES;
				VALID_ARCHS = "armv7 armv7s";
			};
			name = Debug;
		};
		D5D6496F18D46B5100854518 /* Release */ = {
			isa = XCBuildConfiguration;
			buildSettings = {
				ALWAYS_SEARCH_USER_PATHS = NO;
				CLANG_CXX_LANGUAGE_STANDARD = "gnu++0x";
				CLANG_CXX_LIBRARY = "libc++";
				CLANG_ENABLE_MODULES = YES;
				CLANG_ENABLE_OBJC_ARC = YES;
				CLANG_WARN_BOOL_CONVERSION = YES;
				CLANG_WARN_CONSTANT_CONVERSION = YES;
				CLANG_WARN_DIRECT_OBJC_ISA_USAGE = YES_ERROR;
				CLANG_WARN_EMPTY_BODY = YES;
				CLANG_WARN_ENUM_CONVERSION = YES;
				CLANG_WARN_INT_CONVERSION = YES;
				CLANG_WARN_OBJC_IMPLICIT_RETAIN_SELF = YES;
				CLANG_WARN_OBJC_ROOT_CLASS = YES_ERROR;
				CLANG_WARN__DUPLICATE_METHOD_MATCH = YES;
				CODE_SIGN_IDENTITY = "";
				"CODE_SIGN_IDENTITY[sdk=iphoneos*]" = "";
				COPY_PHASE_STRIP = YES;
				ENABLE_NS_ASSERTIONS = NO;
				GCC_C_LANGUAGE_STANDARD = gnu99;
				GCC_WARN_64_TO_32_BIT_CONVERSION = YES;
				GCC_WARN_ABOUT_RETURN_TYPE = YES_ERROR;
				GCC_WARN_UNDECLARED_SELECTOR = YES;
				GCC_WARN_UNINITIALIZED_AUTOS = YES_AGGRESSIVE;
				GCC_WARN_UNUSED_FUNCTION = YES;
				GCC_WARN_UNUSED_PARAMETER = NO;
				GCC_WARN_UNUSED_VARIABLE = YES;
				IPHONEOS_DEPLOYMENT_TARGET = 7.1;
				ONLY_ACTIVE_ARCH = NO;
				SDKROOT = iphoneos;
				SPRITEKIT_TEXTURE_ATLAS_OUTPUT = YES;
				VALIDATE_PRODUCT = YES;
				VALID_ARCHS = "armv7 armv7s";
			};
			name = Release;
		};
		D5D6497118D46B5100854518 /* Debug */ = {
			isa = XCBuildConfiguration;
			buildSettings = {
				ASSETCATALOG_COMPILER_APPICON_NAME = AppIcon;
				ASSETCATALOG_COMPILER_LAUNCHIMAGE_NAME = LaunchImage;
				CODE_SIGN_IDENTITY = "iPhone Developer";
				"CODE_SIGN_IDENTITY[sdk=iphoneos*]" = "iPhone Developer";
				GCC_PRECOMPILE_PREFIX_HEADER = YES;
				GCC_PREFIX_HEADER = "Miner/Miner-Prefix.pch";
				INFOPLIST_FILE = "Miner/Miner-Info.plist";
				IPHONEOS_DEPLOYMENT_TARGET = 7.0;
				ONLY_ACTIVE_ARCH = NO;
				PRODUCT_NAME = Miner;
				PROVISIONING_PROFILE = "";
				SPRITEKIT_TEXTURE_ATLAS_FORMAT = RGBA8888;
				SPRITEKIT_TEXTURE_ATLAS_OUTPUT = YES;
				TARGETED_DEVICE_FAMILY = 1;
				VALID_ARCHS = "armv7s armv7";
				WRAPPER_EXTENSION = app;
			};
			name = Debug;
		};
		D5D6497218D46B5100854518 /* Release */ = {
			isa = XCBuildConfiguration;
			buildSettings = {
				ASSETCATALOG_COMPILER_APPICON_NAME = AppIcon;
				ASSETCATALOG_COMPILER_LAUNCHIMAGE_NAME = LaunchImage;
				CODE_SIGN_IDENTITY = "iPhone Distribution";
				"CODE_SIGN_IDENTITY[sdk=iphoneos*]" = "iPhone Distribution";
				GCC_PRECOMPILE_PREFIX_HEADER = YES;
				GCC_PREFIX_HEADER = "Miner/Miner-Prefix.pch";
				INFOPLIST_FILE = "Miner/Miner-Info.plist";
				IPHONEOS_DEPLOYMENT_TARGET = 7.0;
				ONLY_ACTIVE_ARCH = NO;
				PRODUCT_NAME = Miner;
				PROVISIONING_PROFILE = "171C867E-1C55-4584-A8E1-4CD39D1B6D4B";
				SPRITEKIT_TEXTURE_ATLAS_FORMAT = RGBA8888;
				SPRITEKIT_TEXTURE_ATLAS_OUTPUT = YES;
				TARGETED_DEVICE_FAMILY = 1;
				VALID_ARCHS = "armv7s armv7";
				WRAPPER_EXTENSION = app;
			};
			name = Release;
		};
		D5D6497418D46B5100854518 /* Debug */ = {
			isa = XCBuildConfiguration;
			buildSettings = {
				BUNDLE_LOADER = "$(BUILT_PRODUCTS_DIR)/Miner.app/Miner";
				FRAMEWORK_SEARCH_PATHS = (
					"$(SDKROOT)/Developer/Library/Frameworks",
					"$(inherited)",
					"$(DEVELOPER_FRAMEWORKS_DIR)",
				);
				GCC_PRECOMPILE_PREFIX_HEADER = YES;
				GCC_PREFIX_HEADER = "Miner/Miner-Prefix.pch";
				GCC_PREPROCESSOR_DEFINITIONS = (
					"DEBUG=1",
					"$(inherited)",
				);
				INFOPLIST_FILE = "MinerTests/MinerTests-Info.plist";
				PRODUCT_NAME = MinerTests;
				TEST_HOST = "$(BUNDLE_LOADER)";
				WRAPPER_EXTENSION = xctest;
			};
			name = Debug;
		};
		D5D6497518D46B5100854518 /* Release */ = {
			isa = XCBuildConfiguration;
			buildSettings = {
				BUNDLE_LOADER = "$(BUILT_PRODUCTS_DIR)/Miner.app/Miner";
				FRAMEWORK_SEARCH_PATHS = (
					"$(SDKROOT)/Developer/Library/Frameworks",
					"$(inherited)",
					"$(DEVELOPER_FRAMEWORKS_DIR)",
				);
				GCC_PRECOMPILE_PREFIX_HEADER = YES;
				GCC_PREFIX_HEADER = "Miner/Miner-Prefix.pch";
				INFOPLIST_FILE = "MinerTests/MinerTests-Info.plist";
				PRODUCT_NAME = MinerTests;
				TEST_HOST = "$(BUNDLE_LOADER)";
				WRAPPER_EXTENSION = xctest;
			};
			name = Release;
		};
/* End XCBuildConfiguration section */

/* Begin XCConfigurationList section */
		D5D6493918D46B5100854518 /* Build configuration list for PBXProject "Miner" */ = {
			isa = XCConfigurationList;
			buildConfigurations = (
				D5D6496E18D46B5100854518 /* Debug */,
				D5D6496F18D46B5100854518 /* Release */,
			);
			defaultConfigurationIsVisible = 0;
			defaultConfigurationName = Release;
		};
		D5D6497018D46B5100854518 /* Build configuration list for PBXNativeTarget "Miner" */ = {
			isa = XCConfigurationList;
			buildConfigurations = (
				D5D6497118D46B5100854518 /* Debug */,
				D5D6497218D46B5100854518 /* Release */,
			);
			defaultConfigurationIsVisible = 0;
			defaultConfigurationName = Release;
		};
		D5D6497318D46B5100854518 /* Build configuration list for PBXNativeTarget "MinerTests" */ = {
			isa = XCConfigurationList;
			buildConfigurations = (
				D5D6497418D46B5100854518 /* Debug */,
				D5D6497518D46B5100854518 /* Release */,
			);
			defaultConfigurationIsVisible = 0;
			defaultConfigurationName = Release;
		};
/* End XCConfigurationList section */
	};
	rootObject = D5D6493618D46B5100854518 /* Project object */;
}
