// !$*UTF8*$!
{
	archiveVersion = 1;
	classes = {
	};
	objectVersion = 46;
	objects = {

/* Begin PBXBuildFile section */
		1A9A0017EA27E17B3C15CEBD /* BGGameViewController.m in Sources */ = {isa = PBXBuildFile; fileRef = 1A9A0C77CB64CEF4B1ED2CCE /* BGGameViewController.m */; };
		1A9A00538D085F92DC559220 /* button_down_hard@2x.png in Resources */ = {isa = PBXBuildFile; fileRef = 1A9A04311424A95DBD5C0977 /* button_down_hard@2x.png */; };
		1A9A0056561A5EDBA2D039BA /* libFlurryAds_5.0.0.a in Frameworks */ = {isa = PBXBuildFile; fileRef = 1A9A09F73356426668E799D7 /* libFlurryAds_5.0.0.a */; };
		1A9A00727933BD393EAC06E0 /* button_play_down@2x.png in Resources */ = {isa = PBXBuildFile; fileRef = 1A9A0F98C98D6F56BF5DDF17 /* button_play_down@2x.png */; };
		1A9A00B4A9BCC63016A731C0 /* back_down@2x.png in Resources */ = {isa = PBXBuildFile; fileRef = 1A9A02D77C1FCC8A0C7CFA2E /* back_down@2x.png */; };
		1A9A0132817F769006F9FEEF /* score@2x.png in Resources */ = {isa = PBXBuildFile; fileRef = 1A9A0DD4451E39418183FFD1 /* score@2x.png */; };
		1A9A015861C86F4FA454BCA9 /* button_down_1510@2x.png in Resources */ = {isa = PBXBuildFile; fileRef = 1A9A0948F17032AF6DED5E90 /* button_down_1510@2x.png */; };
		1A9A01641CDA9BD10F317A45 /* GrassAnimation.atlas in Resources */ = {isa = PBXBuildFile; fileRef = 1A9A042BFEC5366841FB4F2D /* GrassAnimation.atlas */; };
		1A9A01853A0BB677BFCCFB05 /* buttonTap.mp3 in Resources */ = {isa = PBXBuildFile; fileRef = 1A9A04B0FAB94FABEBB139C9 /* buttonTap.mp3 */; };
		1A9A01B9DFED993B963F6688 /* top_game@2x.png in Resources */ = {isa = PBXBuildFile; fileRef = 1A9A098CC6247713BE9E6378 /* top_game@2x.png */; };
		1A9A01BFC2E688C67F737132 /* button_down_128@2x.png in Resources */ = {isa = PBXBuildFile; fileRef = 1A9A092EC53E0AA6BBAA2DC8 /* button_down_128@2x.png */; };
		1A9A01EB21C9DD603A9C9236 /* README.md in Resources */ = {isa = PBXBuildFile; fileRef = 1A9A03E6ECC4D69A6423A961 /* README.md */; };
		1A9A0219D92AAF363E21B189 /* score_table@2x.png in Resources */ = {isa = PBXBuildFile; fileRef = 1A9A065071039C7C553ADD8F /* score_table@2x.png */; };
		1A9A025D7218E57009C00B32 /* NAGUISwitch.m in Sources */ = {isa = PBXBuildFile; fileRef = 1A9A06E1C8C18EE3BCA24FA8 /* NAGUISwitch.m */; };
		1A9A02E36FF23270FEC10CC8 /* NAGResourcePreloader.m in Sources */ = {isa = PBXBuildFile; fileRef = 1A9A0D8241BD943D88289715 /* NAGResourcePreloader.m */; };
		1A9A039C8D034E5D026D2913 /* libFlurry_5.0.0.a in Frameworks */ = {isa = PBXBuildFile; fileRef = 1A9A0D01224FF0A2C8C9CDF0 /* libFlurry_5.0.0.a */; };
		1A9A03EA7BFA1B76E0EF3565 /* BGOptionsViewController.m in Sources */ = {isa = PBXBuildFile; fileRef = 1A9A0A2C5881C7B49853441F /* BGOptionsViewController.m */; };
		1A9A04249B36C15F13B94CE2 /* button_play@2x.png in Resources */ = {isa = PBXBuildFile; fileRef = 1A9A0B2D923CFADB13058BB0 /* button_play@2x.png */; };
		1A9A04436954BBD988CC47E5 /* switchON.mp3 in Resources */ = {isa = PBXBuildFile; fileRef = 1A9A089200A1C5BB1D879138 /* switchON.mp3 */; };
		1A9A049CF8AEDE653A093705 /* difficult_default@2x.png in Resources */ = {isa = PBXBuildFile; fileRef = 1A9A049A17A78B85C5B6BEDB /* difficult_default@2x.png */; };
		1A9A04D379C29A8D9C482491 /* MineAnimation.atlas in Resources */ = {isa = PBXBuildFile; fileRef = 1A9A0A24750D5F4BBBEA3ACC /* MineAnimation.atlas */; };
		1A9A058A4453EED6021CD23B /* libFlurryAds_5.0.0.a in Frameworks */ = {isa = PBXBuildFile; fileRef = 1A9A03593B498028086A1F4E /* libFlurryAds_5.0.0.a */; };
		1A9A06599755A6C8E7AF947A /* Explosion.atlas in Resources */ = {isa = PBXBuildFile; fileRef = 1A9A08D4EEFDB8F5B1AC3AC4 /* Explosion.atlas */; };
		1A9A066F3385594CE787529F /* libFlurry_5.0.0.a in Frameworks */ = {isa = PBXBuildFile; fileRef = 1A9A02BF190D094879605BC9 /* libFlurry_5.0.0.a */; };
		1A9A06CD10713BDF2EE55A60 /* BGViewController.m in Sources */ = {isa = PBXBuildFile; fileRef = 1A9A0A4A43C16AB0531403B3 /* BGViewController.m */; };
		1A9A07C12B3BB0D81043487B /* back@2x.png in Resources */ = {isa = PBXBuildFile; fileRef = 1A9A008FC38107E2DB73FCE2 /* back@2x.png */; };
		1A9A07E1FFD9356FD7278706 /* Security.framework in Frameworks */ = {isa = PBXBuildFile; fileRef = 1A9A06D4E6DDD557A60903D6 /* Security.framework */; };
		1A9A08145B2869349CE28D58 /* NAGSettingsManager.m in Sources */ = {isa = PBXBuildFile; fileRef = 1A9A0AA0A666BD8824E14438 /* NAGSettingsManager.m */; };
		1A9A0851BD243850A6CFE2BC /* button_down_easy@2x.png in Resources */ = {isa = PBXBuildFile; fileRef = 1A9A02DD8FBDBF653C96B69B /* button_down_easy@2x.png */; };
		1A9A0892D9C74B1BA9F50D08 /* NAGSKView.m in Sources */ = {isa = PBXBuildFile; fileRef = 1A9A09FF2A24D2606048A0EB /* NAGSKView.m */; };
		1A9A0912E01805D8038C7EE6 /* game_button_on@2x.png in Resources */ = {isa = PBXBuildFile; fileRef = 1A9A0C3FDB0DE070A17AEA4E /* game_button_on@2x.png */; };
		1A9A091498F2F1C875A38A51 /* goodjob@2x.png in Resources */ = {isa = PBXBuildFile; fileRef = 1A9A02C76F0AAAAB0D734FBF /* goodjob@2x.png */; };
		1A9A0968554A9B0A4F96395A /* game_button_off@2x.png in Resources */ = {isa = PBXBuildFile; fileRef = 1A9A0F6AC7D4F596F736BAE8 /* game_button_off@2x.png */; };
		1A9A0A61F807C538E525267A /* UIKit.framework in Frameworks */ = {isa = PBXBuildFile; fileRef = D5D6494518D46B5100854518 /* UIKit.framework */; };
		1A9A0A75560204CC10EECF0A /* Digital.ttf in Resources */ = {isa = PBXBuildFile; fileRef = 1A9A0A168097146E939877B5 /* Digital.ttf */; };
		1A9A0AAD5462A8D6653CE556 /* Tiles.atlas in Resources */ = {isa = PBXBuildFile; fileRef = 1A9A0F84866F3D6B429F2283 /* Tiles.atlas */; };
		1A9A0AD41CA2FC52A5F76BDA /* switchOFF.mp3 in Resources */ = {isa = PBXBuildFile; fileRef = 1A9A0A46F498E9336A24C1C5 /* switchOFF.mp3 */; };
		1A9A0B3A7FC3792835FEF20B /* flagTapOn.mp3 in Resources */ = {isa = PBXBuildFile; fileRef = 1A9A0128D8497BDF547C9A5A /* flagTapOn.mp3 */; };
		1A9A0B4A8AE64D9389519A08 /* field_deafult@2x.png in Resources */ = {isa = PBXBuildFile; fileRef = 1A9A050881AF167BB44A8C31 /* field_deafult@2x.png */; };
		1A9A0C0B49ABB18F7C86E95D /* grassTap.mp3 in Resources */ = {isa = PBXBuildFile; fileRef = 1A9A0CEE80CA0004C30D4556 /* grassTap.mp3 */; };
		1A9A0C5D475E72081B9DC401 /* button_down_2416@2x.png in Resources */ = {isa = PBXBuildFile; fileRef = 1A9A0FA0650CB150B5D1766B /* button_down_2416@2x.png */; };
		1A9A0CA43C4CD4D69C83F9BE /* UIKit.framework in Frameworks */ = {isa = PBXBuildFile; fileRef = D5D6494518D46B5100854518 /* UIKit.framework */; };
		1A9A0CFF207B4E113B651810 /* BGNavigationViewController.m in Sources */ = {isa = PBXBuildFile; fileRef = 1A9A09A149C4BFABF43FA715 /* BGNavigationViewController.m */; };
		1A9A0D5D11C0FAE4E418E7F5 /* failed@2x.png in Resources */ = {isa = PBXBuildFile; fileRef = 1A9A0604AAF04B4656D8EF89 /* failed@2x.png */; };
		1A9A0D995EB9DC8968A3D56E /* Default.png in Resources */ = {isa = PBXBuildFile; fileRef = 1A9A09AD6F1D3C969A8E6347 /* Default.png */; };
		1A9A0DD29325F19D4F57E583 /* SystemConfiguration.framework in Frameworks */ = {isa = PBXBuildFile; fileRef = 1A9A03D1DAF6E1BEE5396866 /* SystemConfiguration.framework */; };
		1A9A0E4DAABC631B5B30C437 /* miner_config@2x.png in Resources */ = {isa = PBXBuildFile; fileRef = 1A9A0E03EE9E5C5655E43BCA /* miner_config@2x.png */; };
		1A9A0E83283237D53CB75F15 /* NAGMinerField.m in Sources */ = {isa = PBXBuildFile; fileRef = 1A9A0D5426C089C702BADF62 /* NAGMinerField.m */; };
		1A9A0ECF5D918A6DEC3462E2 /* button_options_down@2x.png in Resources */ = {isa = PBXBuildFile; fileRef = 1A9A0D72A7323258DEEE7BA1 /* button_options_down@2x.png */; };
		1A9A0EDB0E0C80000B12855D /* NAGUISegmentedControl.m in Sources */ = {isa = PBXBuildFile; fileRef = 1A9A0E8269320A2D346AC4CC /* NAGUISegmentedControl.m */; };
		1A9A0F2D4492C3A6E75664FC /* SpriteKit.framework in Frameworks */ = {isa = PBXBuildFile; fileRef = D5D6498218D47A2C00854518 /* SpriteKit.framework */; };
		1A9A0F38CC8925F7AEF165BE /* button_options@2x.png in Resources */ = {isa = PBXBuildFile; fileRef = 1A9A0003719578105D5F5AF1 /* button_options@2x.png */; };
		1A9A0F8319060EEF2360662E /* switch_1@2x.png in Resources */ = {isa = PBXBuildFile; fileRef = 1A9A05E0374F3C6B9F0DB44A /* switch_1@2x.png */; };
		1A9A0F951C08CE8D98C1A14B /* button_down_norm@2x.png in Resources */ = {isa = PBXBuildFile; fileRef = 1A9A050D1C4DC96B18B513B4 /* button_down_norm@2x.png */; };
		1A9A0FBD797B1D63A0C94904 /* miner_main@2x.png in Resources */ = {isa = PBXBuildFile; fileRef = 1A9A04D6CAF4DC4C9DB33C39 /* miner_main@2x.png */; };
		1A9A0FFEB4E2CEBBF4D29718 /* switch_0@2x.png in Resources */ = {isa = PBXBuildFile; fileRef = 1A9A068B41D5D35D5A489233 /* switch_0@2x.png */; };
		D50D896618F3D6B000617442 /* difficulty@2x.png in Resources */ = {isa = PBXBuildFile; fileRef = D50D896818F3D6B000617442 /* difficulty@2x.png */; };
		D50D897318F3D83400617442 /* field_size@2x.png in Resources */ = {isa = PBXBuildFile; fileRef = D50D897518F3D83400617442 /* field_size@2x.png */; };
		D50D897818F3D89600617442 /* sounds@2x.png in Resources */ = {isa = PBXBuildFile; fileRef = D50D897A18F3D89600617442 /* sounds@2x.png */; };
		D521FEF618E8C2B3000D52C8 /* iAd.framework in Frameworks */ = {isa = PBXBuildFile; fileRef = D521FEF518E8C2B3000D52C8 /* iAd.framework */; };
		D53D2E5119251EFD00C365C2 /* game_center@2x.png in Resources */ = {isa = PBXBuildFile; fileRef = D53D2E5019251EFD00C365C2 /* game_center@2x.png */; };
		D55DDA9D1901CFBD00C505A7 /* explosion.wav in Resources */ = {isa = PBXBuildFile; fileRef = D55DDA9C1901CFBD00C505A7 /* explosion.wav */; };
		D59F3CB819122A5700E82FCD /* GameKit.framework in Frameworks */ = {isa = PBXBuildFile; fileRef = D59F3CB719122A5700E82FCD /* GameKit.framework */; };
		D5B7A88318FD0E21004B2348 /* flagTapOff.mp3 in Resources */ = {isa = PBXBuildFile; fileRef = D5B7A88218FD0E21004B2348 /* flagTapOff.mp3 */; };
		D5D6494218D46B5100854518 /* Foundation.framework in Frameworks */ = {isa = PBXBuildFile; fileRef = D5D6494118D46B5100854518 /* Foundation.framework */; };
		D5D6494418D46B5100854518 /* CoreGraphics.framework in Frameworks */ = {isa = PBXBuildFile; fileRef = D5D6494318D46B5100854518 /* CoreGraphics.framework */; };
		D5D6494618D46B5100854518 /* UIKit.framework in Frameworks */ = {isa = PBXBuildFile; fileRef = D5D6494518D46B5100854518 /* UIKit.framework */; };
		D5D6494C18D46B5100854518 /* InfoPlist.strings in Resources */ = {isa = PBXBuildFile; fileRef = D5D6494A18D46B5100854518 /* InfoPlist.strings */; };
		D5D6494E18D46B5100854518 /* main.m in Sources */ = {isa = PBXBuildFile; fileRef = D5D6494D18D46B5100854518 /* main.m */; };
		D5D6495218D46B5100854518 /* BGAppDelegate.m in Sources */ = {isa = PBXBuildFile; fileRef = D5D6495118D46B5100854518 /* BGAppDelegate.m */; };
		D5D6495A18D46B5100854518 /* Images.xcassets in Resources */ = {isa = PBXBuildFile; fileRef = D5D6495918D46B5100854518 /* Images.xcassets */; };
		D5D6496118D46B5100854518 /* XCTest.framework in Frameworks */ = {isa = PBXBuildFile; fileRef = D5D6496018D46B5100854518 /* XCTest.framework */; };
		D5D6496218D46B5100854518 /* Foundation.framework in Frameworks */ = {isa = PBXBuildFile; fileRef = D5D6494118D46B5100854518 /* Foundation.framework */; };
		D5D6496318D46B5100854518 /* UIKit.framework in Frameworks */ = {isa = PBXBuildFile; fileRef = D5D6494518D46B5100854518 /* UIKit.framework */; };
		D5D6498318D47A2C00854518 /* SpriteKit.framework in Frameworks */ = {isa = PBXBuildFile; fileRef = D5D6498218D47A2C00854518 /* SpriteKit.framework */; settings = {ATTRIBUTES = (Weak, ); }; };
		D5E39CBB18E7EDB300F25012 /* Main.storyboard in Resources */ = {isa = PBXBuildFile; fileRef = D5E39CBD18E7EDB300F25012 /* Main.storyboard */; };
		D5E39CDF18E7F87A00F25012 /* Localizable.strings in Resources */ = {isa = PBXBuildFile; fileRef = D5E39CE118E7F87A00F25012 /* Localizable.strings */; };
		D5F99E0D19263E3100725815 /* AdSupport.framework in Frameworks */ = {isa = PBXBuildFile; fileRef = D5F99E0C19263E3100725815 /* AdSupport.framework */; settings = {ATTRIBUTES = (Weak, ); }; };
		D5F99E0F19263E3D00725815 /* MediaPlayer.framework in Frameworks */ = {isa = PBXBuildFile; fileRef = D5F99E0E19263E3D00725815 /* MediaPlayer.framework */; };
		D5F99E1119263E5D00725815 /* StoreKit.framework in Frameworks */ = {isa = PBXBuildFile; fileRef = D5F99E1019263E5D00725815 /* StoreKit.framework */; };
		D5F99F6119263FFE00725815 /* libz.dylib in Frameworks */ = {isa = PBXBuildFile; fileRef = D5F99F6019263FFE00725815 /* libz.dylib */; };
/* End PBXBuildFile section */

/* Begin PBXBuildRule section */
		D53D2E521925315500C365C2 /* PBXBuildRule */ = {
			isa = PBXBuildRule;
			compilerSpec = com.apple.compilers.proxy.script;
			filePatterns = "*.atlas";
			fileType = pattern.proxy;
			isEditable = 1;
			outputFiles = (
				"${DERIVED_FILE_DIR}/${INPUT_FILE_BASE}.atlasc",
			);
			script = "${DEVELOPER_TOOLS_DIR}/../usr/bin/TextureAtlas ${INPUT_FILE_PATH} ${DERIVED_FILE_DIR}";
		};
/* End PBXBuildRule section */

/* Begin PBXContainerItemProxy section */
		D5D6496418D46B5100854518 /* PBXContainerItemProxy */ = {
			isa = PBXContainerItemProxy;
			containerPortal = D5D6493618D46B5100854518 /* Project object */;
			proxyType = 1;
			remoteGlobalIDString = D5D6493D18D46B5100854518;
			remoteInfo = Miner;
		};
/* End PBXContainerItemProxy section */

/* Begin PBXFileReference section */
		06B4FA0766424619B4943F06 /* Pods-Miner.xcconfig */ = {isa = PBXFileReference; includeInIndex = 1; lastKnownFileType = text.xcconfig; name = "Pods-Miner.xcconfig"; path = "Pods/Pods-Miner.xcconfig"; sourceTree = "<group>"; };
		1A9A005BB53FEB974F5A0CC4 /* BGGameViewController.h */ = {isa = PBXFileReference; fileEncoding = 4; lastKnownFileType = sourcecode.c.h; path = BGGameViewController.h; sourceTree = "<group>"; };
		1A9A008FC38107E2DB73FCE2 /* back@2x.png */ = {isa = PBXFileReference; lastKnownFileType = image.png; path = "back@2x.png"; sourceTree = "<group>"; };
		1A9A00B5B9DF5D8D09120772 /* Base */ = {isa = PBXFileReference; lastKnownFileType = image.png; name = Base; path = "Base.lproj/button_options@2x.png"; sourceTree = "<group>"; };
		1A9A00D8AC92563723848390 /* FlurryAdDelegate.h */ = {isa = PBXFileReference; fileEncoding = 4; lastKnownFileType = sourcecode.c.h; path = FlurryAdDelegate.h; sourceTree = "<group>"; };
		1A9A010D7F210BF3E5916EB6 /* Base */ = {isa = PBXFileReference; lastKnownFileType = image.png; name = Base; path = "Miner/Resources/Images/WinFailImages/Base.lproj/score@2x.png"; sourceTree = SOURCE_ROOT; };
		1A9A0128D8497BDF547C9A5A /* flagTapOn.mp3 */ = {isa = PBXFileReference; lastKnownFileType = audio.mp3; path = flagTapOn.mp3; sourceTree = "<group>"; };
		1A9A0164D9802304CC7A7170 /* NAGSettingsManager.h */ = {isa = PBXFileReference; fileEncoding = 4; lastKnownFileType = sourcecode.c.h; path = NAGSettingsManager.h; sourceTree = "<group>"; };
		1A9A01767E3876865BB1CA2D /* BGViewController.h */ = {isa = PBXFileReference; fileEncoding = 4; lastKnownFileType = sourcecode.c.h; path = BGViewController.h; sourceTree = "<group>"; };
		1A9A0215C0477D486081EDD0 /* ru */ = {isa = PBXFileReference; lastKnownFileType = image.png; name = ru; path = "ru.lproj/button_options_down@2x.png"; sourceTree = "<group>"; };
		1A9A02B204C3068D230AF4B4 /* NAGResourcePreloader.h */ = {isa = PBXFileReference; fileEncoding = 4; lastKnownFileType = sourcecode.c.h; path = NAGResourcePreloader.h; sourceTree = "<group>"; };
		1A9A02BF190D094879605BC9 /* libFlurry_5.0.0.a */ = {isa = PBXFileReference; lastKnownFileType = archive.ar; name = libFlurry_5.0.0.a; path = /Users/new/Documents/Development/Miner/Miner/ExternalLibraries/Flurry/libFlurry_5.0.0.a; sourceTree = "<absolute>"; };
		1A9A02C76F0AAAAB0D734FBF /* goodjob@2x.png */ = {isa = PBXFileReference; lastKnownFileType = image.png; path = "goodjob@2x.png"; sourceTree = "<group>"; };
		1A9A02D6FCBEEBCA30488B25 /* BGNavigationViewController.h */ = {isa = PBXFileReference; fileEncoding = 4; lastKnownFileType = sourcecode.c.h; path = BGNavigationViewController.h; sourceTree = "<group>"; };
		1A9A02D77C1FCC8A0C7CFA2E /* back_down@2x.png */ = {isa = PBXFileReference; lastKnownFileType = image.png; path = "back_down@2x.png"; sourceTree = "<group>"; };
		1A9A02FC731EB7D149CF1D54 /* Flurry.h */ = {isa = PBXFileReference; fileEncoding = 4; lastKnownFileType = sourcecode.c.h; path = Flurry.h; sourceTree = "<group>"; };
		1A9A03593B498028086A1F4E /* libFlurryAds_5.0.0.a */ = {isa = PBXFileReference; lastKnownFileType = archive.ar; name = libFlurryAds_5.0.0.a; path = /Users/new/Documents/Development/Miner/Miner/ExternalLibraries/FlurryAds/libFlurryAds_5.0.0.a; sourceTree = "<absolute>"; };
		1A9A03D1DAF6E1BEE5396866 /* SystemConfiguration.framework */ = {isa = PBXFileReference; lastKnownFileType = wrapper.framework; name = SystemConfiguration.framework; path = System/Library/Frameworks/SystemConfiguration.framework; sourceTree = SDKROOT; };
		1A9A03E6ECC4D69A6423A961 /* README.md */ = {isa = PBXFileReference; lastKnownFileType = file.md; path = README.md; sourceTree = "<group>"; };
		1A9A042BFEC5366841FB4F2D /* GrassAnimation.atlas */ = {isa = PBXFileReference; lastKnownFileType = folder.skatlas; path = GrassAnimation.atlas; sourceTree = "<group>"; };
		1A9A049EAB4DB613391FBFDE /* Base */ = {isa = PBXFileReference; lastKnownFileType = image.png; name = Base; path = "Miner/Resources/Images/DifficultyPanel/Base.lproj/button_down_easy@2x.png"; sourceTree = SOURCE_ROOT; };
		1A9A04B0FAB94FABEBB139C9 /* buttonTap.mp3 */ = {isa = PBXFileReference; lastKnownFileType = audio.mp3; path = buttonTap.mp3; sourceTree = "<group>"; };
		1A9A04D65FADC20AE88D7775 /* ru */ = {isa = PBXFileReference; lastKnownFileType = image.png; name = ru; path = "Miner/Resources/Images/WinFailImages/ru.lproj/score@2x.png"; sourceTree = SOURCE_ROOT; };
		1A9A04D6CAF4DC4C9DB33C39 /* miner_main@2x.png */ = {isa = PBXFileReference; lastKnownFileType = image.png; path = "miner_main@2x.png"; sourceTree = "<group>"; };
		1A9A04F52844E1BF4E48E5A2 /* ru */ = {isa = PBXFileReference; lastKnownFileType = image.png; name = ru; path = "Miner/Resources/Images/DifficultyPanel/ru.lproj/button_down_easy@2x.png"; sourceTree = SOURCE_ROOT; };
		1A9A050881AF167BB44A8C31 /* field_deafult@2x.png */ = {isa = PBXFileReference; lastKnownFileType = image.png; path = "field_deafult@2x.png"; sourceTree = "<group>"; };
		1A9A0520A4FBA6F3B4FB338B /* Base */ = {isa = PBXFileReference; lastKnownFileType = image.png; name = Base; path = "Miner/Resources/Images/DifficultyPanel/Base.lproj/button_down_norm@2x.png"; sourceTree = SOURCE_ROOT; };
		1A9A0535D639111F86ACEEF1 /* NAGUISwitch.h */ = {isa = PBXFileReference; fileEncoding = 4; lastKnownFileType = sourcecode.c.h; path = NAGUISwitch.h; sourceTree = "<group>"; };
		1A9A05E0374F3C6B9F0DB44A /* switch_1@2x.png */ = {isa = PBXFileReference; lastKnownFileType = image.png; path = "switch_1@2x.png"; sourceTree = "<group>"; };
		1A9A0604AAF04B4656D8EF89 /* failed@2x.png */ = {isa = PBXFileReference; lastKnownFileType = image.png; path = "failed@2x.png"; sourceTree = "<group>"; };
		1A9A065071039C7C553ADD8F /* score_table@2x.png */ = {isa = PBXFileReference; lastKnownFileType = image.png; path = "score_table@2x.png"; sourceTree = "<group>"; };
		1A9A068B41D5D35D5A489233 /* switch_0@2x.png */ = {isa = PBXFileReference; lastKnownFileType = image.png; path = "switch_0@2x.png"; sourceTree = "<group>"; };
		1A9A06D4E6DDD557A60903D6 /* Security.framework */ = {isa = PBXFileReference; lastKnownFileType = wrapper.framework; name = Security.framework; path = System/Library/Frameworks/Security.framework; sourceTree = SDKROOT; };
		1A9A06E1C8C18EE3BCA24FA8 /* NAGUISwitch.m */ = {isa = PBXFileReference; fileEncoding = 4; lastKnownFileType = sourcecode.c.objc; path = NAGUISwitch.m; sourceTree = "<group>"; };
		1A9A07AA52C65A1D9067D1D3 /* NAGMinerField.h */ = {isa = PBXFileReference; fileEncoding = 4; lastKnownFileType = sourcecode.c.h; path = NAGMinerField.h; sourceTree = "<group>"; };
		1A9A07AAB798E6B97B91812F /* Base */ = {isa = PBXFileReference; lastKnownFileType = image.png; name = Base; path = "Miner/Resources/Images/DifficultyPanel/Base.lproj/difficult_default@2x.png"; sourceTree = SOURCE_ROOT; };
		1A9A07D3FAEF194105D5EE59 /* NAGUtilityLibrary.h */ = {isa = PBXFileReference; fileEncoding = 4; lastKnownFileType = sourcecode.c.h; path = NAGUtilityLibrary.h; sourceTree = "<group>"; };
		1A9A08809BA4A2943021374E /* ru */ = {isa = PBXFileReference; lastKnownFileType = image.png; name = ru; path = "Miner/Resources/Images/DifficultyPanel/ru.lproj/difficult_default@2x.png"; sourceTree = SOURCE_ROOT; };
		1A9A089200A1C5BB1D879138 /* switchON.mp3 */ = {isa = PBXFileReference; lastKnownFileType = audio.mp3; path = switchON.mp3; sourceTree = "<group>"; };
		1A9A08D4EEFDB8F5B1AC3AC4 /* Explosion.atlas */ = {isa = PBXFileReference; lastKnownFileType = folder.skatlas; path = Explosion.atlas; sourceTree = "<group>"; };
		1A9A091262A3E9E45E2C5D90 /* ru */ = {isa = PBXFileReference; lastKnownFileType = image.png; name = ru; path = "ru.lproj/button_play@2x.png"; sourceTree = "<group>"; };
		1A9A092EC53E0AA6BBAA2DC8 /* button_down_128@2x.png */ = {isa = PBXFileReference; lastKnownFileType = image.png; path = "button_down_128@2x.png"; sourceTree = "<group>"; };
		1A9A0948F17032AF6DED5E90 /* button_down_1510@2x.png */ = {isa = PBXFileReference; lastKnownFileType = image.png; path = "button_down_1510@2x.png"; sourceTree = "<group>"; };
		1A9A098CC6247713BE9E6378 /* top_game@2x.png */ = {isa = PBXFileReference; lastKnownFileType = image.png; path = "top_game@2x.png"; sourceTree = "<group>"; };
		1A9A09A149C4BFABF43FA715 /* BGNavigationViewController.m */ = {isa = PBXFileReference; fileEncoding = 4; lastKnownFileType = sourcecode.c.objc; path = BGNavigationViewController.m; sourceTree = "<group>"; };
		1A9A09AD6F1D3C969A8E6347 /* Default.png */ = {isa = PBXFileReference; lastKnownFileType = image.png; path = Default.png; sourceTree = "<group>"; };
		1A9A09F5CD625B44E176548D /* Base */ = {isa = PBXFileReference; lastKnownFileType = image.png; name = Base; path = "Base.lproj/button_options_down@2x.png"; sourceTree = "<group>"; };
		1A9A09F73356426668E799D7 /* libFlurryAds_5.0.0.a */ = {isa = PBXFileReference; lastKnownFileType = archive.ar; path = libFlurryAds_5.0.0.a; sourceTree = "<group>"; };
		1A9A09FF2A24D2606048A0EB /* NAGSKView.m */ = {isa = PBXFileReference; fileEncoding = 4; lastKnownFileType = sourcecode.c.objc; path = NAGSKView.m; sourceTree = "<group>"; };
		1A9A0A168097146E939877B5 /* Digital.ttf */ = {isa = PBXFileReference; lastKnownFileType = file.ttf; path = Digital.ttf; sourceTree = "<group>"; };
		1A9A0A24750D5F4BBBEA3ACC /* MineAnimation.atlas */ = {isa = PBXFileReference; lastKnownFileType = folder.skatlas; path = MineAnimation.atlas; sourceTree = "<group>"; };
		1A9A0A2C5881C7B49853441F /* BGOptionsViewController.m */ = {isa = PBXFileReference; fileEncoding = 4; lastKnownFileType = sourcecode.c.objc; path = BGOptionsViewController.m; sourceTree = "<group>"; };
		1A9A0A46F498E9336A24C1C5 /* switchOFF.mp3 */ = {isa = PBXFileReference; lastKnownFileType = audio.mp3; path = switchOFF.mp3; sourceTree = "<group>"; };
		1A9A0A4A43C16AB0531403B3 /* BGViewController.m */ = {isa = PBXFileReference; fileEncoding = 4; lastKnownFileType = sourcecode.c.objc; path = BGViewController.m; sourceTree = "<group>"; };
		1A9A0AA0A666BD8824E14438 /* NAGSettingsManager.m */ = {isa = PBXFileReference; fileEncoding = 4; lastKnownFileType = sourcecode.c.objc; path = NAGSettingsManager.m; sourceTree = "<group>"; };
		1A9A0B11B5D0819DBD1ECD8A /* NAGUISegmentedControl.h */ = {isa = PBXFileReference; fileEncoding = 4; lastKnownFileType = sourcecode.c.h; path = NAGUISegmentedControl.h; sourceTree = "<group>"; };
		1A9A0B6F52422ABC7674658E /* NAGSKView.h */ = {isa = PBXFileReference; fileEncoding = 4; lastKnownFileType = sourcecode.c.h; path = NAGSKView.h; sourceTree = "<group>"; };
		1A9A0BC668161B8E6A8C9B39 /* FlurryAds.h */ = {isa = PBXFileReference; fileEncoding = 4; lastKnownFileType = sourcecode.c.h; path = FlurryAds.h; sourceTree = "<group>"; };
		1A9A0C3FDB0DE070A17AEA4E /* game_button_on@2x.png */ = {isa = PBXFileReference; lastKnownFileType = image.png; path = "game_button_on@2x.png"; sourceTree = "<group>"; };
		1A9A0C77CB64CEF4B1ED2CCE /* BGGameViewController.m */ = {isa = PBXFileReference; fileEncoding = 4; lastKnownFileType = sourcecode.c.objc; path = BGGameViewController.m; sourceTree = "<group>"; };
		1A9A0C8FC1C06EB621E4DE15 /* ru */ = {isa = PBXFileReference; lastKnownFileType = image.png; name = ru; path = "ru.lproj/button_options@2x.png"; sourceTree = "<group>"; };
		1A9A0CEE80CA0004C30D4556 /* grassTap.mp3 */ = {isa = PBXFileReference; lastKnownFileType = audio.mp3; path = grassTap.mp3; sourceTree = "<group>"; };
		1A9A0D01224FF0A2C8C9CDF0 /* libFlurry_5.0.0.a */ = {isa = PBXFileReference; lastKnownFileType = archive.ar; path = libFlurry_5.0.0.a; sourceTree = "<group>"; };
		1A9A0D5426C089C702BADF62 /* NAGMinerField.m */ = {isa = PBXFileReference; fileEncoding = 4; lastKnownFileType = sourcecode.c.objc; path = NAGMinerField.m; sourceTree = "<group>"; };
		1A9A0D8241BD943D88289715 /* NAGResourcePreloader.m */ = {isa = PBXFileReference; fileEncoding = 4; lastKnownFileType = sourcecode.c.objc; path = NAGResourcePreloader.m; sourceTree = "<group>"; };
		1A9A0E03EE9E5C5655E43BCA /* miner_config@2x.png */ = {isa = PBXFileReference; lastKnownFileType = image.png; path = "miner_config@2x.png"; sourceTree = "<group>"; };
		1A9A0E487555A0A1DDFD2577 /* Base */ = {isa = PBXFileReference; lastKnownFileType = image.png; name = Base; path = "Base.lproj/button_play_down@2x.png"; sourceTree = "<group>"; };
		1A9A0E48FB7C1062E7829960 /* ru */ = {isa = PBXFileReference; lastKnownFileType = image.png; name = ru; path = "Miner/Resources/Images/DifficultyPanel/ru.lproj/button_down_norm@2x.png"; sourceTree = SOURCE_ROOT; };
		1A9A0E5AE69EE35B1960BA28 /* Base */ = {isa = PBXFileReference; lastKnownFileType = image.png; name = Base; path = "Base.lproj/button_play@2x.png"; sourceTree = "<group>"; };
		1A9A0E8269320A2D346AC4CC /* NAGUISegmentedControl.m */ = {isa = PBXFileReference; fileEncoding = 4; lastKnownFileType = sourcecode.c.objc; path = NAGUISegmentedControl.m; sourceTree = "<group>"; };
		1A9A0EE5ACDDA20D210D65F4 /* ru */ = {isa = PBXFileReference; lastKnownFileType = image.png; name = ru; path = "ru.lproj/button_play_down@2x.png"; sourceTree = "<group>"; };
		1A9A0F1BABFA2C52CD749584 /* NAGLog.h */ = {isa = PBXFileReference; fileEncoding = 4; lastKnownFileType = sourcecode.c.h; path = NAGLog.h; sourceTree = "<group>"; };
		1A9A0F6AC7D4F596F736BAE8 /* game_button_off@2x.png */ = {isa = PBXFileReference; lastKnownFileType = image.png; path = "game_button_off@2x.png"; sourceTree = "<group>"; };
		1A9A0F6D0B209473262B0C98 /* Base */ = {isa = PBXFileReference; lastKnownFileType = image.png; name = Base; path = "Miner/Resources/Images/DifficultyPanel/Base.lproj/button_down_hard@2x.png"; sourceTree = SOURCE_ROOT; };
		1A9A0F84866F3D6B429F2283 /* Tiles.atlas */ = {isa = PBXFileReference; lastKnownFileType = folder.skatlas; path = Tiles.atlas; sourceTree = "<group>"; };
		1A9A0FA0650CB150B5D1766B /* button_down_2416@2x.png */ = {isa = PBXFileReference; lastKnownFileType = image.png; path = "button_down_2416@2x.png"; sourceTree = "<group>"; };
		1A9A0FD485313E6531BA9AA4 /* BGOptionsViewController.h */ = {isa = PBXFileReference; fileEncoding = 4; lastKnownFileType = sourcecode.c.h; path = BGOptionsViewController.h; sourceTree = "<group>"; };
		1A9A0FD6EDC1DD3BCC268D47 /* ru */ = {isa = PBXFileReference; lastKnownFileType = image.png; name = ru; path = "Miner/Resources/Images/DifficultyPanel/ru.lproj/button_down_hard@2x.png"; sourceTree = SOURCE_ROOT; };
		D50D896718F3D6B000617442 /* ru */ = {isa = PBXFileReference; lastKnownFileType = image.png; name = ru; path = "ru.lproj/difficulty@2x.png"; sourceTree = "<group>"; };
		D50D897118F3D7D600617442 /* Base */ = {isa = PBXFileReference; lastKnownFileType = image.png; name = Base; path = "Base.lproj/difficulty@2x.png"; sourceTree = "<group>"; };
		D50D897418F3D83400617442 /* ru */ = {isa = PBXFileReference; lastKnownFileType = image.png; name = ru; path = "ru.lproj/field_size@2x.png"; sourceTree = "<group>"; };
		D50D897618F3D83900617442 /* Base */ = {isa = PBXFileReference; lastKnownFileType = image.png; name = Base; path = "Base.lproj/field_size@2x.png"; sourceTree = "<group>"; };
		D50D897918F3D89600617442 /* ru */ = {isa = PBXFileReference; lastKnownFileType = image.png; name = ru; path = "ru.lproj/sounds@2x.png"; sourceTree = "<group>"; };
		D50D897B18F3D89B00617442 /* Base */ = {isa = PBXFileReference; lastKnownFileType = image.png; name = Base; path = "Base.lproj/sounds@2x.png"; sourceTree = "<group>"; };
		D521FEF318E8B5AA000D52C8 /* Base */ = {isa = PBXFileReference; lastKnownFileType = file.storyboard; name = Base; path = Base.lproj/Main.storyboard; sourceTree = "<group>"; };
		D521FEF518E8C2B3000D52C8 /* iAd.framework */ = {isa = PBXFileReference; lastKnownFileType = wrapper.framework; name = iAd.framework; path = System/Library/Frameworks/iAd.framework; sourceTree = SDKROOT; };
		D53D2E5019251EFD00C365C2 /* game_center@2x.png */ = {isa = PBXFileReference; lastKnownFileType = image.png; path = "game_center@2x.png"; sourceTree = "<group>"; };
		D55DDA9C1901CFBD00C505A7 /* explosion.wav */ = {isa = PBXFileReference; lastKnownFileType = audio.wav; path = explosion.wav; sourceTree = "<group>"; };
		D59F3CB719122A5700E82FCD /* GameKit.framework */ = {isa = PBXFileReference; lastKnownFileType = wrapper.framework; name = GameKit.framework; path = System/Library/Frameworks/GameKit.framework; sourceTree = SDKROOT; };
		D5B7A88218FD0E21004B2348 /* flagTapOff.mp3 */ = {isa = PBXFileReference; lastKnownFileType = audio.mp3; path = flagTapOff.mp3; sourceTree = "<group>"; };
		D5D6493E18D46B5100854518 /* Miner.app */ = {isa = PBXFileReference; explicitFileType = wrapper.application; includeInIndex = 0; path = Miner.app; sourceTree = BUILT_PRODUCTS_DIR; };
		D5D6494118D46B5100854518 /* Foundation.framework */ = {isa = PBXFileReference; lastKnownFileType = wrapper.framework; name = Foundation.framework; path = System/Library/Frameworks/Foundation.framework; sourceTree = SDKROOT; };
		D5D6494318D46B5100854518 /* CoreGraphics.framework */ = {isa = PBXFileReference; lastKnownFileType = wrapper.framework; name = CoreGraphics.framework; path = System/Library/Frameworks/CoreGraphics.framework; sourceTree = SDKROOT; };
		D5D6494518D46B5100854518 /* UIKit.framework */ = {isa = PBXFileReference; lastKnownFileType = wrapper.framework; name = UIKit.framework; path = System/Library/Frameworks/UIKit.framework; sourceTree = SDKROOT; };
		D5D6494918D46B5100854518 /* Miner-Info.plist */ = {isa = PBXFileReference; lastKnownFileType = text.plist.xml; path = "Miner-Info.plist"; sourceTree = "<group>"; };
		D5D6494D18D46B5100854518 /* main.m */ = {isa = PBXFileReference; lastKnownFileType = sourcecode.c.objc; path = main.m; sourceTree = "<group>"; };
		D5D6494F18D46B5100854518 /* Miner-Prefix.pch */ = {isa = PBXFileReference; lastKnownFileType = sourcecode.c.h; path = "Miner-Prefix.pch"; sourceTree = "<group>"; };
		D5D6495018D46B5100854518 /* BGAppDelegate.h */ = {isa = PBXFileReference; lastKnownFileType = sourcecode.c.h; path = BGAppDelegate.h; sourceTree = "<group>"; };
		D5D6495118D46B5100854518 /* BGAppDelegate.m */ = {isa = PBXFileReference; lastKnownFileType = sourcecode.c.objc; path = BGAppDelegate.m; sourceTree = "<group>"; };
		D5D6495918D46B5100854518 /* Images.xcassets */ = {isa = PBXFileReference; lastKnownFileType = folder.assetcatalog; path = Images.xcassets; sourceTree = "<group>"; };
		D5D6495F18D46B5100854518 /* MinerTests.xctest */ = {isa = PBXFileReference; explicitFileType = wrapper.cfbundle; includeInIndex = 0; path = MinerTests.xctest; sourceTree = BUILT_PRODUCTS_DIR; };
		D5D6496018D46B5100854518 /* XCTest.framework */ = {isa = PBXFileReference; lastKnownFileType = wrapper.framework; name = XCTest.framework; path = Library/Frameworks/XCTest.framework; sourceTree = DEVELOPER_DIR; };
		D5D6498218D47A2C00854518 /* SpriteKit.framework */ = {isa = PBXFileReference; lastKnownFileType = wrapper.framework; name = SpriteKit.framework; path = System/Library/Frameworks/SpriteKit.framework; sourceTree = SDKROOT; };
		D5E39CD318E7F4F100F25012 /* ru */ = {isa = PBXFileReference; lastKnownFileType = text.plist.strings; name = ru; path = ru.lproj/InfoPlist.strings; sourceTree = "<group>"; };
		D5E39CDC18E7F62C00F25012 /* Base */ = {isa = PBXFileReference; lastKnownFileType = text.plist.strings; name = Base; path = Base.lproj/InfoPlist.strings; sourceTree = "<group>"; };
		D5E39CE018E7F87A00F25012 /* Base */ = {isa = PBXFileReference; lastKnownFileType = text.plist.strings; name = Base; path = Base.lproj/Localizable.strings; sourceTree = "<group>"; };
		D5E39CE318E7F88400F25012 /* ru */ = {isa = PBXFileReference; lastKnownFileType = text.plist.strings; name = ru; path = ru.lproj/Localizable.strings; sourceTree = "<group>"; };
		D5F99E0C19263E3100725815 /* AdSupport.framework */ = {isa = PBXFileReference; lastKnownFileType = wrapper.framework; name = AdSupport.framework; path = System/Library/Frameworks/AdSupport.framework; sourceTree = SDKROOT; };
		D5F99E0E19263E3D00725815 /* MediaPlayer.framework */ = {isa = PBXFileReference; lastKnownFileType = wrapper.framework; name = MediaPlayer.framework; path = System/Library/Frameworks/MediaPlayer.framework; sourceTree = SDKROOT; };
		D5F99E1019263E5D00725815 /* StoreKit.framework */ = {isa = PBXFileReference; lastKnownFileType = wrapper.framework; name = StoreKit.framework; path = System/Library/Frameworks/StoreKit.framework; sourceTree = SDKROOT; };
		D5F99F6019263FFE00725815 /* libz.dylib */ = {isa = PBXFileReference; lastKnownFileType = "compiled.mach-o.dylib"; name = libz.dylib; path = usr/lib/libz.dylib; sourceTree = SDKROOT; };
/* End PBXFileReference section */

/* Begin PBXFrameworksBuildPhase section */
		D5D6493B18D46B5100854518 /* Frameworks */ = {
			isa = PBXFrameworksBuildPhase;
			buildActionMask = 2147483647;
			files = (
				D5F99F6119263FFE00725815 /* libz.dylib in Frameworks */,
				D5D6494618D46B5100854518 /* UIKit.framework in Frameworks */,
				D5F99E1119263E5D00725815 /* StoreKit.framework in Frameworks */,
				D5F99E0F19263E3D00725815 /* MediaPlayer.framework in Frameworks */,
				D5F99E0D19263E3100725815 /* AdSupport.framework in Frameworks */,
				D59F3CB819122A5700E82FCD /* GameKit.framework in Frameworks */,
				D521FEF618E8C2B3000D52C8 /* iAd.framework in Frameworks */,
				D5D6498318D47A2C00854518 /* SpriteKit.framework in Frameworks */,
				D5D6494418D46B5100854518 /* CoreGraphics.framework in Frameworks */,
				D5D6494218D46B5100854518 /* Foundation.framework in Frameworks */,
				1A9A07E1FFD9356FD7278706 /* Security.framework in Frameworks */,
				1A9A0DD29325F19D4F57E583 /* SystemConfiguration.framework in Frameworks */,
				1A9A0CA43C4CD4D69C83F9BE /* UIKit.framework in Frameworks */,
				1A9A0A61F807C538E525267A /* UIKit.framework in Frameworks */,
				1A9A0F2D4492C3A6E75664FC /* SpriteKit.framework in Frameworks */,
				1A9A039C8D034E5D026D2913 /* libFlurry_5.0.0.a in Frameworks */,
				1A9A0056561A5EDBA2D039BA /* libFlurryAds_5.0.0.a in Frameworks */,
				1A9A066F3385594CE787529F /* libFlurry_5.0.0.a in Frameworks */,
				1A9A058A4453EED6021CD23B /* libFlurryAds_5.0.0.a in Frameworks */,
			);
			runOnlyForDeploymentPostprocessing = 0;
		};
		D5D6495C18D46B5100854518 /* Frameworks */ = {
			isa = PBXFrameworksBuildPhase;
			buildActionMask = 2147483647;
			files = (
				D5D6496118D46B5100854518 /* XCTest.framework in Frameworks */,
				D5D6496318D46B5100854518 /* UIKit.framework in Frameworks */,
				D5D6496218D46B5100854518 /* Foundation.framework in Frameworks */,
			);
			runOnlyForDeploymentPostprocessing = 0;
		};
/* End PBXFrameworksBuildPhase section */

/* Begin PBXGroup section */
		1A9A008CB6EFBB48B903CDF6 /* Other */ = {
			isa = PBXGroup;
			children = (
				1A9A02C76F0AAAAB0D734FBF /* goodjob@2x.png */,
				1A9A0604AAF04B4656D8EF89 /* failed@2x.png */,
				1A9A065071039C7C553ADD8F /* score_table@2x.png */,
				1A9A098CC6247713BE9E6378 /* top_game@2x.png */,
			);
			path = Other;
			sourceTree = "<group>";
		};
		1A9A01FBC29E1D83ED899F11 /* NAGAudioPreloader */ = {
			isa = PBXGroup;
			children = (
				1A9A02B204C3068D230AF4B4 /* NAGResourcePreloader.h */,
				1A9A0D8241BD943D88289715 /* NAGResourcePreloader.m */,
			);
			path = NAGAudioPreloader;
			sourceTree = "<group>";
		};
		1A9A0292BDD0AD568A08009B /* Controllers */ = {
			isa = PBXGroup;
			children = (
				1A9A0C26E5FC57D5DBDA868B /* SettingsScreen */,
				1A9A079CA49BDD104748CF9F /* MainScreen */,
				1A9A0A60F070B0C2223EEB29 /* GameScreen */,
			);
			path = Controllers;
			sourceTree = "<group>";
		};
		1A9A0349B6C973AE5EC7D450 /* SegmentedControl */ = {
			isa = PBXGroup;
			children = (
				1A9A0C3DF32025D4D596FC1E /* GameDifficulty */,
				1A9A07FAAEEDAD7AFD084C40 /* FieldSize */,
			);
			path = SegmentedControl;
			sourceTree = "<group>";
		};
		1A9A03AEA7D65D189FF97463 /* Buttons */ = {
			isa = PBXGroup;
			children = (
				1A9A0BA9F884F7A7011E0412 /* Play */,
				1A9A04DDD95398BDB17F97BA /* Settings */,
				1A9A0EF9528FE33BF477704A /* Back */,
				1A9A0B3B50087FD752DF4A99 /* StatusButton */,
				1A9A0FC463A0CAB0B13DB835 /* Switcher */,
			);
			path = Buttons;
			sourceTree = "<group>";
		};
		1A9A0464FCE9216D1855DD76 /* Resources */ = {
			isa = PBXGroup;
			children = (
				1A9A0E888346B2C11C55A914 /* Images */,
				1A9A09735B074E59EBAA4C7D /* Sounds */,
				1A9A05F0763ADA3E40DB4ABA /* Fonts */,
			);
			path = Resources;
			sourceTree = "<group>";
		};
		1A9A047B1BED24B5E737CE06 /* FlurryAds */ = {
			isa = PBXGroup;
			children = (
				1A9A00D8AC92563723848390 /* FlurryAdDelegate.h */,
				1A9A0BC668161B8E6A8C9B39 /* FlurryAds.h */,
				1A9A09F73356426668E799D7 /* libFlurryAds_5.0.0.a */,
			);
			path = FlurryAds;
			sourceTree = "<group>";
		};
		1A9A04BE08F821907A92B72F /* NAGSKView */ = {
			isa = PBXGroup;
			children = (
				1A9A0B6F52422ABC7674658E /* NAGSKView.h */,
				1A9A09FF2A24D2606048A0EB /* NAGSKView.m */,
			);
			path = NAGSKView;
			sourceTree = "<group>";
		};
		1A9A04DDD95398BDB17F97BA /* Settings */ = {
			isa = PBXGroup;
			children = (
				1A9A0003719578105D5F5AF1 /* button_options@2x.png */,
				1A9A0D72A7323258DEEE7BA1 /* button_options_down@2x.png */,
			);
			name = Settings;
			path = Miner/Resources/Images/Controls;
			sourceTree = SOURCE_ROOT;
		};
		1A9A05061C9490E879BF5574 /* Classes */ = {
			isa = PBXGroup;
			children = (
				1A9A072EE47C46A78078EAFE /* NAGMinerField */,
				1A9A0DE37730459B1F36E142 /* NAGUISwitch */,
				1A9A01FBC29E1D83ED899F11 /* NAGAudioPreloader */,
				1A9A0D91E86FE918ACBFAAB8 /* NAGUISegmentedControl */,
				1A9A094AEBFF49A2C58101E2 /* NAGLog */,
				1A9A04BE08F821907A92B72F /* NAGSKView */,
				1A9A06AA007B4A1F4A11BC77 /* NAGUtilityLibrary */,
			);
			path = Classes;
			sourceTree = "<group>";
		};
		1A9A05927CCE9B4DF9AF9CFF /* Storyboards */ = {
			isa = PBXGroup;
			children = (
				D5E39CBD18E7EDB300F25012 /* Main.storyboard */,
			);
			path = Storyboards;
			sourceTree = "<group>";
		};
		1A9A05F0763ADA3E40DB4ABA /* Fonts */ = {
			isa = PBXGroup;
			children = (
				1A9A0A168097146E939877B5 /* Digital.ttf */,
			);
			path = Fonts;
			sourceTree = "<group>";
		};
		1A9A06AA007B4A1F4A11BC77 /* NAGUtilityLibrary */ = {
			isa = PBXGroup;
			children = (
				1A9A08131EDC8307417E85DD /* NAGSettingsManager */,
				1A9A07D3FAEF194105D5EE59 /* NAGUtilityLibrary.h */,
			);
			path = NAGUtilityLibrary;
			sourceTree = "<group>";
		};
		1A9A072EE47C46A78078EAFE /* NAGMinerField */ = {
			isa = PBXGroup;
			children = (
				1A9A07AA52C65A1D9067D1D3 /* NAGMinerField.h */,
				1A9A0D5426C089C702BADF62 /* NAGMinerField.m */,
			);
			path = NAGMinerField;
			sourceTree = "<group>";
		};
		1A9A079CA49BDD104748CF9F /* MainScreen */ = {
			isa = PBXGroup;
			children = (
				1A9A01767E3876865BB1CA2D /* BGViewController.h */,
				1A9A0A4A43C16AB0531403B3 /* BGViewController.m */,
				1A9A09A149C4BFABF43FA715 /* BGNavigationViewController.m */,
				1A9A02D6FCBEEBCA30488B25 /* BGNavigationViewController.h */,
			);
			path = MainScreen;
			sourceTree = "<group>";
		};
		1A9A07FAAEEDAD7AFD084C40 /* FieldSize */ = {
			isa = PBXGroup;
			children = (
				1A9A050881AF167BB44A8C31 /* field_deafult@2x.png */,
				1A9A0FA0650CB150B5D1766B /* button_down_2416@2x.png */,
				1A9A0948F17032AF6DED5E90 /* button_down_1510@2x.png */,
				1A9A092EC53E0AA6BBAA2DC8 /* button_down_128@2x.png */,
			);
			path = FieldSize;
			sourceTree = "<group>";
		};
		1A9A08131EDC8307417E85DD /* NAGSettingsManager */ = {
			isa = PBXGroup;
			children = (
				1A9A03E6ECC4D69A6423A961 /* README.md */,
				1A9A0164D9802304CC7A7170 /* NAGSettingsManager.h */,
				1A9A0AA0A666BD8824E14438 /* NAGSettingsManager.m */,
			);
			path = NAGSettingsManager;
			sourceTree = "<group>";
		};
		1A9A081AC55B83B0B32AD572 /* Controls */ = {
			isa = PBXGroup;
			children = (
				1A9A03AEA7D65D189FF97463 /* Buttons */,
				1A9A0349B6C973AE5EC7D450 /* SegmentedControl */,
			);
			path = Controls;
			sourceTree = "<group>";
		};
		1A9A094AEBFF49A2C58101E2 /* NAGLog */ = {
			isa = PBXGroup;
			children = (
				1A9A0F1BABFA2C52CD749584 /* NAGLog.h */,
			);
			path = NAGLog;
			sourceTree = "<group>";
		};
		1A9A09735B074E59EBAA4C7D /* Sounds */ = {
			isa = PBXGroup;
			children = (
				D55DDA9C1901CFBD00C505A7 /* explosion.wav */,
				D5B7A88218FD0E21004B2348 /* flagTapOff.mp3 */,
				1A9A0A46F498E9336A24C1C5 /* switchOFF.mp3 */,
				1A9A089200A1C5BB1D879138 /* switchON.mp3 */,
				1A9A04B0FAB94FABEBB139C9 /* buttonTap.mp3 */,
				1A9A0128D8497BDF547C9A5A /* flagTapOn.mp3 */,
				1A9A0CEE80CA0004C30D4556 /* grassTap.mp3 */,
			);
			path = Sounds;
			sourceTree = "<group>";
		};
		1A9A0A60F070B0C2223EEB29 /* GameScreen */ = {
			isa = PBXGroup;
			children = (
				1A9A0C77CB64CEF4B1ED2CCE /* BGGameViewController.m */,
				1A9A005BB53FEB974F5A0CC4 /* BGGameViewController.h */,
			);
			path = GameScreen;
			sourceTree = "<group>";
		};
		1A9A0B31675DDC6D285E0CF1 /* Labels */ = {
			isa = PBXGroup;
			children = (
				D53D2E5019251EFD00C365C2 /* game_center@2x.png */,
				D50D896818F3D6B000617442 /* difficulty@2x.png */,
				D50D897518F3D83400617442 /* field_size@2x.png */,
				D50D897A18F3D89600617442 /* sounds@2x.png */,
				1A9A0DD4451E39418183FFD1 /* score@2x.png */,
			);
			path = Labels;
			sourceTree = "<group>";
		};
		1A9A0B3B50087FD752DF4A99 /* StatusButton */ = {
			isa = PBXGroup;
			children = (
				1A9A0F6AC7D4F596F736BAE8 /* game_button_off@2x.png */,
				1A9A0C3FDB0DE070A17AEA4E /* game_button_on@2x.png */,
			);
			path = StatusButton;
			sourceTree = "<group>";
		};
		1A9A0BA9F884F7A7011E0412 /* Play */ = {
			isa = PBXGroup;
			children = (
				1A9A0B2D923CFADB13058BB0 /* button_play@2x.png */,
				1A9A0F98C98D6F56BF5DDF17 /* button_play_down@2x.png */,
			);
			name = Play;
			path = Miner/Resources/Images/Controls;
			sourceTree = SOURCE_ROOT;
		};
		1A9A0BF72419FF44796B3730 /* Flurry */ = {
			isa = PBXGroup;
			children = (
				1A9A02FC731EB7D149CF1D54 /* Flurry.h */,
				1A9A0D01224FF0A2C8C9CDF0 /* libFlurry_5.0.0.a */,
			);
			path = Flurry;
			sourceTree = "<group>";
		};
		1A9A0C26E5FC57D5DBDA868B /* SettingsScreen */ = {
			isa = PBXGroup;
			children = (
				1A9A0A2C5881C7B49853441F /* BGOptionsViewController.m */,
				1A9A0FD485313E6531BA9AA4 /* BGOptionsViewController.h */,
			);
			path = SettingsScreen;
			sourceTree = "<group>";
		};
		1A9A0C3DF32025D4D596FC1E /* GameDifficulty */ = {
			isa = PBXGroup;
			children = (
				1A9A02DD8FBDBF653C96B69B /* button_down_easy@2x.png */,
				1A9A04311424A95DBD5C0977 /* button_down_hard@2x.png */,
				1A9A050D1C4DC96B18B513B4 /* button_down_norm@2x.png */,
				1A9A049A17A78B85C5B6BEDB /* difficult_default@2x.png */,
			);
			name = GameDifficulty;
			path = Miner/Resources/Images/Controls;
			sourceTree = SOURCE_ROOT;
		};
		1A9A0CDB259F7D0AF3601F5C /* Backgrounds */ = {
			isa = PBXGroup;
			children = (
				1A9A09AD6F1D3C969A8E6347 /* Default.png */,
				1A9A0E03EE9E5C5655E43BCA /* miner_config@2x.png */,
				1A9A04D6CAF4DC4C9DB33C39 /* miner_main@2x.png */,
			);
			path = Backgrounds;
			sourceTree = "<group>";
		};
		1A9A0D91E86FE918ACBFAAB8 /* NAGUISegmentedControl */ = {
			isa = PBXGroup;
			children = (
				1A9A0E8269320A2D346AC4CC /* NAGUISegmentedControl.m */,
				1A9A0B11B5D0819DBD1ECD8A /* NAGUISegmentedControl.h */,
			);
			path = NAGUISegmentedControl;
			sourceTree = "<group>";
		};
		1A9A0DE37730459B1F36E142 /* NAGUISwitch */ = {
			isa = PBXGroup;
			children = (
				1A9A0535D639111F86ACEEF1 /* NAGUISwitch.h */,
				1A9A06E1C8C18EE3BCA24FA8 /* NAGUISwitch.m */,
			);
			path = NAGUISwitch;
			sourceTree = "<group>";
		};
		1A9A0E089B9A8423CEC98A00 /* ExternalLibraries */ = {
			isa = PBXGroup;
			children = (
				1A9A0BF72419FF44796B3730 /* Flurry */,
				1A9A047B1BED24B5E737CE06 /* FlurryAds */,
			);
			path = ExternalLibraries;
			sourceTree = "<group>";
		};
		1A9A0E0F5420AD1FBB3B212C /* Atlases */ = {
			isa = PBXGroup;
			children = (
				1A9A0F84866F3D6B429F2283 /* Tiles.atlas */,
				1A9A08D4EEFDB8F5B1AC3AC4 /* Explosion.atlas */,
				1A9A0A24750D5F4BBBEA3ACC /* MineAnimation.atlas */,
				1A9A042BFEC5366841FB4F2D /* GrassAnimation.atlas */,
			);
			name = Atlases;
			path = Controls/GameViewController;
			sourceTree = "<group>";
		};
		1A9A0E888346B2C11C55A914 /* Images */ = {
			isa = PBXGroup;
			children = (
				1A9A081AC55B83B0B32AD572 /* Controls */,
				1A9A0B31675DDC6D285E0CF1 /* Labels */,
				1A9A0CDB259F7D0AF3601F5C /* Backgrounds */,
				1A9A008CB6EFBB48B903CDF6 /* Other */,
				1A9A0E0F5420AD1FBB3B212C /* Atlases */,
			);
			path = Images;
			sourceTree = "<group>";
		};
		1A9A0EF9528FE33BF477704A /* Back */ = {
			isa = PBXGroup;
			children = (
				1A9A02D77C1FCC8A0C7CFA2E /* back_down@2x.png */,
				1A9A008FC38107E2DB73FCE2 /* back@2x.png */,
			);
			path = Back;
			sourceTree = "<group>";
		};
		1A9A0FC463A0CAB0B13DB835 /* Switcher */ = {
			isa = PBXGroup;
			children = (
				1A9A068B41D5D35D5A489233 /* switch_0@2x.png */,
				1A9A05E0374F3C6B9F0DB44A /* switch_1@2x.png */,
			);
			path = Switcher;
			sourceTree = "<group>";
		};
		D5D6493518D46B5100854518 = {
			isa = PBXGroup;
			children = (
				D5D6494718D46B5100854518 /* Sapper */,
				D5D6494018D46B5100854518 /* Frameworks */,
				D5D6493F18D46B5100854518 /* Products */,
				06B4FA0766424619B4943F06 /* Pods-Miner.xcconfig */,
			);
			sourceTree = "<group>";
		};
		D5D6493F18D46B5100854518 /* Products */ = {
			isa = PBXGroup;
			children = (
				D5D6493E18D46B5100854518 /* Miner.app */,
				D5D6495F18D46B5100854518 /* MinerTests.xctest */,
			);
			name = Products;
			sourceTree = "<group>";
		};
		D5D6494018D46B5100854518 /* Frameworks */ = {
			isa = PBXGroup;
			children = (
				D5F99F6019263FFE00725815 /* libz.dylib */,
				D5F99E1019263E5D00725815 /* StoreKit.framework */,
				D5F99E0E19263E3D00725815 /* MediaPlayer.framework */,
				D5F99E0C19263E3100725815 /* AdSupport.framework */,
				D59F3CB719122A5700E82FCD /* GameKit.framework */,
				D521FEF518E8C2B3000D52C8 /* iAd.framework */,
				D5D6498218D47A2C00854518 /* SpriteKit.framework */,
				D5D6494118D46B5100854518 /* Foundation.framework */,
				D5D6494318D46B5100854518 /* CoreGraphics.framework */,
				D5D6494518D46B5100854518 /* UIKit.framework */,
				D5D6496018D46B5100854518 /* XCTest.framework */,
				1A9A06D4E6DDD557A60903D6 /* Security.framework */,
				1A9A03D1DAF6E1BEE5396866 /* SystemConfiguration.framework */,
				1A9A02BF190D094879605BC9 /* libFlurry_5.0.0.a */,
				1A9A03593B498028086A1F4E /* libFlurryAds_5.0.0.a */,
			);
			name = Frameworks;
			sourceTree = "<group>";
		};
		D5D6494718D46B5100854518 /* Sapper */ = {
			isa = PBXGroup;
			children = (
				D5D6495018D46B5100854518 /* BGAppDelegate.h */,
				D5D6495118D46B5100854518 /* BGAppDelegate.m */,
				D5D6495918D46B5100854518 /* Images.xcassets */,
				D5D6494818D46B5100854518 /* Supporting Files */,
				1A9A05061C9490E879BF5574 /* Classes */,
				1A9A05927CCE9B4DF9AF9CFF /* Storyboards */,
				1A9A0464FCE9216D1855DD76 /* Resources */,
				1A9A0E089B9A8423CEC98A00 /* ExternalLibraries */,
				1A9A0292BDD0AD568A08009B /* Controllers */,
			);
			name = Sapper;
			path = Miner;
			sourceTree = "<group>";
		};
		D5D6494818D46B5100854518 /* Supporting Files */ = {
			isa = PBXGroup;
			children = (
				D5D6494918D46B5100854518 /* Miner-Info.plist */,
				D5D6494A18D46B5100854518 /* InfoPlist.strings */,
				D5D6494D18D46B5100854518 /* main.m */,
				D5D6494F18D46B5100854518 /* Miner-Prefix.pch */,
				D5E39CE118E7F87A00F25012 /* Localizable.strings */,
			);
			name = "Supporting Files";
			sourceTree = "<group>";
		};
/* End PBXGroup section */

/* Begin PBXNativeTarget section */
		D5D6493D18D46B5100854518 /* Miner */ = {
			isa = PBXNativeTarget;
			buildConfigurationList = D5D6497018D46B5100854518 /* Build configuration list for PBXNativeTarget "Miner" */;
			buildPhases = (
				8D62B3669B2440878F469C7A /* Check Pods Manifest.lock */,
				D5D6493A18D46B5100854518 /* Sources */,
				D5D6493B18D46B5100854518 /* Frameworks */,
				D5D6493C18D46B5100854518 /* Resources */,
				05F0B99EDDB94B589B45A12D /* Copy Pods Resources */,
			);
			buildRules = (
				D53D2E521925315500C365C2 /* PBXBuildRule */,
			);
			dependencies = (
			);
			name = Miner;
			productName = Miner;
			productReference = D5D6493E18D46B5100854518 /* Miner.app */;
			productType = "com.apple.product-type.application";
		};
		D5D6495E18D46B5100854518 /* MinerTests */ = {
			isa = PBXNativeTarget;
			buildConfigurationList = D5D6497318D46B5100854518 /* Build configuration list for PBXNativeTarget "MinerTests" */;
			buildPhases = (
				D5D6495B18D46B5100854518 /* Sources */,
				D5D6495C18D46B5100854518 /* Frameworks */,
				D5D6495D18D46B5100854518 /* Resources */,
			);
			buildRules = (
			);
			dependencies = (
				D5D6496518D46B5100854518 /* PBXTargetDependency */,
			);
			name = MinerTests;
			productName = MinerTests;
			productReference = D5D6495F18D46B5100854518 /* MinerTests.xctest */;
			productType = "com.apple.product-type.bundle.unit-test";
		};
/* End PBXNativeTarget section */

/* Begin PBXProject section */
		D5D6493618D46B5100854518 /* Project object */ = {
			isa = PBXProject;
			attributes = {
				CLASSPREFIX = BG;
				LastUpgradeCheck = 0510;
				ORGANIZATIONNAME = "Non Atomic Games";
				TargetAttributes = {
					D5D6493D18D46B5100854518 = {
						DevelopmentTeam = 2N548588CC;
						SystemCapabilities = {
							com.apple.BackgroundModes = {
								enabled = 0;
							};
							com.apple.GameCenter = {
								enabled = 1;
							};
						};
					};
					D5D6495E18D46B5100854518 = {
						TestTargetID = D5D6493D18D46B5100854518;
					};
				};
			};
			buildConfigurationList = D5D6493918D46B5100854518 /* Build configuration list for PBXProject "Miner" */;
			compatibilityVersion = "Xcode 3.2";
			developmentRegion = English;
			hasScannedForEncodings = 0;
			knownRegions = (
				en,
				Base,
				ru,
				de,
				fr,
				es,
			);
			mainGroup = D5D6493518D46B5100854518;
			productRefGroup = D5D6493F18D46B5100854518 /* Products */;
			projectDirPath = "";
			projectRoot = "";
			targets = (
				D5D6493D18D46B5100854518 /* Miner */,
				D5D6495E18D46B5100854518 /* MinerTests */,
			);
		};
/* End PBXProject section */

/* Begin PBXResourcesBuildPhase section */
		D5D6493C18D46B5100854518 /* Resources */ = {
			isa = PBXResourcesBuildPhase;
			buildActionMask = 2147483647;
			files = (
				D5B7A88318FD0E21004B2348 /* flagTapOff.mp3 in Resources */,
				D5D6495A18D46B5100854518 /* Images.xcassets in Resources */,
				D5E39CDF18E7F87A00F25012 /* Localizable.strings in Resources */,
				D5D6494C18D46B5100854518 /* InfoPlist.strings in Resources */,
				D5E39CBB18E7EDB300F25012 /* Main.storyboard in Resources */,
				1A9A0AD41CA2FC52A5F76BDA /* switchOFF.mp3 in Resources */,
				1A9A04436954BBD988CC47E5 /* switchON.mp3 in Resources */,
				D50D896618F3D6B000617442 /* difficulty@2x.png in Resources */,
				D50D897318F3D83400617442 /* field_size@2x.png in Resources */,
				D50D897818F3D89600617442 /* sounds@2x.png in Resources */,
				D55DDA9D1901CFBD00C505A7 /* explosion.wav in Resources */,
				1A9A0A75560204CC10EECF0A /* Digital.ttf in Resources */,
				1A9A01853A0BB677BFCCFB05 /* buttonTap.mp3 in Resources */,
				1A9A0B3A7FC3792835FEF20B /* flagTapOn.mp3 in Resources */,
				1A9A0C0B49ABB18F7C86E95D /* grassTap.mp3 in Resources */,
				D53D2E5119251EFD00C365C2 /* game_center@2x.png in Resources */,
				1A9A01EB21C9DD603A9C9236 /* README.md in Resources */,
				1A9A0D995EB9DC8968A3D56E /* Default.png in Resources */,
				1A9A0132817F769006F9FEEF /* score@2x.png in Resources */,
				1A9A091498F2F1C875A38A51 /* goodjob@2x.png in Resources */,
				1A9A0D5D11C0FAE4E418E7F5 /* failed@2x.png in Resources */,
				1A9A0219D92AAF363E21B189 /* score_table@2x.png in Resources */,
				1A9A0E4DAABC631B5B30C437 /* miner_config@2x.png in Resources */,
				1A9A01B9DFED993B963F6688 /* top_game@2x.png in Resources */,
				1A9A0FBD797B1D63A0C94904 /* miner_main@2x.png in Resources */,
				1A9A0AAD5462A8D6653CE556 /* Tiles.atlas in Resources */,
				1A9A06599755A6C8E7AF947A /* Explosion.atlas in Resources */,
				1A9A04D379C29A8D9C482491 /* MineAnimation.atlas in Resources */,
				1A9A01641CDA9BD10F317A45 /* GrassAnimation.atlas in Resources */,
				1A9A04249B36C15F13B94CE2 /* button_play@2x.png in Resources */,
				1A9A00727933BD393EAC06E0 /* button_play_down@2x.png in Resources */,
				1A9A0F38CC8925F7AEF165BE /* button_options@2x.png in Resources */,
				1A9A0ECF5D918A6DEC3462E2 /* button_options_down@2x.png in Resources */,
				1A9A00B4A9BCC63016A731C0 /* back_down@2x.png in Resources */,
				1A9A07C12B3BB0D81043487B /* back@2x.png in Resources */,
				1A9A0968554A9B0A4F96395A /* game_button_off@2x.png in Resources */,
				1A9A0912E01805D8038C7EE6 /* game_button_on@2x.png in Resources */,
				1A9A0FFEB4E2CEBBF4D29718 /* switch_0@2x.png in Resources */,
				1A9A0F8319060EEF2360662E /* switch_1@2x.png in Resources */,
				1A9A0851BD243850A6CFE2BC /* button_down_easy@2x.png in Resources */,
				1A9A00538D085F92DC559220 /* button_down_hard@2x.png in Resources */,
				1A9A0F951C08CE8D98C1A14B /* button_down_norm@2x.png in Resources */,
				1A9A049CF8AEDE653A093705 /* difficult_default@2x.png in Resources */,
				1A9A0B4A8AE64D9389519A08 /* field_deafult@2x.png in Resources */,
				1A9A0C5D475E72081B9DC401 /* button_down_2416@2x.png in Resources */,
				1A9A015861C86F4FA454BCA9 /* button_down_1510@2x.png in Resources */,
				1A9A01BFC2E688C67F737132 /* button_down_128@2x.png in Resources */,
			);
			runOnlyForDeploymentPostprocessing = 0;
		};
		D5D6495D18D46B5100854518 /* Resources */ = {
			isa = PBXResourcesBuildPhase;
			buildActionMask = 2147483647;
			files = (
			);
			runOnlyForDeploymentPostprocessing = 0;
		};
/* End PBXResourcesBuildPhase section */

/* Begin PBXShellScriptBuildPhase section */
		05F0B99EDDB94B589B45A12D /* Copy Pods Resources */ = {
			isa = PBXShellScriptBuildPhase;
			buildActionMask = 2147483647;
			files = (
			);
			inputPaths = (
			);
			name = "Copy Pods Resources";
			outputPaths = (
			);
			runOnlyForDeploymentPostprocessing = 0;
			shellPath = /bin/sh;
			shellScript = "\"${SRCROOT}/Pods/Pods-Miner-resources.sh\"\n";
			showEnvVarsInLog = 0;
		};
		8D62B3669B2440878F469C7A /* Check Pods Manifest.lock */ = {
			isa = PBXShellScriptBuildPhase;
			buildActionMask = 2147483647;
			files = (
			);
			inputPaths = (
			);
			name = "Check Pods Manifest.lock";
			outputPaths = (
			);
			runOnlyForDeploymentPostprocessing = 0;
			shellPath = /bin/sh;
			shellScript = "diff \"${PODS_ROOT}/../Podfile.lock\" \"${PODS_ROOT}/Manifest.lock\" > /dev/null\nif [[ $? != 0 ]] ; then\n    cat << EOM\nerror: The sandbox is not in sync with the Podfile.lock. Run 'pod install' or update your CocoaPods installation.\nEOM\n    exit 1\nfi\n";
			showEnvVarsInLog = 0;
		};
/* End PBXShellScriptBuildPhase section */

/* Begin PBXSourcesBuildPhase section */
		D5D6493A18D46B5100854518 /* Sources */ = {
			isa = PBXSourcesBuildPhase;
			buildActionMask = 2147483647;
			files = (
				D5D6494E18D46B5100854518 /* main.m in Sources */,
				D5D6495218D46B5100854518 /* BGAppDelegate.m in Sources */,
				1A9A0E83283237D53CB75F15 /* NAGMinerField.m in Sources */,
				1A9A025D7218E57009C00B32 /* NAGUISwitch.m in Sources */,
				1A9A02E36FF23270FEC10CC8 /* NAGResourcePreloader.m in Sources */,
				1A9A0EDB0E0C80000B12855D /* NAGUISegmentedControl.m in Sources */,
				1A9A0892D9C74B1BA9F50D08 /* NAGSKView.m in Sources */,
				1A9A08145B2869349CE28D58 /* NAGSettingsManager.m in Sources */,
				1A9A03EA7BFA1B76E0EF3565 /* BGOptionsViewController.m in Sources */,
				1A9A06CD10713BDF2EE55A60 /* BGViewController.m in Sources */,
				1A9A0CFF207B4E113B651810 /* BGNavigationViewController.m in Sources */,
				1A9A0017EA27E17B3C15CEBD /* BGGameViewController.m in Sources */,
			);
			runOnlyForDeploymentPostprocessing = 0;
		};
		D5D6495B18D46B5100854518 /* Sources */ = {
			isa = PBXSourcesBuildPhase;
			buildActionMask = 2147483647;
			files = (
			);
			runOnlyForDeploymentPostprocessing = 0;
		};
/* End PBXSourcesBuildPhase section */

/* Begin PBXTargetDependency section */
		D5D6496518D46B5100854518 /* PBXTargetDependency */ = {
			isa = PBXTargetDependency;
			target = D5D6493D18D46B5100854518 /* Miner */;
			targetProxy = D5D6496418D46B5100854518 /* PBXContainerItemProxy */;
		};
/* End PBXTargetDependency section */

/* Begin PBXVariantGroup section */
		1A9A0003719578105D5F5AF1 /* button_options@2x.png */ = {
			isa = PBXVariantGroup;
			children = (
				1A9A0C8FC1C06EB621E4DE15 /* ru */,
				1A9A00B5B9DF5D8D09120772 /* Base */,
			);
			name = "button_options@2x.png";
			sourceTree = "<group>";
		};
		1A9A02DD8FBDBF653C96B69B /* button_down_easy@2x.png */ = {
			isa = PBXVariantGroup;
			children = (
				1A9A04F52844E1BF4E48E5A2 /* ru */,
				1A9A049EAB4DB613391FBFDE /* Base */,
			);
			name = "button_down_easy@2x.png";
			sourceTree = "<group>";
		};
		1A9A04311424A95DBD5C0977 /* button_down_hard@2x.png */ = {
			isa = PBXVariantGroup;
			children = (
				1A9A0FD6EDC1DD3BCC268D47 /* ru */,
				1A9A0F6D0B209473262B0C98 /* Base */,
			);
			name = "button_down_hard@2x.png";
			sourceTree = "<group>";
		};
		1A9A049A17A78B85C5B6BEDB /* difficult_default@2x.png */ = {
			isa = PBXVariantGroup;
			children = (
				1A9A08809BA4A2943021374E /* ru */,
				1A9A07AAB798E6B97B91812F /* Base */,
			);
			name = "difficult_default@2x.png";
			sourceTree = "<group>";
		};
		1A9A050D1C4DC96B18B513B4 /* button_down_norm@2x.png */ = {
			isa = PBXVariantGroup;
			children = (
				1A9A0E48FB7C1062E7829960 /* ru */,
				1A9A0520A4FBA6F3B4FB338B /* Base */,
			);
			name = "button_down_norm@2x.png";
			sourceTree = "<group>";
		};
		1A9A0B2D923CFADB13058BB0 /* button_play@2x.png */ = {
			isa = PBXVariantGroup;
			children = (
				1A9A091262A3E9E45E2C5D90 /* ru */,
				1A9A0E5AE69EE35B1960BA28 /* Base */,
			);
			name = "button_play@2x.png";
			sourceTree = "<group>";
		};
		1A9A0D72A7323258DEEE7BA1 /* button_options_down@2x.png */ = {
			isa = PBXVariantGroup;
			children = (
				1A9A0215C0477D486081EDD0 /* ru */,
				1A9A09F5CD625B44E176548D /* Base */,
			);
			name = "button_options_down@2x.png";
			sourceTree = "<group>";
		};
		1A9A0DD4451E39418183FFD1 /* score@2x.png */ = {
			isa = PBXVariantGroup;
			children = (
				1A9A010D7F210BF3E5916EB6 /* Base */,
				1A9A04D65FADC20AE88D7775 /* ru */,
			);
			name = "score@2x.png";
			sourceTree = "<group>";
		};
		1A9A0F98C98D6F56BF5DDF17 /* button_play_down@2x.png */ = {
			isa = PBXVariantGroup;
			children = (
				1A9A0EE5ACDDA20D210D65F4 /* ru */,
				1A9A0E487555A0A1DDFD2577 /* Base */,
			);
			name = "button_play_down@2x.png";
			sourceTree = "<group>";
		};
		D50D896818F3D6B000617442 /* difficulty@2x.png */ = {
			isa = PBXVariantGroup;
			children = (
				D50D896718F3D6B000617442 /* ru */,
				D50D897118F3D7D600617442 /* Base */,
			);
			name = "difficulty@2x.png";
			sourceTree = "<group>";
		};
		D50D897518F3D83400617442 /* field_size@2x.png */ = {
			isa = PBXVariantGroup;
			children = (
				D50D897418F3D83400617442 /* ru */,
				D50D897618F3D83900617442 /* Base */,
			);
			name = "field_size@2x.png";
			sourceTree = "<group>";
		};
		D50D897A18F3D89600617442 /* sounds@2x.png */ = {
			isa = PBXVariantGroup;
			children = (
				D50D897918F3D89600617442 /* ru */,
				D50D897B18F3D89B00617442 /* Base */,
			);
			name = "sounds@2x.png";
			sourceTree = "<group>";
		};
		D5D6494A18D46B5100854518 /* InfoPlist.strings */ = {
			isa = PBXVariantGroup;
			children = (
				D5E39CD318E7F4F100F25012 /* ru */,
				D5E39CDC18E7F62C00F25012 /* Base */,
			);
			name = InfoPlist.strings;
			sourceTree = "<group>";
		};
		D5E39CBD18E7EDB300F25012 /* Main.storyboard */ = {
			isa = PBXVariantGroup;
			children = (
				D521FEF318E8B5AA000D52C8 /* Base */,
			);
			name = Main.storyboard;
			sourceTree = "<group>";
		};
		D5E39CE118E7F87A00F25012 /* Localizable.strings */ = {
			isa = PBXVariantGroup;
			children = (
				D5E39CE018E7F87A00F25012 /* Base */,
				D5E39CE318E7F88400F25012 /* ru */,
			);
			name = Localizable.strings;
			sourceTree = "<group>";
		};
/* End PBXVariantGroup section */

/* Begin XCBuildConfiguration section */
		D5D6496E18D46B5100854518 /* Debug */ = {
			isa = XCBuildConfiguration;
			buildSettings = {
				ALWAYS_SEARCH_USER_PATHS = NO;
				CLANG_CXX_LANGUAGE_STANDARD = "gnu++0x";
				CLANG_CXX_LIBRARY = "libc++";
				CLANG_ENABLE_MODULES = YES;
				CLANG_ENABLE_OBJC_ARC = YES;
				CLANG_WARN_BOOL_CONVERSION = YES;
				CLANG_WARN_CONSTANT_CONVERSION = YES;
				CLANG_WARN_DIRECT_OBJC_ISA_USAGE = YES_ERROR;
				CLANG_WARN_EMPTY_BODY = YES;
				CLANG_WARN_ENUM_CONVERSION = YES;
				CLANG_WARN_INT_CONVERSION = YES;
				CLANG_WARN_OBJC_IMPLICIT_RETAIN_SELF = YES;
				CLANG_WARN_OBJC_ROOT_CLASS = YES_ERROR;
				CLANG_WARN__DUPLICATE_METHOD_MATCH = YES;
				CODE_SIGN_IDENTITY = "";
				"CODE_SIGN_IDENTITY[sdk=iphoneos*]" = "";
				COPY_PHASE_STRIP = NO;
				GCC_C_LANGUAGE_STANDARD = gnu99;
				GCC_DYNAMIC_NO_PIC = NO;
				GCC_OPTIMIZATION_LEVEL = 0;
				GCC_PREPROCESSOR_DEFINITIONS = (
					"DEBUG=1",
					"$(inherited)",
				);
				GCC_SYMBOLS_PRIVATE_EXTERN = NO;
				GCC_WARN_64_TO_32_BIT_CONVERSION = YES;
				GCC_WARN_ABOUT_RETURN_TYPE = YES_ERROR;
				GCC_WARN_UNDECLARED_SELECTOR = YES;
				GCC_WARN_UNINITIALIZED_AUTOS = YES_AGGRESSIVE;
				GCC_WARN_UNUSED_FUNCTION = YES;
				GCC_WARN_UNUSED_PARAMETER = NO;
				GCC_WARN_UNUSED_VARIABLE = YES;
				IPHONEOS_DEPLOYMENT_TARGET = 7.1;
				ONLY_ACTIVE_ARCH = YES;
				SDKROOT = iphoneos;
				SPRITEKIT_TEXTURE_ATLAS_OUTPUT = YES;
				VALID_ARCHS = "armv7 armv7s";
			};
			name = Debug;
		};
		D5D6496F18D46B5100854518 /* Release */ = {
			isa = XCBuildConfiguration;
			buildSettings = {
				ALWAYS_SEARCH_USER_PATHS = NO;
				CLANG_CXX_LANGUAGE_STANDARD = "gnu++0x";
				CLANG_CXX_LIBRARY = "libc++";
				CLANG_ENABLE_MODULES = YES;
				CLANG_ENABLE_OBJC_ARC = YES;
				CLANG_WARN_BOOL_CONVERSION = YES;
				CLANG_WARN_CONSTANT_CONVERSION = YES;
				CLANG_WARN_DIRECT_OBJC_ISA_USAGE = YES_ERROR;
				CLANG_WARN_EMPTY_BODY = YES;
				CLANG_WARN_ENUM_CONVERSION = YES;
				CLANG_WARN_INT_CONVERSION = YES;
				CLANG_WARN_OBJC_IMPLICIT_RETAIN_SELF = YES;
				CLANG_WARN_OBJC_ROOT_CLASS = YES_ERROR;
				CLANG_WARN__DUPLICATE_METHOD_MATCH = YES;
				CODE_SIGN_IDENTITY = "";
				"CODE_SIGN_IDENTITY[sdk=iphoneos*]" = "";
				COPY_PHASE_STRIP = YES;
				ENABLE_NS_ASSERTIONS = NO;
				GCC_C_LANGUAGE_STANDARD = gnu99;
				GCC_WARN_64_TO_32_BIT_CONVERSION = YES;
				GCC_WARN_ABOUT_RETURN_TYPE = YES_ERROR;
				GCC_WARN_UNDECLARED_SELECTOR = YES;
				GCC_WARN_UNINITIALIZED_AUTOS = YES_AGGRESSIVE;
				GCC_WARN_UNUSED_FUNCTION = YES;
				GCC_WARN_UNUSED_PARAMETER = NO;
				GCC_WARN_UNUSED_VARIABLE = YES;
				IPHONEOS_DEPLOYMENT_TARGET = 7.1;
				ONLY_ACTIVE_ARCH = NO;
				SDKROOT = iphoneos;
				SPRITEKIT_TEXTURE_ATLAS_OUTPUT = YES;
				VALIDATE_PRODUCT = YES;
				VALID_ARCHS = "armv7 armv7s";
			};
			name = Release;
		};
		D5D6497118D46B5100854518 /* Debug */ = {
			isa = XCBuildConfiguration;
			baseConfigurationReference = 06B4FA0766424619B4943F06 /* Pods-Miner.xcconfig */;
			buildSettings = {
				ALWAYS_SEARCH_USER_PATHS = YES;
				ARCHS = "$(ARCHS_STANDARD)";
				ASSETCATALOG_COMPILER_APPICON_NAME = AppIcon;
				ASSETCATALOG_COMPILER_LAUNCHIMAGE_NAME = LaunchImage;
				CODE_SIGN_IDENTITY = "iPhone Developer";
				"CODE_SIGN_IDENTITY[sdk=iphoneos*]" = "iPhone Developer";
				FRAMEWORK_SEARCH_PATHS = (
					"\"${PROJECT_DIR}/Miner/ExternalLibraries/Flurry\"/**",
					"\"${PROJECT_DIR}/Miner/ExternalLibraries/FlurryAds\"/**",
				);
				GCC_PRECOMPILE_PREFIX_HEADER = YES;
				GCC_PREFIX_HEADER = "Miner/Miner-Prefix.pch";
				HEADER_SEARCH_PATHS = (
					"\"${PODS_ROOT}/Headers\"",
					"\"${PODS_ROOT}/Headers/iRate\"",
					"\"${PROJECT_DIR}/Miner/Flurry-iOS-5.0.0\"/**",
				);
				INFOPLIST_FILE = "Miner/Miner-Info.plist";
				IPHONEOS_DEPLOYMENT_TARGET = 7.1;
				LIBRARY_SEARCH_PATHS = "${PROJECT_DIR}/Miner/**";
				ONLY_ACTIVE_ARCH = NO;
				PRODUCT_NAME = Miner;
				PROVISIONING_PROFILE = "";
				SPRITEKIT_TEXTURE_ATLAS_FORMAT = RGBA8888_PNG;
				SPRITEKIT_TEXTURE_ATLAS_OUTPUT = YES;
				TARGETED_DEVICE_FAMILY = 1;
				USER_HEADER_SEARCH_PATHS = "\"${PROJECT_DIR}/Pods\"/** ${PROJECT_DIR}/Miner/**";
				VALID_ARCHS = "armv7s armv7 arm64 armv6";
				WRAPPER_EXTENSION = app;
			};
			name = Debug;
		};
		D5D6497218D46B5100854518 /* Release */ = {
			isa = XCBuildConfiguration;
			baseConfigurationReference = 06B4FA0766424619B4943F06 /* Pods-Miner.xcconfig */;
			buildSettings = {
				ALWAYS_SEARCH_USER_PATHS = YES;
				ARCHS = "$(ARCHS_STANDARD)";
				ASSETCATALOG_COMPILER_APPICON_NAME = AppIcon;
				ASSETCATALOG_COMPILER_LAUNCHIMAGE_NAME = LaunchImage;
				CODE_SIGN_IDENTITY = "iPhone Developer";
				"CODE_SIGN_IDENTITY[sdk=iphoneos*]" = "iPhone Developer";
				FRAMEWORK_SEARCH_PATHS = (
					"\"${PROJECT_DIR}/Miner/ExternalLibraries/Flurry\"/**",
					"\"${PROJECT_DIR}/Miner/ExternalLibraries/FlurryAds\"/**",
				);
				GCC_PRECOMPILE_PREFIX_HEADER = YES;
				GCC_PREFIX_HEADER = "Miner/Miner-Prefix.pch";
				HEADER_SEARCH_PATHS = (
					"\"${PODS_ROOT}/Headers\"",
					"\"${PODS_ROOT}/Headers/iRate\"",
					"\"${PROJECT_DIR}/Miner/Flurry-iOS-5.0.0\"/**",
				);
				INFOPLIST_FILE = "Miner/Miner-Info.plist";
				IPHONEOS_DEPLOYMENT_TARGET = 7.1;
				LIBRARY_SEARCH_PATHS = (
					"\"${PROJECT_DIR}/Miner/Flurry/Flurry iPhone SDK viPhone 5.0.0/Flurry-iOS-5.0.0/Flurry\"/**",
					"\"${PROJECT_DIR}/Miner/Flurry/Flurry iPhone SDK viPhone 5.0.0/Flurry-iOS-5.0.0/FlurryAds\"/**",
					"\"${PROJECT_DIR}/Miner/Flurry/Flurry-iOS-5.0.0/Flurry\"/**",
					"\"${PROJECT_DIR}/Miner/Flurry/Flurry\"/**",
					"\"${PROJECT_DIR}/Miner/Flurry/FlurryAds\"/**",
					"$(PROJECT_DIR)/Pods/build/Debug-iphoneos",
					"$(PROJECT_DIR)/Miner/Flurry/Flurry",
					"$(PROJECT_DIR)/Miner/Flurry/FlurryAds",
					/Users/new/Downloads/Flurry,
					iPhone,
					SDK,
					viPhone,
					"5.0.0/Flurry-iOS-5.0.0/Flurry",
					/Users/new/Downloads/Flurry,
					iPhone,
					SDK,
					viPhone,
					"5.0.0/Flurry-iOS-5.0.0/FlurryAds",
					"$(PROJECT_DIR)/Miner/Flurry-iOS-5.0.0/Flurry",
					"$(PROJECT_DIR)/Miner/Flurry-iOS-5.0.0/FlurryAds",
					"$(PROJECT_DIR)/Flurry",
					"$(PROJECT_DIR)/FlurryAds",
				);
				ONLY_ACTIVE_ARCH = NO;
				PRODUCT_NAME = Miner;
				PROVISIONING_PROFILE = "";
				SPRITEKIT_TEXTURE_ATLAS_FORMAT = RGBA8888_PNG;
				SPRITEKIT_TEXTURE_ATLAS_OUTPUT = YES;
				TARGETED_DEVICE_FAMILY = 1;
				USER_HEADER_SEARCH_PATHS = "\"${PROJECT_DIR}/Pods\"/** ${PROJECT_DIR}/Miner/**";
				VALID_ARCHS = "armv7s armv7 arm64 armv6";
				WRAPPER_EXTENSION = app;
			};
			name = Release;
		};
		D5D6497418D46B5100854518 /* Debug */ = {
			isa = XCBuildConfiguration;
			buildSettings = {
				BUNDLE_LOADER = "$(BUILT_PRODUCTS_DIR)/Miner.app/Miner";
				FRAMEWORK_SEARCH_PATHS = (
					"$(SDKROOT)/Developer/Library/Frameworks",
					"$(inherited)",
					"$(DEVELOPER_FRAMEWORKS_DIR)",
				);
				GCC_PRECOMPILE_PREFIX_HEADER = YES;
				GCC_PREFIX_HEADER = "Miner/Miner-Prefix.pch";
				GCC_PREPROCESSOR_DEFINITIONS = (
					"DEBUG=1",
					"$(inherited)",
				);
				INFOPLIST_FILE = "MinerTests/MinerTests-Info.plist";
				PRODUCT_NAME = MinerTests;
				TEST_HOST = "$(BUNDLE_LOADER)";
				WRAPPER_EXTENSION = xctest;
			};
			name = Debug;
		};
		D5D6497518D46B5100854518 /* Release */ = {
			isa = XCBuildConfiguration;
			buildSettings = {
				BUNDLE_LOADER = "$(BUILT_PRODUCTS_DIR)/Miner.app/Miner";
				FRAMEWORK_SEARCH_PATHS = (
					"$(SDKROOT)/Developer/Library/Frameworks",
					"$(inherited)",
					"$(DEVELOPER_FRAMEWORKS_DIR)",
				);
				GCC_PRECOMPILE_PREFIX_HEADER = YES;
				GCC_PREFIX_HEADER = "Miner/Miner-Prefix.pch";
				INFOPLIST_FILE = "MinerTests/MinerTests-Info.plist";
				PRODUCT_NAME = MinerTests;
				TEST_HOST = "$(BUNDLE_LOADER)";
				WRAPPER_EXTENSION = xctest;
			};
			name = Release;
		};
/* End XCBuildConfiguration section */

/* Begin XCConfigurationList section */
		D5D6493918D46B5100854518 /* Build configuration list for PBXProject "Miner" */ = {
			isa = XCConfigurationList;
			buildConfigurations = (
				D5D6496E18D46B5100854518 /* Debug */,
				D5D6496F18D46B5100854518 /* Release */,
			);
			defaultConfigurationIsVisible = 0;
			defaultConfigurationName = Release;
		};
		D5D6497018D46B5100854518 /* Build configuration list for PBXNativeTarget "Miner" */ = {
			isa = XCConfigurationList;
			buildConfigurations = (
				D5D6497118D46B5100854518 /* Debug */,
				D5D6497218D46B5100854518 /* Release */,
			);
			defaultConfigurationIsVisible = 0;
			defaultConfigurationName = Release;
		};
		D5D6497318D46B5100854518 /* Build configuration list for PBXNativeTarget "MinerTests" */ = {
			isa = XCConfigurationList;
			buildConfigurations = (
				D5D6497418D46B5100854518 /* Debug */,
				D5D6497518D46B5100854518 /* Release */,
			);
			defaultConfigurationIsVisible = 0;
			defaultConfigurationName = Release;
		};
/* End XCConfigurationList section */
	};
	rootObject = D5D6493618D46B5100854518 /* Project object */;
}
