// !$*UTF8*$!
{
	archiveVersion = 1;
	classes = {
	};
	objectVersion = 46;
	objects = {

/* Begin PBXBuildFile section */
		1A9A0128DC7A49DE5B283C8D /* BGUISwitch.m in Sources */ = {isa = PBXBuildFile; fileRef = 1A9A0244A773F871EF0B4F99 /* BGUISwitch.m */; };
		1A9A02DCC2837700B6A191CF /* BGGameViewController.m in Sources */ = {isa = PBXBuildFile; fileRef = 1A9A0673C2D94B6C826B69A4 /* BGGameViewController.m */; };
		1A9A031D3D0EFEBC84A17D6C /* BGNavigationViewController.m in Sources */ = {isa = PBXBuildFile; fileRef = 1A9A0BAAF5CD8C67041CF99B /* BGNavigationViewController.m */; };
		1A9A04436954BBD988CC47E5 /* switchON.mp3 in Resources */ = {isa = PBXBuildFile; fileRef = 1A9A089200A1C5BB1D879138 /* switchON.mp3 */; };
		1A9A0580D42674BC5E726470 /* BGLeaderboardViewController.m in Sources */ = {isa = PBXBuildFile; fileRef = 1A9A041463914040C964BE95 /* BGLeaderboardViewController.m */; };
		1A9A061E20E08D5D162A863F /* BGOptionsViewController.m in Sources */ = {isa = PBXBuildFile; fileRef = 1A9A05D7FA35DF620DFFAEBC /* BGOptionsViewController.m */; };
		1A9A079893D5A5C357AFB970 /* BGViewController.m in Sources */ = {isa = PBXBuildFile; fileRef = 1A9A00AC67B68FA11C11D15D /* BGViewController.m */; };
		1A9A0AD41CA2FC52A5F76BDA /* switchOFF.mp3 in Resources */ = {isa = PBXBuildFile; fileRef = 1A9A0A46F498E9336A24C1C5 /* switchOFF.mp3 */; };
		1A9A0C9647A8BFF5A003F7E7 /* miner_main.jpg in Resources */ = {isa = PBXBuildFile; fileRef = 1A9A0B7EDB3F8AFC990214B3 /* miner_main.jpg */; };
		1A9A0CDBEDC1622A826D9534 /* BGLeaderboardManager.m in Sources */ = {isa = PBXBuildFile; fileRef = 1A9A0CDA1968F9777666743E /* BGLeaderboardManager.m */; };
		1A9A0DEEE879D61BB8D19973 /* BGSettingsManager.m in Sources */ = {isa = PBXBuildFile; fileRef = 1A9A05FC9BD951BD7EE5B84F /* BGSettingsManager.m */; };
		1A9A0E7C43B93A2B9E93AFD6 /* miner_config.jpg in Resources */ = {isa = PBXBuildFile; fileRef = 1A9A051D8F3EC973B9A7B2B5 /* miner_config.jpg */; };
		1A9A0E83283237D53CB75F15 /* BGMinerField.m in Sources */ = {isa = PBXBuildFile; fileRef = 1A9A0D5426C089C702BADF62 /* BGMinerField.m */; };
		D521FED118E8B4BC000D52C8 /* button_play.png in Resources */ = {isa = PBXBuildFile; fileRef = D521FED318E8B4BC000D52C8 /* button_play.png */; };
		D521FED418E8B4D1000D52C8 /* button_play_down.png in Resources */ = {isa = PBXBuildFile; fileRef = D521FED618E8B4D1000D52C8 /* button_play_down.png */; };
		D521FEDD18E8B4EE000D52C8 /* button_options_down.png in Resources */ = {isa = PBXBuildFile; fileRef = D521FEDF18E8B4EE000D52C8 /* button_options_down.png */; };
		D521FEE018E8B4F4000D52C8 /* button_options.png in Resources */ = {isa = PBXBuildFile; fileRef = D521FEE218E8B4F4000D52C8 /* button_options.png */; };
		D521FEE318E8B4FD000D52C8 /* button_scores_down.png in Resources */ = {isa = PBXBuildFile; fileRef = D521FEE518E8B4FD000D52C8 /* button_scores_down.png */; };
		D521FEE618E8B506000D52C8 /* button_scores.png in Resources */ = {isa = PBXBuildFile; fileRef = D521FEE818E8B506000D52C8 /* button_scores.png */; };
		D521FEF618E8C2B3000D52C8 /* iAd.framework in Frameworks */ = {isa = PBXBuildFile; fileRef = D521FEF518E8C2B3000D52C8 /* iAd.framework */; };
		D5433BE418EDC2EC0043C4AC /* switch_0.png in Resources */ = {isa = PBXBuildFile; fileRef = D5433BE218EDC2EC0043C4AC /* switch_0.png */; };
		D5433BE518EDC2EC0043C4AC /* switch_1.png in Resources */ = {isa = PBXBuildFile; fileRef = D5433BE318EDC2EC0043C4AC /* switch_1.png */; };
		D5D6494218D46B5100854518 /* Foundation.framework in Frameworks */ = {isa = PBXBuildFile; fileRef = D5D6494118D46B5100854518 /* Foundation.framework */; };
		D5D6494418D46B5100854518 /* CoreGraphics.framework in Frameworks */ = {isa = PBXBuildFile; fileRef = D5D6494318D46B5100854518 /* CoreGraphics.framework */; };
		D5D6494618D46B5100854518 /* UIKit.framework in Frameworks */ = {isa = PBXBuildFile; fileRef = D5D6494518D46B5100854518 /* UIKit.framework */; };
		D5D6494C18D46B5100854518 /* InfoPlist.strings in Resources */ = {isa = PBXBuildFile; fileRef = D5D6494A18D46B5100854518 /* InfoPlist.strings */; };
		D5D6494E18D46B5100854518 /* main.m in Sources */ = {isa = PBXBuildFile; fileRef = D5D6494D18D46B5100854518 /* main.m */; };
		D5D6495218D46B5100854518 /* BGAppDelegate.m in Sources */ = {isa = PBXBuildFile; fileRef = D5D6495118D46B5100854518 /* BGAppDelegate.m */; };
		D5D6495A18D46B5100854518 /* Images.xcassets in Resources */ = {isa = PBXBuildFile; fileRef = D5D6495918D46B5100854518 /* Images.xcassets */; };
		D5D6496118D46B5100854518 /* XCTest.framework in Frameworks */ = {isa = PBXBuildFile; fileRef = D5D6496018D46B5100854518 /* XCTest.framework */; };
		D5D6496218D46B5100854518 /* Foundation.framework in Frameworks */ = {isa = PBXBuildFile; fileRef = D5D6494118D46B5100854518 /* Foundation.framework */; };
		D5D6496318D46B5100854518 /* UIKit.framework in Frameworks */ = {isa = PBXBuildFile; fileRef = D5D6494518D46B5100854518 /* UIKit.framework */; };
		D5D6498318D47A2C00854518 /* SpriteKit.framework in Frameworks */ = {isa = PBXBuildFile; fileRef = D5D6498218D47A2C00854518 /* SpriteKit.framework */; };
		D5E39CBB18E7EDB300F25012 /* Main.storyboard in Resources */ = {isa = PBXBuildFile; fileRef = D5E39CBD18E7EDB300F25012 /* Main.storyboard */; };
		D5E39CDF18E7F87A00F25012 /* Localizable.strings in Resources */ = {isa = PBXBuildFile; fileRef = D5E39CE118E7F87A00F25012 /* Localizable.strings */; };
/* End PBXBuildFile section */

/* Begin PBXContainerItemProxy section */
		D5D6496418D46B5100854518 /* PBXContainerItemProxy */ = {
			isa = PBXContainerItemProxy;
			containerPortal = D5D6493618D46B5100854518 /* Project object */;
			proxyType = 1;
			remoteGlobalIDString = D5D6493D18D46B5100854518;
			remoteInfo = Miner;
		};
/* End PBXContainerItemProxy section */

/* Begin PBXFileReference section */
		1A9A00AC67B68FA11C11D15D /* BGViewController.m */ = {isa = PBXFileReference; fileEncoding = 4; lastKnownFileType = sourcecode.c.objc; path = BGViewController.m; sourceTree = "<group>"; };
		1A9A01CF425102AEFCB8FBEE /* BGLeaderboardManager.h */ = {isa = PBXFileReference; fileEncoding = 4; lastKnownFileType = sourcecode.c.h; path = BGLeaderboardManager.h; sourceTree = "<group>"; };
		1A9A0244A773F871EF0B4F99 /* BGUISwitch.m */ = {isa = PBXFileReference; fileEncoding = 4; lastKnownFileType = sourcecode.c.objc; path = BGUISwitch.m; sourceTree = "<group>"; };
		1A9A041463914040C964BE95 /* BGLeaderboardViewController.m */ = {isa = PBXFileReference; fileEncoding = 4; lastKnownFileType = sourcecode.c.objc; path = BGLeaderboardViewController.m; sourceTree = "<group>"; };
		1A9A051D8F3EC973B9A7B2B5 /* miner_config.jpg */ = {isa = PBXFileReference; lastKnownFileType = image.jpeg; path = miner_config.jpg; sourceTree = "<group>"; };
		1A9A058668908407B77DB063 /* BGLeaderboardViewController.h */ = {isa = PBXFileReference; fileEncoding = 4; lastKnownFileType = sourcecode.c.h; path = BGLeaderboardViewController.h; sourceTree = "<group>"; };
		1A9A05D7FA35DF620DFFAEBC /* BGOptionsViewController.m */ = {isa = PBXFileReference; fileEncoding = 4; lastKnownFileType = sourcecode.c.objc; path = BGOptionsViewController.m; sourceTree = "<group>"; };
		1A9A05FC9BD951BD7EE5B84F /* BGSettingsManager.m */ = {isa = PBXFileReference; fileEncoding = 4; lastKnownFileType = sourcecode.c.objc; path = BGSettingsManager.m; sourceTree = "<group>"; };
		1A9A0673C2D94B6C826B69A4 /* BGGameViewController.m */ = {isa = PBXFileReference; fileEncoding = 4; lastKnownFileType = sourcecode.c.objc; path = BGGameViewController.m; sourceTree = "<group>"; };
		1A9A06FC52931E41A20A4053 /* BGNavigationViewController.h */ = {isa = PBXFileReference; fileEncoding = 4; lastKnownFileType = sourcecode.c.h; path = BGNavigationViewController.h; sourceTree = "<group>"; };
		1A9A07AA52C65A1D9067D1D3 /* BGMinerField.h */ = {isa = PBXFileReference; fileEncoding = 4; lastKnownFileType = sourcecode.c.h; path = BGMinerField.h; sourceTree = "<group>"; };
		1A9A089200A1C5BB1D879138 /* switchON.mp3 */ = {isa = PBXFileReference; lastKnownFileType = audio.mp3; path = switchON.mp3; sourceTree = "<group>"; };
		1A9A0896ACA82145E2823FAB /* BGUISwitch.h */ = {isa = PBXFileReference; fileEncoding = 4; lastKnownFileType = sourcecode.c.h; path = BGUISwitch.h; sourceTree = "<group>"; };
		1A9A08B1B606DF3F4CB5D23D /* BGViewController.h */ = {isa = PBXFileReference; fileEncoding = 4; lastKnownFileType = sourcecode.c.h; path = BGViewController.h; sourceTree = "<group>"; };
		1A9A0A46F498E9336A24C1C5 /* switchOFF.mp3 */ = {isa = PBXFileReference; lastKnownFileType = audio.mp3; path = switchOFF.mp3; sourceTree = "<group>"; };
		1A9A0AE117A4A76D2111CC65 /* BGSettingsManager.h */ = {isa = PBXFileReference; fileEncoding = 4; lastKnownFileType = sourcecode.c.h; path = BGSettingsManager.h; sourceTree = "<group>"; };
		1A9A0B7EDB3F8AFC990214B3 /* miner_main.jpg */ = {isa = PBXFileReference; lastKnownFileType = image.jpeg; path = miner_main.jpg; sourceTree = "<group>"; };
		1A9A0BAAF5CD8C67041CF99B /* BGNavigationViewController.m */ = {isa = PBXFileReference; fileEncoding = 4; lastKnownFileType = sourcecode.c.objc; path = BGNavigationViewController.m; sourceTree = "<group>"; };
		1A9A0BCD8A9200728D794515 /* BGGameViewController.h */ = {isa = PBXFileReference; fileEncoding = 4; lastKnownFileType = sourcecode.c.h; path = BGGameViewController.h; sourceTree = "<group>"; };
		1A9A0CDA1968F9777666743E /* BGLeaderboardManager.m */ = {isa = PBXFileReference; fileEncoding = 4; lastKnownFileType = sourcecode.c.objc; path = BGLeaderboardManager.m; sourceTree = "<group>"; };
		1A9A0D5426C089C702BADF62 /* BGMinerField.m */ = {isa = PBXFileReference; fileEncoding = 4; lastKnownFileType = sourcecode.c.objc; path = BGMinerField.m; sourceTree = "<group>"; };
		1A9A0EB1FD1B9BF3EF2ACFFA /* BGOptionsViewController.h */ = {isa = PBXFileReference; fileEncoding = 4; lastKnownFileType = sourcecode.c.h; path = BGOptionsViewController.h; sourceTree = "<group>"; };
		D521FED218E8B4BC000D52C8 /* ru */ = {isa = PBXFileReference; lastKnownFileType = image.png; name = ru; path = ru.lproj/button_play.png; sourceTree = "<group>"; };
		D521FED518E8B4D1000D52C8 /* ru */ = {isa = PBXFileReference; lastKnownFileType = image.png; name = ru; path = ru.lproj/button_play_down.png; sourceTree = "<group>"; };
		D521FEDE18E8B4EE000D52C8 /* ru */ = {isa = PBXFileReference; lastKnownFileType = image.png; name = ru; path = ru.lproj/button_options_down.png; sourceTree = "<group>"; };
		D521FEE118E8B4F4000D52C8 /* ru */ = {isa = PBXFileReference; lastKnownFileType = image.png; name = ru; path = ru.lproj/button_options.png; sourceTree = "<group>"; };
		D521FEE418E8B4FD000D52C8 /* ru */ = {isa = PBXFileReference; lastKnownFileType = image.png; name = ru; path = ru.lproj/button_scores_down.png; sourceTree = "<group>"; };
		D521FEE718E8B506000D52C8 /* ru */ = {isa = PBXFileReference; lastKnownFileType = image.png; name = ru; path = ru.lproj/button_scores.png; sourceTree = "<group>"; };
		D521FEF318E8B5AA000D52C8 /* Base */ = {isa = PBXFileReference; lastKnownFileType = file.storyboard; name = Base; path = Base.lproj/Main.storyboard; sourceTree = "<group>"; };
		D521FEF518E8C2B3000D52C8 /* iAd.framework */ = {isa = PBXFileReference; lastKnownFileType = wrapper.framework; name = iAd.framework; path = System/Library/Frameworks/iAd.framework; sourceTree = SDKROOT; };
		D5433BE218EDC2EC0043C4AC /* switch_0.png */ = {isa = PBXFileReference; lastKnownFileType = image.png; path = switch_0.png; sourceTree = "<group>"; };
		D5433BE318EDC2EC0043C4AC /* switch_1.png */ = {isa = PBXFileReference; lastKnownFileType = image.png; path = switch_1.png; sourceTree = "<group>"; };
		D5D6493E18D46B5100854518 /* Miner.app */ = {isa = PBXFileReference; explicitFileType = wrapper.application; includeInIndex = 0; path = Miner.app; sourceTree = BUILT_PRODUCTS_DIR; };
		D5D6494118D46B5100854518 /* Foundation.framework */ = {isa = PBXFileReference; lastKnownFileType = wrapper.framework; name = Foundation.framework; path = System/Library/Frameworks/Foundation.framework; sourceTree = SDKROOT; };
		D5D6494318D46B5100854518 /* CoreGraphics.framework */ = {isa = PBXFileReference; lastKnownFileType = wrapper.framework; name = CoreGraphics.framework; path = System/Library/Frameworks/CoreGraphics.framework; sourceTree = SDKROOT; };
		D5D6494518D46B5100854518 /* UIKit.framework */ = {isa = PBXFileReference; lastKnownFileType = wrapper.framework; name = UIKit.framework; path = System/Library/Frameworks/UIKit.framework; sourceTree = SDKROOT; };
		D5D6494918D46B5100854518 /* Miner-Info.plist */ = {isa = PBXFileReference; lastKnownFileType = text.plist.xml; path = "Miner-Info.plist"; sourceTree = "<group>"; };
		D5D6494B18D46B5100854518 /* en */ = {isa = PBXFileReference; lastKnownFileType = text.plist.strings; name = en; path = en.lproj/InfoPlist.strings; sourceTree = "<group>"; };
		D5D6494D18D46B5100854518 /* main.m */ = {isa = PBXFileReference; lastKnownFileType = sourcecode.c.objc; path = main.m; sourceTree = "<group>"; };
		D5D6494F18D46B5100854518 /* Miner-Prefix.pch */ = {isa = PBXFileReference; lastKnownFileType = sourcecode.c.h; path = "Miner-Prefix.pch"; sourceTree = "<group>"; };
		D5D6495018D46B5100854518 /* BGAppDelegate.h */ = {isa = PBXFileReference; lastKnownFileType = sourcecode.c.h; path = BGAppDelegate.h; sourceTree = "<group>"; };
		D5D6495118D46B5100854518 /* BGAppDelegate.m */ = {isa = PBXFileReference; lastKnownFileType = sourcecode.c.objc; path = BGAppDelegate.m; sourceTree = "<group>"; };
		D5D6495918D46B5100854518 /* Images.xcassets */ = {isa = PBXFileReference; lastKnownFileType = folder.assetcatalog; path = Images.xcassets; sourceTree = "<group>"; };
		D5D6495F18D46B5100854518 /* MinerTests.xctest */ = {isa = PBXFileReference; explicitFileType = wrapper.cfbundle; includeInIndex = 0; path = MinerTests.xctest; sourceTree = BUILT_PRODUCTS_DIR; };
		D5D6496018D46B5100854518 /* XCTest.framework */ = {isa = PBXFileReference; lastKnownFileType = wrapper.framework; name = XCTest.framework; path = Library/Frameworks/XCTest.framework; sourceTree = DEVELOPER_DIR; };
		D5D6498218D47A2C00854518 /* SpriteKit.framework */ = {isa = PBXFileReference; lastKnownFileType = wrapper.framework; name = SpriteKit.framework; path = System/Library/Frameworks/SpriteKit.framework; sourceTree = SDKROOT; };
		D5E39CD318E7F4F100F25012 /* ru */ = {isa = PBXFileReference; lastKnownFileType = text.plist.strings; name = ru; path = ru.lproj/InfoPlist.strings; sourceTree = "<group>"; };
		D5E39CDC18E7F62C00F25012 /* Base */ = {isa = PBXFileReference; lastKnownFileType = text.plist.strings; name = Base; path = Base.lproj/InfoPlist.strings; sourceTree = "<group>"; };
		D5E39CE018E7F87A00F25012 /* Base */ = {isa = PBXFileReference; lastKnownFileType = text.plist.strings; name = Base; path = Base.lproj/Localizable.strings; sourceTree = "<group>"; };
		D5E39CE218E7F88200F25012 /* en */ = {isa = PBXFileReference; lastKnownFileType = text.plist.strings; name = en; path = en.lproj/Localizable.strings; sourceTree = "<group>"; };
		D5E39CE318E7F88400F25012 /* ru */ = {isa = PBXFileReference; lastKnownFileType = text.plist.strings; name = ru; path = ru.lproj/Localizable.strings; sourceTree = "<group>"; };
/* End PBXFileReference section */

/* Begin PBXFrameworksBuildPhase section */
		D5D6493B18D46B5100854518 /* Frameworks */ = {
			isa = PBXFrameworksBuildPhase;
			buildActionMask = 2147483647;
			files = (
				D521FEF618E8C2B3000D52C8 /* iAd.framework in Frameworks */,
				D5D6498318D47A2C00854518 /* SpriteKit.framework in Frameworks */,
				D5D6494418D46B5100854518 /* CoreGraphics.framework in Frameworks */,
				D5D6494618D46B5100854518 /* UIKit.framework in Frameworks */,
				D5D6494218D46B5100854518 /* Foundation.framework in Frameworks */,
			);
			runOnlyForDeploymentPostprocessing = 0;
		};
		D5D6495C18D46B5100854518 /* Frameworks */ = {
			isa = PBXFrameworksBuildPhase;
			buildActionMask = 2147483647;
			files = (
				D5D6496118D46B5100854518 /* XCTest.framework in Frameworks */,
				D5D6496318D46B5100854518 /* UIKit.framework in Frameworks */,
				D5D6496218D46B5100854518 /* Foundation.framework in Frameworks */,
			);
			runOnlyForDeploymentPostprocessing = 0;
		};
/* End PBXFrameworksBuildPhase section */

/* Begin PBXGroup section */
		1A9A0107D436124DA0693232 /* Models */ = {
			isa = PBXGroup;
			children = (
			);
			path = Models;
			sourceTree = "<group>";
		};
		1A9A031E6049097722C06EE6 /* BGUILibrary */ = {
			isa = PBXGroup;
			children = (
				1A9A0896ACA82145E2823FAB /* BGUISwitch.h */,
				1A9A0244A773F871EF0B4F99 /* BGUISwitch.m */,
			);
			path = BGUILibrary;
			sourceTree = "<group>";
		};
		1A9A0464FCE9216D1855DD76 /* Resources */ = {
			isa = PBXGroup;
			children = (
				1A9A0E888346B2C11C55A914 /* Images */,
				1A9A09735B074E59EBAA4C7D /* Sounds */,
			);
			path = Resources;
			sourceTree = "<group>";
		};
		1A9A05061C9490E879BF5574 /* Classes */ = {
			isa = PBXGroup;
			children = (
				1A9A072EE47C46A78078EAFE /* MinerField */,
				1A9A0E5796A6A29EEE70C28C /* Leaderboard */,
				1A9A06FB0185D11E5684C224 /* SettingsManager */,
			);
			path = Classes;
			sourceTree = "<group>";
		};
		1A9A05927CCE9B4DF9AF9CFF /* Views */ = {
			isa = PBXGroup;
			children = (
				D5E39CBD18E7EDB300F25012 /* Main.storyboard */,
			);
			path = Views;
			sourceTree = "<group>";
		};
		1A9A06FB0185D11E5684C224 /* SettingsManager */ = {
			isa = PBXGroup;
			children = (
				1A9A0AE117A4A76D2111CC65 /* BGSettingsManager.h */,
				1A9A05FC9BD951BD7EE5B84F /* BGSettingsManager.m */,
			);
			path = SettingsManager;
			sourceTree = "<group>";
		};
		1A9A072EE47C46A78078EAFE /* MinerField */ = {
			isa = PBXGroup;
			children = (
				1A9A07AA52C65A1D9067D1D3 /* BGMinerField.h */,
				1A9A0D5426C089C702BADF62 /* BGMinerField.m */,
			);
			path = MinerField;
			sourceTree = "<group>";
		};
		1A9A081AC55B83B0B32AD572 /* Buttons */ = {
			isa = PBXGroup;
			children = (
				D5433BE218EDC2EC0043C4AC /* switch_0.png */,
				D5433BE318EDC2EC0043C4AC /* switch_1.png */,
				D521FEDF18E8B4EE000D52C8 /* button_options_down.png */,
				D521FEE218E8B4F4000D52C8 /* button_options.png */,
				D521FEE518E8B4FD000D52C8 /* button_scores_down.png */,
				D521FEE818E8B506000D52C8 /* button_scores.png */,
				D521FED618E8B4D1000D52C8 /* button_play_down.png */,
				D521FED318E8B4BC000D52C8 /* button_play.png */,
			);
			path = Buttons;
			sourceTree = "<group>";
		};
		1A9A09735B074E59EBAA4C7D /* Sounds */ = {
			isa = PBXGroup;
			children = (
				1A9A0A46F498E9336A24C1C5 /* switchOFF.mp3 */,
				1A9A089200A1C5BB1D879138 /* switchON.mp3 */,
			);
			path = Sounds;
			sourceTree = "<group>";
		};
		1A9A0AD344ED19A600B38EED /* Controllers */ = {
			isa = PBXGroup;
			children = (
				1A9A00AC67B68FA11C11D15D /* BGViewController.m */,
				1A9A08B1B606DF3F4CB5D23D /* BGViewController.h */,
				1A9A05D7FA35DF620DFFAEBC /* BGOptionsViewController.m */,
				1A9A0BAAF5CD8C67041CF99B /* BGNavigationViewController.m */,
				1A9A058668908407B77DB063 /* BGLeaderboardViewController.h */,
				1A9A06FC52931E41A20A4053 /* BGNavigationViewController.h */,
				1A9A0EB1FD1B9BF3EF2ACFFA /* BGOptionsViewController.h */,
				1A9A041463914040C964BE95 /* BGLeaderboardViewController.m */,
				1A9A0673C2D94B6C826B69A4 /* BGGameViewController.m */,
				1A9A0BCD8A9200728D794515 /* BGGameViewController.h */,
			);
			path = Controllers;
			sourceTree = "<group>";
		};
		1A9A0E5796A6A29EEE70C28C /* Leaderboard */ = {
			isa = PBXGroup;
			children = (
				1A9A01CF425102AEFCB8FBEE /* BGLeaderboardManager.h */,
				1A9A0CDA1968F9777666743E /* BGLeaderboardManager.m */,
			);
			path = Leaderboard;
			sourceTree = "<group>";
		};
		1A9A0E888346B2C11C55A914 /* Images */ = {
			isa = PBXGroup;
			children = (
				1A9A081AC55B83B0B32AD572 /* Buttons */,
				1A9A0B7EDB3F8AFC990214B3 /* miner_main.jpg */,
				1A9A051D8F3EC973B9A7B2B5 /* miner_config.jpg */,
			);
			path = Images;
			sourceTree = "<group>";
		};
		D5D6493518D46B5100854518 = {
			isa = PBXGroup;
			children = (
				D5D6494718D46B5100854518 /* Miner */,
				D5D6494018D46B5100854518 /* Frameworks */,
				D5D6493F18D46B5100854518 /* Products */,
			);
			sourceTree = "<group>";
		};
		D5D6493F18D46B5100854518 /* Products */ = {
			isa = PBXGroup;
			children = (
				D5D6493E18D46B5100854518 /* Miner.app */,
				D5D6495F18D46B5100854518 /* MinerTests.xctest */,
			);
			name = Products;
			sourceTree = "<group>";
		};
		D5D6494018D46B5100854518 /* Frameworks */ = {
			isa = PBXGroup;
			children = (
				D521FEF518E8C2B3000D52C8 /* iAd.framework */,
				D5D6498218D47A2C00854518 /* SpriteKit.framework */,
				D5D6494118D46B5100854518 /* Foundation.framework */,
				D5D6494318D46B5100854518 /* CoreGraphics.framework */,
				D5D6494518D46B5100854518 /* UIKit.framework */,
				D5D6496018D46B5100854518 /* XCTest.framework */,
			);
			name = Frameworks;
			sourceTree = "<group>";
		};
		D5D6494718D46B5100854518 /* Miner */ = {
			isa = PBXGroup;
			children = (
				D5D6495018D46B5100854518 /* BGAppDelegate.h */,
				D5D6495118D46B5100854518 /* BGAppDelegate.m */,
				D5D6495918D46B5100854518 /* Images.xcassets */,
				D5D6494818D46B5100854518 /* Supporting Files */,
				1A9A0AD344ED19A600B38EED /* Controllers */,
				1A9A05061C9490E879BF5574 /* Classes */,
				1A9A05927CCE9B4DF9AF9CFF /* Views */,
				1A9A0107D436124DA0693232 /* Models */,
				1A9A0464FCE9216D1855DD76 /* Resources */,
				1A9A031E6049097722C06EE6 /* BGUILibrary */,
			);
			path = Miner;
			sourceTree = "<group>";
		};
		D5D6494818D46B5100854518 /* Supporting Files */ = {
			isa = PBXGroup;
			children = (
				D5D6494918D46B5100854518 /* Miner-Info.plist */,
				D5D6494A18D46B5100854518 /* InfoPlist.strings */,
				D5D6494D18D46B5100854518 /* main.m */,
				D5D6494F18D46B5100854518 /* Miner-Prefix.pch */,
				D5E39CE118E7F87A00F25012 /* Localizable.strings */,
			);
			name = "Supporting Files";
			sourceTree = "<group>";
		};
/* End PBXGroup section */

/* Begin PBXNativeTarget section */
		D5D6493D18D46B5100854518 /* Miner */ = {
			isa = PBXNativeTarget;
			buildConfigurationList = D5D6497018D46B5100854518 /* Build configuration list for PBXNativeTarget "Miner" */;
			buildPhases = (
				D5D6493A18D46B5100854518 /* Sources */,
				D5D6493B18D46B5100854518 /* Frameworks */,
				D5D6493C18D46B5100854518 /* Resources */,
			);
			buildRules = (
			);
			dependencies = (
			);
			name = Miner;
			productName = Miner;
			productReference = D5D6493E18D46B5100854518 /* Miner.app */;
			productType = "com.apple.product-type.application";
		};
		D5D6495E18D46B5100854518 /* MinerTests */ = {
			isa = PBXNativeTarget;
			buildConfigurationList = D5D6497318D46B5100854518 /* Build configuration list for PBXNativeTarget "MinerTests" */;
			buildPhases = (
				D5D6495B18D46B5100854518 /* Sources */,
				D5D6495C18D46B5100854518 /* Frameworks */,
				D5D6495D18D46B5100854518 /* Resources */,
			);
			buildRules = (
			);
			dependencies = (
				D5D6496518D46B5100854518 /* PBXTargetDependency */,
			);
			name = MinerTests;
			productName = MinerTests;
			productReference = D5D6495F18D46B5100854518 /* MinerTests.xctest */;
			productType = "com.apple.product-type.bundle.unit-test";
		};
/* End PBXNativeTarget section */

/* Begin PBXProject section */
		D5D6493618D46B5100854518 /* Project object */ = {
			isa = PBXProject;
			attributes = {
				CLASSPREFIX = BG;
				LastUpgradeCheck = 0510;
				ORGANIZATIONNAME = "Bleeding Games";
				TargetAttributes = {
					D5D6495E18D46B5100854518 = {
						TestTargetID = D5D6493D18D46B5100854518;
					};
				};
			};
			buildConfigurationList = D5D6493918D46B5100854518 /* Build configuration list for PBXProject "Miner" */;
			compatibilityVersion = "Xcode 3.2";
			developmentRegion = English;
			hasScannedForEncodings = 0;
			knownRegions = (
				en,
				Base,
				ru,
				de,
				fr,
				es,
			);
			mainGroup = D5D6493518D46B5100854518;
			productRefGroup = D5D6493F18D46B5100854518 /* Products */;
			projectDirPath = "";
			projectRoot = "";
			targets = (
				D5D6493D18D46B5100854518 /* Miner */,
				D5D6495E18D46B5100854518 /* MinerTests */,
			);
		};
/* End PBXProject section */

/* Begin PBXResourcesBuildPhase section */
		D5D6493C18D46B5100854518 /* Resources */ = {
			isa = PBXResourcesBuildPhase;
			buildActionMask = 2147483647;
			files = (
				D521FED118E8B4BC000D52C8 /* button_play.png in Resources */,
				D5D6495A18D46B5100854518 /* Images.xcassets in Resources */,
				D5E39CDF18E7F87A00F25012 /* Localizable.strings in Resources */,
				D521FED418E8B4D1000D52C8 /* button_play_down.png in Resources */,
				D5D6494C18D46B5100854518 /* InfoPlist.strings in Resources */,
				D521FEE318E8B4FD000D52C8 /* button_scores_down.png in Resources */,
				D5433BE518EDC2EC0043C4AC /* switch_1.png in Resources */,
				D5E39CBB18E7EDB300F25012 /* Main.storyboard in Resources */,
				D5433BE418EDC2EC0043C4AC /* switch_0.png in Resources */,
				D521FEE018E8B4F4000D52C8 /* button_options.png in Resources */,
				D521FEDD18E8B4EE000D52C8 /* button_options_down.png in Resources */,
				D521FEE618E8B506000D52C8 /* button_scores.png in Resources */,
				1A9A0C9647A8BFF5A003F7E7 /* miner_main.jpg in Resources */,
				1A9A0E7C43B93A2B9E93AFD6 /* miner_config.jpg in Resources */,
				1A9A0AD41CA2FC52A5F76BDA /* switchOFF.mp3 in Resources */,
				1A9A04436954BBD988CC47E5 /* switchON.mp3 in Resources */,
			);
			runOnlyForDeploymentPostprocessing = 0;
		};
		D5D6495D18D46B5100854518 /* Resources */ = {
			isa = PBXResourcesBuildPhase;
			buildActionMask = 2147483647;
			files = (
			);
			runOnlyForDeploymentPostprocessing = 0;
		};
/* End PBXResourcesBuildPhase section */

/* Begin PBXSourcesBuildPhase section */
		D5D6493A18D46B5100854518 /* Sources */ = {
			isa = PBXSourcesBuildPhase;
			buildActionMask = 2147483647;
			files = (
				D5D6494E18D46B5100854518 /* main.m in Sources */,
				D5D6495218D46B5100854518 /* BGAppDelegate.m in Sources */,
				1A9A079893D5A5C357AFB970 /* BGViewController.m in Sources */,
				1A9A061E20E08D5D162A863F /* BGOptionsViewController.m in Sources */,
				1A9A031D3D0EFEBC84A17D6C /* BGNavigationViewController.m in Sources */,
				1A9A0580D42674BC5E726470 /* BGLeaderboardViewController.m in Sources */,
				1A9A02DCC2837700B6A191CF /* BGGameViewController.m in Sources */,
				1A9A0E83283237D53CB75F15 /* BGMinerField.m in Sources */,
				1A9A0CDBEDC1622A826D9534 /* BGLeaderboardManager.m in Sources */,
				1A9A0DEEE879D61BB8D19973 /* BGSettingsManager.m in Sources */,
				1A9A0128DC7A49DE5B283C8D /* BGUISwitch.m in Sources */,
			);
			runOnlyForDeploymentPostprocessing = 0;
		};
		D5D6495B18D46B5100854518 /* Sources */ = {
			isa = PBXSourcesBuildPhase;
			buildActionMask = 2147483647;
			files = (
			);
			runOnlyForDeploymentPostprocessing = 0;
		};
/* End PBXSourcesBuildPhase section */

/* Begin PBXTargetDependency section */
		D5D6496518D46B5100854518 /* PBXTargetDependency */ = {
			isa = PBXTargetDependency;
			target = D5D6493D18D46B5100854518 /* Miner */;
			targetProxy = D5D6496418D46B5100854518 /* PBXContainerItemProxy */;
		};
/* End PBXTargetDependency section */

/* Begin PBXVariantGroup section */
		D521FED318E8B4BC000D52C8 /* button_play.png */ = {
			isa = PBXVariantGroup;
			children = (
				D521FED218E8B4BC000D52C8 /* ru */,
			);
			name = button_play.png;
			sourceTree = "<group>";
		};
		D521FED618E8B4D1000D52C8 /* button_play_down.png */ = {
			isa = PBXVariantGroup;
			children = (
				D521FED518E8B4D1000D52C8 /* ru */,
			);
			name = button_play_down.png;
			sourceTree = "<group>";
		};
		D521FEDF18E8B4EE000D52C8 /* button_options_down.png */ = {
			isa = PBXVariantGroup;
			children = (
				D521FEDE18E8B4EE000D52C8 /* ru */,
			);
			name = button_options_down.png;
			sourceTree = "<group>";
		};
		D521FEE218E8B4F4000D52C8 /* button_options.png */ = {
			isa = PBXVariantGroup;
			children = (
				D521FEE118E8B4F4000D52C8 /* ru */,
			);
			name = button_options.png;
			sourceTree = "<group>";
		};
		D521FEE518E8B4FD000D52C8 /* button_scores_down.png */ = {
			isa = PBXVariantGroup;
			children = (
				D521FEE418E8B4FD000D52C8 /* ru */,
			);
			name = button_scores_down.png;
			sourceTree = "<group>";
		};
		D521FEE818E8B506000D52C8 /* button_scores.png */ = {
			isa = PBXVariantGroup;
			children = (
				D521FEE718E8B506000D52C8 /* ru */,
			);
			name = button_scores.png;
			sourceTree = "<group>";
		};
		D5D6494A18D46B5100854518 /* InfoPlist.strings */ = {
			isa = PBXVariantGroup;
			children = (
				D5D6494B18D46B5100854518 /* en */,
				D5E39CD318E7F4F100F25012 /* ru */,
				D5E39CDC18E7F62C00F25012 /* Base */,
			);
			name = InfoPlist.strings;
			sourceTree = "<group>";
		};
		D5E39CBD18E7EDB300F25012 /* Main.storyboard */ = {
			isa = PBXVariantGroup;
			children = (
				D521FEF318E8B5AA000D52C8 /* Base */,
			);
			name = Main.storyboard;
			sourceTree = "<group>";
		};
		D5E39CE118E7F87A00F25012 /* Localizable.strings */ = {
			isa = PBXVariantGroup;
			children = (
				D5E39CE018E7F87A00F25012 /* Base */,
				D5E39CE218E7F88200F25012 /* en */,
				D5E39CE318E7F88400F25012 /* ru */,
			);
			name = Localizable.strings;
			sourceTree = "<group>";
		};
/* End PBXVariantGroup section */

/* Begin XCBuildConfiguration section */
		D5D6496E18D46B5100854518 /* Debug */ = {
			isa = XCBuildConfiguration;
			buildSettings = {
				ALWAYS_SEARCH_USER_PATHS = NO;
				CLANG_CXX_LANGUAGE_STANDARD = "gnu++0x";
				CLANG_CXX_LIBRARY = "libc++";
				CLANG_ENABLE_MODULES = YES;
				CLANG_ENABLE_OBJC_ARC = YES;
				CLANG_WARN_BOOL_CONVERSION = YES;
				CLANG_WARN_CONSTANT_CONVERSION = YES;
				CLANG_WARN_DIRECT_OBJC_ISA_USAGE = YES_ERROR;
				CLANG_WARN_EMPTY_BODY = YES;
				CLANG_WARN_ENUM_CONVERSION = YES;
				CLANG_WARN_INT_CONVERSION = YES;
				CLANG_WARN_OBJC_ROOT_CLASS = YES_ERROR;
				CLANG_WARN__DUPLICATE_METHOD_MATCH = YES;
				"CODE_SIGN_IDENTITY[sdk=iphoneos*]" = "iPhone Developer";
				COPY_PHASE_STRIP = NO;
				GCC_C_LANGUAGE_STANDARD = gnu99;
				GCC_DYNAMIC_NO_PIC = NO;
				GCC_OPTIMIZATION_LEVEL = 0;
				GCC_PREPROCESSOR_DEFINITIONS = (
					"DEBUG=1",
					"$(inherited)",
				);
				GCC_SYMBOLS_PRIVATE_EXTERN = NO;
				GCC_WARN_64_TO_32_BIT_CONVERSION = YES;
				GCC_WARN_ABOUT_RETURN_TYPE = YES_ERROR;
				GCC_WARN_UNDECLARED_SELECTOR = YES;
				GCC_WARN_UNINITIALIZED_AUTOS = YES_AGGRESSIVE;
				GCC_WARN_UNUSED_FUNCTION = YES;
				GCC_WARN_UNUSED_VARIABLE = YES;
				IPHONEOS_DEPLOYMENT_TARGET = 7.1;
				ONLY_ACTIVE_ARCH = YES;
				SDKROOT = iphoneos;
				VALID_ARCHS = "armv7s armv8";
			};
			name = Debug;
		};
		D5D6496F18D46B5100854518 /* Release */ = {
			isa = XCBuildConfiguration;
			buildSettings = {
				ALWAYS_SEARCH_USER_PATHS = NO;
				CLANG_CXX_LANGUAGE_STANDARD = "gnu++0x";
				CLANG_CXX_LIBRARY = "libc++";
				CLANG_ENABLE_MODULES = YES;
				CLANG_ENABLE_OBJC_ARC = YES;
				CLANG_WARN_BOOL_CONVERSION = YES;
				CLANG_WARN_CONSTANT_CONVERSION = YES;
				CLANG_WARN_DIRECT_OBJC_ISA_USAGE = YES_ERROR;
				CLANG_WARN_EMPTY_BODY = YES;
				CLANG_WARN_ENUM_CONVERSION = YES;
				CLANG_WARN_INT_CONVERSION = YES;
				CLANG_WARN_OBJC_ROOT_CLASS = YES_ERROR;
				CLANG_WARN__DUPLICATE_METHOD_MATCH = YES;
				"CODE_SIGN_IDENTITY[sdk=iphoneos*]" = "iPhone Developer";
				COPY_PHASE_STRIP = YES;
				ENABLE_NS_ASSERTIONS = NO;
				GCC_C_LANGUAGE_STANDARD = gnu99;
				GCC_WARN_64_TO_32_BIT_CONVERSION = YES;
				GCC_WARN_ABOUT_RETURN_TYPE = YES_ERROR;
				GCC_WARN_UNDECLARED_SELECTOR = YES;
				GCC_WARN_UNINITIALIZED_AUTOS = YES_AGGRESSIVE;
				GCC_WARN_UNUSED_FUNCTION = YES;
				GCC_WARN_UNUSED_VARIABLE = YES;
				IPHONEOS_DEPLOYMENT_TARGET = 7.1;
				SDKROOT = iphoneos;
				VALIDATE_PRODUCT = YES;
				VALID_ARCHS = "armv7s armv8";
			};
			name = Release;
		};
		D5D6497118D46B5100854518 /* Debug */ = {
			isa = XCBuildConfiguration;
			buildSettings = {
				ASSETCATALOG_COMPILER_APPICON_NAME = AppIcon;
				ASSETCATALOG_COMPILER_LAUNCHIMAGE_NAME = LaunchImage;
				CODE_SIGN_IDENTITY = "";
				"CODE_SIGN_IDENTITY[sdk=iphoneos*]" = "iPhone Developer";
				GCC_PRECOMPILE_PREFIX_HEADER = YES;
				GCC_PREFIX_HEADER = "Miner/Miner-Prefix.pch";
				INFOPLIST_FILE = "Miner/Miner-Info.plist";
				PRODUCT_NAME = "$(TARGET_NAME)";
				PROVISIONING_PROFILE = "";
				TARGETED_DEVICE_FAMILY = 1;
				WRAPPER_EXTENSION = app;
			};
			name = Debug;
		};
		D5D6497218D46B5100854518 /* Release */ = {
			isa = XCBuildConfiguration;
			buildSettings = {
				ASSETCATALOG_COMPILER_APPICON_NAME = AppIcon;
				ASSETCATALOG_COMPILER_LAUNCHIMAGE_NAME = LaunchImage;
				CODE_SIGN_IDENTITY = "";
				"CODE_SIGN_IDENTITY[sdk=iphoneos*]" = "iPhone Developer";
				GCC_PRECOMPILE_PREFIX_HEADER = YES;
				GCC_PREFIX_HEADER = "Miner/Miner-Prefix.pch";
				INFOPLIST_FILE = "Miner/Miner-Info.plist";
				PRODUCT_NAME = "$(TARGET_NAME)";
				PROVISIONING_PROFILE = "";
				TARGETED_DEVICE_FAMILY = 1;
				WRAPPER_EXTENSION = app;
			};
			name = Release;
		};
		D5D6497418D46B5100854518 /* Debug */ = {
			isa = XCBuildConfiguration;
			buildSettings = {
				BUNDLE_LOADER = "$(BUILT_PRODUCTS_DIR)/Miner.app/Miner";
				FRAMEWORK_SEARCH_PATHS = (
					"$(SDKROOT)/Developer/Library/Frameworks",
					"$(inherited)",
					"$(DEVELOPER_FRAMEWORKS_DIR)",
				);
				GCC_PRECOMPILE_PREFIX_HEADER = YES;
				GCC_PREFIX_HEADER = "Miner/Miner-Prefix.pch";
				GCC_PREPROCESSOR_DEFINITIONS = (
					"DEBUG=1",
					"$(inherited)",
				);
				INFOPLIST_FILE = "MinerTests/MinerTests-Info.plist";
				PRODUCT_NAME = "$(TARGET_NAME)";
				TEST_HOST = "$(BUNDLE_LOADER)";
				WRAPPER_EXTENSION = xctest;
			};
			name = Debug;
		};
		D5D6497518D46B5100854518 /* Release */ = {
			isa = XCBuildConfiguration;
			buildSettings = {
				BUNDLE_LOADER = "$(BUILT_PRODUCTS_DIR)/Miner.app/Miner";
				FRAMEWORK_SEARCH_PATHS = (
					"$(SDKROOT)/Developer/Library/Frameworks",
					"$(inherited)",
					"$(DEVELOPER_FRAMEWORKS_DIR)",
				);
				GCC_PRECOMPILE_PREFIX_HEADER = YES;
				GCC_PREFIX_HEADER = "Miner/Miner-Prefix.pch";
				INFOPLIST_FILE = "MinerTests/MinerTests-Info.plist";
				PRODUCT_NAME = "$(TARGET_NAME)";
				TEST_HOST = "$(BUNDLE_LOADER)";
				WRAPPER_EXTENSION = xctest;
			};
			name = Release;
		};
/* End XCBuildConfiguration section */

/* Begin XCConfigurationList section */
		D5D6493918D46B5100854518 /* Build configuration list for PBXProject "Miner" */ = {
			isa = XCConfigurationList;
			buildConfigurations = (
				D5D6496E18D46B5100854518 /* Debug */,
				D5D6496F18D46B5100854518 /* Release */,
			);
			defaultConfigurationIsVisible = 0;
			defaultConfigurationName = Release;
		};
		D5D6497018D46B5100854518 /* Build configuration list for PBXNativeTarget "Miner" */ = {
			isa = XCConfigurationList;
			buildConfigurations = (
				D5D6497118D46B5100854518 /* Debug */,
				D5D6497218D46B5100854518 /* Release */,
			);
			defaultConfigurationIsVisible = 0;
			defaultConfigurationName = Release;
		};
		D5D6497318D46B5100854518 /* Build configuration list for PBXNativeTarget "MinerTests" */ = {
			isa = XCConfigurationList;
			buildConfigurations = (
				D5D6497418D46B5100854518 /* Debug */,
				D5D6497518D46B5100854518 /* Release */,
			);
			defaultConfigurationIsVisible = 0;
			defaultConfigurationName = Release;
		};
/* End XCConfigurationList section */
	};
	rootObject = D5D6493618D46B5100854518 /* Project object */;
}
